{
  "version": 4,
  "terraform_version": "1.12.1",
  "serial": 5,
  "lineage": "32ba8814-31cc-324f-f957-f1ccf7e8d527",
  "outputs": {},
  "resources": [
    {
      "module": "module.dev.module.ec2",
      "mode": "managed",
      "type": "aws_iam_role",
      "name": "ec2_instance_role",
      "provider": "provider[\"registry.terraform.io/hashicorp/aws\"]",
      "instances": [
        {
          "schema_version": 0,
          "attributes": {
            "arn": "arn:aws:iam::346011888304:role/tamnara-eks-prod-ec2-instance-role",
            "assume_role_policy": "{\"Statement\":[{\"Action\":\"sts:AssumeRole\",\"Effect\":\"Allow\",\"Principal\":{\"Service\":\"ec2.amazonaws.com\"}}],\"Version\":\"2012-10-17\"}",
            "create_date": "2025-07-02T01:42:43Z",
            "description": "",
            "force_detach_policies": false,
            "id": "tamnara-eks-prod-ec2-instance-role",
            "inline_policy": [],
            "managed_policy_arns": [],
            "max_session_duration": 3600,
            "name": "tamnara-eks-prod-ec2-instance-role",
            "name_prefix": "",
            "path": "/",
            "permissions_boundary": "",
            "tags": null,
            "tags_all": {},
            "unique_id": "AROAVBD7KNKYDFXL6PPQ4"
          },
          "sensitive_attributes": [],
          "identity_schema_version": 0,
          "identity": {
            "account_id": "346011888304",
            "name": "tamnara-eks-prod-ec2-instance-role"
          },
          "private": "bnVsbA=="
        }
      ]
    },
    {
      "module": "module.dev.module.ec2",
      "mode": "managed",
      "type": "aws_iam_role_policy_attachment",
      "name": "ecr_readonly",
      "provider": "provider[\"registry.terraform.io/hashicorp/aws\"]",
      "instances": [
        {
          "schema_version": 0,
          "attributes": {
            "id": "tamnara-eks-prod-ec2-instance-role-20250702014245511600000001",
            "policy_arn": "arn:aws:iam::aws:policy/AmazonEC2ContainerRegistryReadOnly",
            "role": "tamnara-eks-prod-ec2-instance-role"
          },
          "sensitive_attributes": [],
          "identity_schema_version": 0,
          "private": "bnVsbA==",
          "dependencies": [
            "module.dev.module.ec2.aws_iam_role.ec2_instance_role"
          ]
        }
      ]
    },
    {
      "module": "module.dev.module.ec2",
      "mode": "managed",
      "type": "aws_iam_role_policy_attachment",
      "name": "ecs_instance_policy",
      "provider": "provider[\"registry.terraform.io/hashicorp/aws\"]",
      "instances": [
        {
          "schema_version": 0,
          "attributes": {
            "id": "tamnara-eks-prod-ec2-instance-role-20250702014245545800000002",
            "policy_arn": "arn:aws:iam::aws:policy/service-role/AmazonEC2ContainerServiceforEC2Role",
            "role": "tamnara-eks-prod-ec2-instance-role"
          },
          "sensitive_attributes": [],
          "identity_schema_version": 0,
          "private": "bnVsbA==",
          "dependencies": [
            "module.dev.module.ec2.aws_iam_role.ec2_instance_role"
          ]
        }
      ]
    },
    {
      "module": "module.dev.module.ec2",
      "mode": "managed",
      "type": "aws_instance",
      "name": "db",
      "provider": "provider[\"registry.terraform.io/hashicorp/aws\"]",
      "instances": [
        {
          "schema_version": 2,
          "attributes": {
            "ami": "ami-08943a151bd468f4e",
            "arn": "arn:aws:ec2:ap-northeast-2:346011888304:instance/i-073fac4efd9e95418",
            "associate_public_ip_address": false,
            "availability_zone": "ap-northeast-2a",
            "capacity_reservation_specification": [
              {
                "capacity_reservation_preference": "open",
                "capacity_reservation_target": []
              }
            ],
            "cpu_options": [
              {
                "amd_sev_snp": "",
                "core_count": 1,
                "threads_per_core": 2
              }
            ],
            "credit_specification": [
              {
                "cpu_credits": "unlimited"
              }
            ],
            "disable_api_stop": false,
            "disable_api_termination": false,
            "ebs_block_device": [],
            "ebs_optimized": false,
            "enable_primary_ipv6": null,
            "enclave_options": [
              {
                "enabled": false
              }
            ],
            "ephemeral_block_device": [],
            "get_password_data": false,
            "hibernation": false,
            "host_id": "",
            "host_resource_group_arn": null,
            "iam_instance_profile": "",
            "id": "i-073fac4efd9e95418",
            "instance_initiated_shutdown_behavior": "stop",
            "instance_lifecycle": "",
            "instance_market_options": [],
            "instance_state": "running",
            "instance_type": "t3.micro",
            "ipv6_address_count": 0,
            "ipv6_addresses": [],
            "key_name": "mvp-key-v1",
            "launch_template": [],
            "maintenance_options": [
              {
                "auto_recovery": "default"
              }
            ],
            "metadata_options": [
              {
                "http_endpoint": "enabled",
                "http_protocol_ipv6": "disabled",
                "http_put_response_hop_limit": 1,
                "http_tokens": "optional",
                "instance_metadata_tags": "disabled"
              }
            ],
            "monitoring": false,
            "network_interface": [],
            "outpost_arn": "",
            "password_data": "",
            "placement_group": "",
            "placement_partition_number": 0,
            "primary_network_interface_id": "eni-051cd9125c3e877a9",
            "private_dns": "ip-172-16-30-5.ap-northeast-2.compute.internal",
            "private_dns_name_options": [
              {
                "enable_resource_name_dns_a_record": false,
                "enable_resource_name_dns_aaaa_record": false,
                "hostname_type": "ip-name"
              }
            ],
            "private_ip": "172.16.30.5",
            "public_dns": "",
            "public_ip": "",
            "region": "ap-northeast-2",
            "root_block_device": [
              {
                "delete_on_termination": true,
                "device_name": "/dev/sda1",
                "encrypted": false,
                "iops": 100,
                "kms_key_id": "",
                "tags": {},
                "tags_all": {},
                "throughput": 0,
                "volume_id": "vol-0f3a9e6c69e8c5c77",
                "volume_size": 8,
                "volume_type": "gp2"
              }
            ],
            "secondary_private_ips": [],
            "security_groups": [],
            "source_dest_check": true,
            "spot_instance_request_id": "",
            "subnet_id": "subnet-0e771a9ef7cdd9df8",
            "tags": {
              "Environment": "prod",
              "Name": "dev-mysql",
              "Project": "tamnara-eks"
            },
            "tags_all": {
              "Environment": "prod",
              "Name": "dev-mysql",
              "Project": "tamnara-eks"
            },
            "tenancy": "default",
            "timeouts": null,
            "user_data": "#!/bin/bash\r\necho \"🚀 EC2 부팅 후 docker restart 시작: $(date)\" \u003e\u003e /home/ubuntu/userdata.log\r\n\r\n# Docker 데몬이 확실히 올라오길 기다림 (안정성 보장용)\r\nsleep 5\r\n\r\n# MySQL Docker 컨테이너 재시작\r\nsudo docker restart mysql-tamnara \u003e\u003e /home/ubuntu/userdata.log 2\u003e\u00261\r\n\r\necho \"✅ docker restart 완료: $(date)\" \u003e\u003e /home/ubuntu/userdata.log\r\n",
            "user_data_base64": null,
            "user_data_replace_on_change": false,
            "volume_tags": null,
            "vpc_security_group_ids": [
              "sg-00b5b5614e8c945fe"
            ]
          },
          "sensitive_attributes": [],
          "identity_schema_version": 0,
          "private": "eyJlMmJmYjczMC1lY2FhLTExZTYtOGY4OC0zNDM2M2JjN2M0YzAiOnsiY3JlYXRlIjo2MDAwMDAwMDAwMDAsImRlbGV0ZSI6MTIwMDAwMDAwMDAwMCwicmVhZCI6OTAwMDAwMDAwMDAwLCJ1cGRhdGUiOjYwMDAwMDAwMDAwMH0sInNjaGVtYV92ZXJzaW9uIjoiMiJ9",
          "dependencies": [
            "module.dev.module.sg.aws_security_group.backend",
            "module.dev.module.sg.aws_security_group.db",
            "module.dev.module.sg.aws_security_group.frontend",
            "module.dev.module.sg.aws_security_group.reverse_proxy",
            "module.shared.module.subnet.aws_subnet.private_a_db",
            "module.shared.module.vpc.aws_vpc.main"
          ]
        }
      ]
    },
    {
      "module": "module.dev.module.route53",
      "mode": "managed",
      "type": "aws_route53_record",
      "name": "backend_alb_record",
      "provider": "provider[\"registry.terraform.io/hashicorp/aws\"]",
      "instances": []
    },
    {
      "module": "module.dev.module.route53",
      "mode": "managed",
      "type": "aws_route53_record",
      "name": "frontend_alb_record",
      "provider": "provider[\"registry.terraform.io/hashicorp/aws\"]",
      "instances": []
    },
    {
      "module": "module.dev.module.sg",
      "mode": "managed",
      "type": "aws_security_group",
      "name": "backend",
      "provider": "provider[\"registry.terraform.io/hashicorp/aws\"]",
      "instances": [
        {
          "schema_version": 1,
          "attributes": {
            "arn": "arn:aws:ec2:ap-northeast-2:346011888304:security-group/sg-03b38bb3f9402955a",
            "description": "Allow from Reverse Proxy",
            "egress": [
              {
                "cidr_blocks": [
                  "0.0.0.0/0"
                ],
                "description": "",
                "from_port": 0,
                "ipv6_cidr_blocks": [],
                "prefix_list_ids": [],
                "protocol": "-1",
                "security_groups": [],
                "self": false,
                "to_port": 0
              }
            ],
            "id": "sg-03b38bb3f9402955a",
            "ingress": [
              {
                "cidr_blocks": [
                  "10.255.0.0/16"
                ],
                "description": "",
                "from_port": 22,
                "ipv6_cidr_blocks": [],
                "prefix_list_ids": [],
                "protocol": "tcp",
                "security_groups": [],
                "self": false,
                "to_port": 22
              },
              {
                "cidr_blocks": [],
                "description": "",
                "from_port": 8080,
                "ipv6_cidr_blocks": [],
                "prefix_list_ids": [],
                "protocol": "tcp",
                "security_groups": [
                  "sg-0fc40722bd8c41f53"
                ],
                "self": false,
                "to_port": 8080
              }
            ],
            "name": "docker-v1-sg-backend-dev",
            "name_prefix": "",
            "owner_id": "346011888304",
            "region": "ap-northeast-2",
            "revoke_rules_on_delete": false,
            "tags": {
              "Name": "dev-backend-sg"
            },
            "tags_all": {
              "Name": "dev-backend-sg"
            },
            "timeouts": null,
            "vpc_id": "vpc-0fb47682a4ba774bc"
          },
          "sensitive_attributes": [],
          "identity_schema_version": 0,
          "private": "eyJlMmJmYjczMC1lY2FhLTExZTYtOGY4OC0zNDM2M2JjN2M0YzAiOnsiY3JlYXRlIjo2MDAwMDAwMDAwMDAsImRlbGV0ZSI6OTAwMDAwMDAwMDAwfSwic2NoZW1hX3ZlcnNpb24iOiIxIn0=",
          "dependencies": [
            "module.dev.module.sg.aws_security_group.frontend",
            "module.dev.module.sg.aws_security_group.reverse_proxy",
            "module.shared.module.vpc.aws_vpc.main"
          ]
        }
      ]
    },
    {
      "module": "module.dev.module.sg",
      "mode": "managed",
      "type": "aws_security_group",
      "name": "db",
      "provider": "provider[\"registry.terraform.io/hashicorp/aws\"]",
      "instances": [
        {
          "schema_version": 1,
          "attributes": {
            "arn": "arn:aws:ec2:ap-northeast-2:346011888304:security-group/sg-00b5b5614e8c945fe",
            "description": "Allow MySQL access from internal network",
            "egress": [
              {
                "cidr_blocks": [
                  "0.0.0.0/0"
                ],
                "description": "",
                "from_port": 0,
                "ipv6_cidr_blocks": [],
                "prefix_list_ids": [],
                "protocol": "-1",
                "security_groups": [],
                "self": false,
                "to_port": 0
              }
            ],
            "id": "sg-00b5b5614e8c945fe",
            "ingress": [
              {
                "cidr_blocks": [
                  "172.16.0.0/16"
                ],
                "description": "Allow internal SSH",
                "from_port": 22,
                "ipv6_cidr_blocks": [],
                "prefix_list_ids": [],
                "protocol": "tcp",
                "security_groups": [],
                "self": false,
                "to_port": 22
              },
              {
                "cidr_blocks": [],
                "description": "",
                "from_port": 3306,
                "ipv6_cidr_blocks": [],
                "prefix_list_ids": [],
                "protocol": "tcp",
                "security_groups": [
                  "sg-03b38bb3f9402955a"
                ],
                "self": false,
                "to_port": 3306
              }
            ],
            "name": "docker-v1-sg-db-dev",
            "name_prefix": "",
            "owner_id": "346011888304",
            "region": "ap-northeast-2",
            "revoke_rules_on_delete": false,
            "tags": {
              "Name": "dev-mysql-sg"
            },
            "tags_all": {
              "Name": "dev-mysql-sg"
            },
            "timeouts": null,
            "vpc_id": "vpc-0fb47682a4ba774bc"
          },
          "sensitive_attributes": [],
          "identity_schema_version": 0,
          "private": "eyJlMmJmYjczMC1lY2FhLTExZTYtOGY4OC0zNDM2M2JjN2M0YzAiOnsiY3JlYXRlIjo2MDAwMDAwMDAwMDAsImRlbGV0ZSI6OTAwMDAwMDAwMDAwfSwic2NoZW1hX3ZlcnNpb24iOiIxIn0=",
          "dependencies": [
            "module.dev.module.sg.aws_security_group.backend",
            "module.dev.module.sg.aws_security_group.frontend",
            "module.dev.module.sg.aws_security_group.reverse_proxy",
            "module.shared.module.vpc.aws_vpc.main"
          ]
        }
      ]
    },
    {
      "module": "module.dev.module.sg",
      "mode": "managed",
      "type": "aws_security_group",
      "name": "frontend",
      "provider": "provider[\"registry.terraform.io/hashicorp/aws\"]",
      "instances": [
        {
          "schema_version": 1,
          "attributes": {
            "arn": "arn:aws:ec2:ap-northeast-2:346011888304:security-group/sg-0fc40722bd8c41f53",
            "description": "Allow from Reverse Proxy",
            "egress": [
              {
                "cidr_blocks": [
                  "0.0.0.0/0"
                ],
                "description": "",
                "from_port": 0,
                "ipv6_cidr_blocks": [],
                "prefix_list_ids": [],
                "protocol": "-1",
                "security_groups": [],
                "self": false,
                "to_port": 0
              }
            ],
            "id": "sg-0fc40722bd8c41f53",
            "ingress": [
              {
                "cidr_blocks": [
                  "10.255.0.0/16"
                ],
                "description": "",
                "from_port": 22,
                "ipv6_cidr_blocks": [],
                "prefix_list_ids": [],
                "protocol": "tcp",
                "security_groups": [],
                "self": false,
                "to_port": 22
              },
              {
                "cidr_blocks": [],
                "description": "",
                "from_port": 3000,
                "ipv6_cidr_blocks": [],
                "prefix_list_ids": [],
                "protocol": "tcp",
                "security_groups": [
                  "sg-0b89e9d9fe0e04692"
                ],
                "self": false,
                "to_port": 3000
              }
            ],
            "name": "docker-v1-sg-frontend-dev",
            "name_prefix": "",
            "owner_id": "346011888304",
            "region": "ap-northeast-2",
            "revoke_rules_on_delete": false,
            "tags": {
              "Name": "dev-frontend-sg"
            },
            "tags_all": {
              "Name": "dev-frontend-sg"
            },
            "timeouts": null,
            "vpc_id": "vpc-0fb47682a4ba774bc"
          },
          "sensitive_attributes": [],
          "identity_schema_version": 0,
          "private": "eyJlMmJmYjczMC1lY2FhLTExZTYtOGY4OC0zNDM2M2JjN2M0YzAiOnsiY3JlYXRlIjo2MDAwMDAwMDAwMDAsImRlbGV0ZSI6OTAwMDAwMDAwMDAwfSwic2NoZW1hX3ZlcnNpb24iOiIxIn0=",
          "dependencies": [
            "module.dev.module.sg.aws_security_group.reverse_proxy",
            "module.shared.module.vpc.aws_vpc.main"
          ]
        }
      ]
    },
    {
      "module": "module.dev.module.sg",
      "mode": "managed",
      "type": "aws_security_group",
      "name": "reverse_proxy",
      "provider": "provider[\"registry.terraform.io/hashicorp/aws\"]",
      "instances": [
        {
          "schema_version": 1,
          "attributes": {
            "arn": "arn:aws:ec2:ap-northeast-2:346011888304:security-group/sg-0b89e9d9fe0e04692",
            "description": "Allow HTTP/SSH from Internet",
            "egress": [
              {
                "cidr_blocks": [
                  "0.0.0.0/0"
                ],
                "description": "",
                "from_port": 0,
                "ipv6_cidr_blocks": [],
                "prefix_list_ids": [],
                "protocol": "-1",
                "security_groups": [],
                "self": false,
                "to_port": 0
              }
            ],
            "id": "sg-0b89e9d9fe0e04692",
            "ingress": [
              {
                "cidr_blocks": [
                  "0.0.0.0/0"
                ],
                "description": "Allow HTTP from anywhere",
                "from_port": 443,
                "ipv6_cidr_blocks": [],
                "prefix_list_ids": [],
                "protocol": "tcp",
                "security_groups": [],
                "self": false,
                "to_port": 443
              },
              {
                "cidr_blocks": [
                  "0.0.0.0/0"
                ],
                "description": "Allow HTTP from anywhere",
                "from_port": 80,
                "ipv6_cidr_blocks": [],
                "prefix_list_ids": [],
                "protocol": "tcp",
                "security_groups": [],
                "self": false,
                "to_port": 80
              },
              {
                "cidr_blocks": [
                  "0.0.0.0/0"
                ],
                "description": "Allow SSH from YOUR IP",
                "from_port": 22,
                "ipv6_cidr_blocks": [],
                "prefix_list_ids": [],
                "protocol": "tcp",
                "security_groups": [],
                "self": false,
                "to_port": 22
              }
            ],
            "name": "docker-v1-sg-reverse-proxy-dev",
            "name_prefix": "",
            "owner_id": "346011888304",
            "region": "ap-northeast-2",
            "revoke_rules_on_delete": false,
            "tags": {
              "Name": "reverse-proxy-sg"
            },
            "tags_all": {
              "Name": "reverse-proxy-sg"
            },
            "timeouts": null,
            "vpc_id": "vpc-0fb47682a4ba774bc"
          },
          "sensitive_attributes": [],
          "identity_schema_version": 0,
          "private": "eyJlMmJmYjczMC1lY2FhLTExZTYtOGY4OC0zNDM2M2JjN2M0YzAiOnsiY3JlYXRlIjo2MDAwMDAwMDAwMDAsImRlbGV0ZSI6OTAwMDAwMDAwMDAwfSwic2NoZW1hX3ZlcnNpb24iOiIxIn0=",
          "dependencies": [
            "module.shared.module.vpc.aws_vpc.main"
          ]
        }
      ]
    },
    {
      "module": "module.prod",
      "mode": "data",
      "type": "aws_eks_cluster_auth",
      "name": "this",
      "provider": "provider[\"registry.terraform.io/hashicorp/aws\"]",
      "instances": [
        {
          "schema_version": 0,
          "attributes": {
            "id": "tamnara-eks-cluster",
            "name": "tamnara-eks-cluster",
            "region": "ap-northeast-2",
            "token": "k8s-aws-v1.aHR0cHM6Ly9zdHMuYXAtbm9ydGhlYXN0LTIuYW1hem9uYXdzLmNvbS8_QWN0aW9uPUdldENhbGxlcklkZW50aXR5JlZlcnNpb249MjAxMS0wNi0xNSZYLUFtei1BbGdvcml0aG09QVdTNC1ITUFDLVNIQTI1NiZYLUFtei1DcmVkZW50aWFsPUFLSUFWQkQ3S05LWU5NWVVTVk5QJTJGMjAyNTA3MDIlMkZhcC1ub3J0aGVhc3QtMiUyRnN0cyUyRmF3czRfcmVxdWVzdCZYLUFtei1EYXRlPTIwMjUwNzAyVDAxNDIzOFomWC1BbXotRXhwaXJlcz0wJlgtQW16LVNpZ25lZEhlYWRlcnM9aG9zdCUzQngtazhzLWF3cy1pZCZYLUFtei1TaWduYXR1cmU9N2VjZmJjODlhNjNhNmY5MDdmOTBjMWQ0YWEzYzk5N2M4MTEzMTdmYzA0MTUxNDg3ZjEzODExZjlkNjcyNmVmNQ"
          },
          "sensitive_attributes": [
            [
              {
                "type": "get_attr",
                "value": "token"
              }
            ]
          ],
          "identity_schema_version": 0
        }
      ]
    },
    {
      "module": "module.prod.module.eks.module.cluster",
      "mode": "managed",
      "type": "aws_eks_cluster",
      "name": "this",
      "provider": "provider[\"registry.terraform.io/hashicorp/aws\"]",
      "instances": [
        {
          "status": "tainted",
          "schema_version": 1,
          "attributes": {
            "access_config": [
              {
                "authentication_mode": "API_AND_CONFIG_MAP",
                "bootstrap_cluster_creator_admin_permissions": true
              }
            ],
            "arn": null,
            "bootstrap_self_managed_addons": true,
            "certificate_authority": null,
            "cluster_id": null,
            "compute_config": [],
            "created_at": null,
            "enabled_cluster_log_types": [
              "api",
              "audit",
              "authenticator",
              "controllerManager",
              "scheduler"
            ],
            "encryption_config": [],
            "endpoint": null,
            "force_update_version": null,
            "id": "tamnara-eks-cluster",
            "identity": null,
            "kubernetes_network_config": null,
            "name": "tamnara-eks-cluster",
            "outpost_config": [],
            "platform_version": null,
            "region": "ap-northeast-2",
            "remote_network_config": [],
            "role_arn": "arn:aws:iam::346011888304:role/tamnara-eks-eks-cluster-role",
            "status": null,
            "storage_config": [],
            "tags": {
              "Environment": "prod",
              "ManagedBy": "Terraform",
              "Project": "tamnara-eks"
            },
            "tags_all": {
              "Environment": "prod",
              "ManagedBy": "Terraform",
              "Project": "tamnara-eks"
            },
            "timeouts": null,
            "upgrade_policy": null,
            "version": "1.33",
            "vpc_config": [
              {
                "cluster_security_group_id": "",
                "endpoint_private_access": true,
                "endpoint_public_access": true,
                "public_access_cidrs": [
                  "0.0.0.0/0"
                ],
                "security_group_ids": [
                  "sg-05c549fa1d5eb8b83"
                ],
                "subnet_ids": [
                  "subnet-0109906ab5b5174f1",
                  "subnet-0583dc8da2ce6aba0",
                  "subnet-0f07558f627063bff",
                  "subnet-0f528f3c3fadd0dc0"
                ],
                "vpc_id": ""
              }
            ],
            "zonal_shift_config": []
          },
          "sensitive_attributes": [],
          "identity_schema_version": 0,
          "private": "eyJlMmJmYjczMC1lY2FhLTExZTYtOGY4OC0zNDM2M2JjN2M0YzAiOnsiY3JlYXRlIjoxODAwMDAwMDAwMDAwLCJkZWxldGUiOjkwMDAwMDAwMDAwMCwidXBkYXRlIjozNjAwMDAwMDAwMDAwfSwic2NoZW1hX3ZlcnNpb24iOiIxIn0=",
          "dependencies": [
            "module.prod.module.eks.module.cluster.aws_iam_role.this",
            "module.prod.module.eks.module.cluster.aws_security_group.cluster",
            "module.shared.module.subnet.aws_subnet.private_a_back",
            "module.shared.module.subnet.aws_subnet.private_a_front",
            "module.shared.module.subnet.aws_subnet.private_c_back",
            "module.shared.module.subnet.aws_subnet.private_c_front",
            "module.shared.module.vpc.aws_vpc.main"
          ],
          "create_before_destroy": true
        }
      ]
    },
    {
      "module": "module.prod.module.eks.module.cluster",
      "mode": "managed",
      "type": "aws_iam_role",
      "name": "this",
      "provider": "provider[\"registry.terraform.io/hashicorp/aws\"]",
      "instances": [
        {
          "schema_version": 0,
          "attributes": {
            "arn": "arn:aws:iam::346011888304:role/tamnara-eks-eks-cluster-role",
            "assume_role_policy": "{\"Statement\":[{\"Action\":\"sts:AssumeRole\",\"Effect\":\"Allow\",\"Principal\":{\"Service\":\"eks.amazonaws.com\"}}],\"Version\":\"2012-10-17\"}",
            "create_date": "2025-07-02T01:42:43Z",
            "description": "",
            "force_detach_policies": false,
            "id": "tamnara-eks-eks-cluster-role",
            "inline_policy": [],
            "managed_policy_arns": [],
            "max_session_duration": 3600,
            "name": "tamnara-eks-eks-cluster-role",
            "name_prefix": "",
            "path": "/",
            "permissions_boundary": "",
            "tags": {
              "Environment": "prod",
              "ManagedBy": "Terraform",
              "Project": "tamnara-eks"
            },
            "tags_all": {
              "Environment": "prod",
              "ManagedBy": "Terraform",
              "Project": "tamnara-eks"
            },
            "unique_id": "AROAVBD7KNKYHYWUSCUN3"
          },
          "sensitive_attributes": [],
          "identity_schema_version": 0,
          "identity": {
            "account_id": "346011888304",
            "name": "tamnara-eks-eks-cluster-role"
          },
          "private": "bnVsbA==",
          "create_before_destroy": true
        }
      ]
    },
    {
      "module": "module.prod.module.eks.module.cluster",
      "mode": "managed",
      "type": "aws_iam_role_policy_attachment",
      "name": "cluster_policy_attachment",
      "provider": "provider[\"registry.terraform.io/hashicorp/aws\"]",
      "instances": [
        {
          "index_key": "arn:aws:iam::aws:policy/AmazonEKSClusterPolicy",
          "schema_version": 0,
          "attributes": {
            "id": "tamnara-eks-eks-cluster-role-20250702014245811700000003",
            "policy_arn": "arn:aws:iam::aws:policy/AmazonEKSClusterPolicy",
            "role": "tamnara-eks-eks-cluster-role"
          },
          "sensitive_attributes": [],
          "identity_schema_version": 0,
          "private": "bnVsbA==",
          "dependencies": [
            "module.prod.module.eks.module.cluster.aws_iam_role.this"
          ],
          "create_before_destroy": true
        },
        {
          "index_key": "arn:aws:iam::aws:policy/AmazonEKSServicePolicy",
          "schema_version": 0,
          "attributes": {
            "id": "tamnara-eks-eks-cluster-role-20250702014246063800000005",
            "policy_arn": "arn:aws:iam::aws:policy/AmazonEKSServicePolicy",
            "role": "tamnara-eks-eks-cluster-role"
          },
          "sensitive_attributes": [],
          "identity_schema_version": 0,
          "private": "bnVsbA==",
          "dependencies": [
            "module.prod.module.eks.module.cluster.aws_iam_role.this"
          ],
          "create_before_destroy": true
        },
        {
          "index_key": "arn:aws:iam::aws:policy/CloudWatchLogsFullAccess",
          "schema_version": 0,
          "attributes": {
            "id": "tamnara-eks-eks-cluster-role-20250702014245970200000004",
            "policy_arn": "arn:aws:iam::aws:policy/CloudWatchLogsFullAccess",
            "role": "tamnara-eks-eks-cluster-role"
          },
          "sensitive_attributes": [],
          "identity_schema_version": 0,
          "private": "bnVsbA==",
          "dependencies": [
            "module.prod.module.eks.module.cluster.aws_iam_role.this"
          ],
          "create_before_destroy": true
        }
      ]
    },
    {
      "module": "module.prod.module.eks.module.cluster",
      "mode": "managed",
      "type": "aws_security_group",
      "name": "cluster",
      "provider": "provider[\"registry.terraform.io/hashicorp/aws\"]",
      "instances": [
        {
          "schema_version": 1,
          "attributes": {
            "arn": "arn:aws:ec2:ap-northeast-2:346011888304:security-group/sg-05c549fa1d5eb8b83",
            "description": "EKS cluster security group",
            "egress": [
              {
                "cidr_blocks": [
                  "172.16.0.0/16"
                ],
                "description": "Allow all outbound traffic",
                "from_port": 0,
                "ipv6_cidr_blocks": [],
                "prefix_list_ids": [],
                "protocol": "-1",
                "security_groups": [],
                "self": false,
                "to_port": 0
              }
            ],
            "id": "sg-05c549fa1d5eb8b83",
            "ingress": [
              {
                "cidr_blocks": [
                  "172.16.0.0/16"
                ],
                "description": "Allow internal VPC traffic",
                "from_port": 0,
                "ipv6_cidr_blocks": [],
                "prefix_list_ids": [],
                "protocol": "-1",
                "security_groups": [],
                "self": false,
                "to_port": 0
              }
            ],
            "name": "tamnara-eks-prod-cluster-sg",
            "name_prefix": "",
            "owner_id": "346011888304",
            "region": "ap-northeast-2",
            "revoke_rules_on_delete": false,
            "tags": {
              "Name": "tamnara-eks-prod-cluster-sg"
            },
            "tags_all": {
              "Name": "tamnara-eks-prod-cluster-sg"
            },
            "timeouts": null,
            "vpc_id": "vpc-0fb47682a4ba774bc"
          },
          "sensitive_attributes": [],
          "identity_schema_version": 0,
          "private": "eyJlMmJmYjczMC1lY2FhLTExZTYtOGY4OC0zNDM2M2JjN2M0YzAiOnsiY3JlYXRlIjo2MDAwMDAwMDAwMDAsImRlbGV0ZSI6OTAwMDAwMDAwMDAwfSwic2NoZW1hX3ZlcnNpb24iOiIxIn0=",
          "dependencies": [
            "module.shared.module.vpc.aws_vpc.main"
          ],
          "create_before_destroy": true
        }
      ]
    },
    {
      "module": "module.prod.module.eks.module.node_groups[\"backend\"]",
      "mode": "managed",
      "type": "aws_iam_policy",
      "name": "s3_env_access",
      "provider": "provider[\"registry.terraform.io/hashicorp/aws\"]",
      "instances": [
        {
          "schema_version": 0,
          "attributes": {
            "arn": "arn:aws:iam::346011888304:policy/backend-s3-env-access",
            "attachment_count": 0,
            "description": "Allow EKS nodes to access environment files from S3",
            "id": "arn:aws:iam::346011888304:policy/backend-s3-env-access",
            "name": "backend-s3-env-access",
            "name_prefix": "",
            "path": "/",
            "policy": "{\"Statement\":[{\"Action\":[\"s3:GetObject\"],\"Effect\":\"Allow\",\"Resource\":[\"arn:aws:s3:::tamnara-eks-environment/*\"]},{\"Action\":[\"s3:ListBucket\"],\"Effect\":\"Allow\",\"Resource\":[\"arn:aws:s3:::tamnara-eks-environment\"]}],\"Version\":\"2012-10-17\"}",
            "policy_id": "ANPAVBD7KNKYPWVM7I5UC",
            "tags": {
              "Environment": "prod",
              "ManagedBy": "Terraform",
              "Project": "tamnara-eks"
            },
            "tags_all": {
              "Environment": "prod",
              "ManagedBy": "Terraform",
              "Project": "tamnara-eks"
            }
          },
          "sensitive_attributes": [],
          "identity_schema_version": 0,
          "private": "bnVsbA==",
          "dependencies": [
            "module.shared.module.subnet.aws_subnet.private_a_back",
            "module.shared.module.subnet.aws_subnet.private_a_front",
            "module.shared.module.subnet.aws_subnet.private_c_back",
            "module.shared.module.subnet.aws_subnet.private_c_front",
            "module.shared.module.vpc.aws_vpc.main"
          ],
          "create_before_destroy": true
        }
      ]
    },
    {
      "module": "module.prod.module.eks.module.node_groups[\"backend\"]",
      "mode": "managed",
      "type": "aws_iam_role",
      "name": "this",
      "provider": "provider[\"registry.terraform.io/hashicorp/aws\"]",
      "instances": [
        {
          "schema_version": 0,
          "attributes": {
            "arn": "arn:aws:iam::346011888304:role/backend-eks-node-role",
            "assume_role_policy": "{\"Statement\":[{\"Action\":\"sts:AssumeRole\",\"Effect\":\"Allow\",\"Principal\":{\"Service\":\"ec2.amazonaws.com\"}}],\"Version\":\"2012-10-17\"}",
            "create_date": "2025-07-02T01:42:58Z",
            "description": "",
            "force_detach_policies": false,
            "id": "backend-eks-node-role",
            "inline_policy": [],
            "managed_policy_arns": [],
            "max_session_duration": 3600,
            "name": "backend-eks-node-role",
            "name_prefix": "",
            "path": "/",
            "permissions_boundary": "",
            "tags": {
              "Environment": "prod",
              "ManagedBy": "Terraform",
              "Project": "tamnara-eks"
            },
            "tags_all": {
              "Environment": "prod",
              "ManagedBy": "Terraform",
              "Project": "tamnara-eks"
            },
            "unique_id": "AROAVBD7KNKYHOFT5DSLY"
          },
          "sensitive_attributes": [],
          "identity_schema_version": 0,
          "identity": {
            "account_id": "346011888304",
            "name": "backend-eks-node-role"
          },
          "private": "bnVsbA==",
          "dependencies": [
            "module.shared.module.subnet.aws_subnet.private_a_back",
            "module.shared.module.subnet.aws_subnet.private_a_front",
            "module.shared.module.subnet.aws_subnet.private_c_back",
            "module.shared.module.subnet.aws_subnet.private_c_front",
            "module.shared.module.vpc.aws_vpc.main"
          ],
          "create_before_destroy": true
        }
      ]
    },
    {
      "module": "module.prod.module.eks.module.node_groups[\"backend\"]",
      "mode": "managed",
      "type": "aws_iam_role_policy_attachment",
      "name": "node_policy_attachment",
      "provider": "provider[\"registry.terraform.io/hashicorp/aws\"]",
      "instances": [
        {
          "index_key": "arn:aws:iam::aws:policy/AmazonEC2ContainerRegistryReadOnly",
          "schema_version": 0,
          "attributes": {
            "id": "backend-eks-node-role-2025070201430028730000000a",
            "policy_arn": "arn:aws:iam::aws:policy/AmazonEC2ContainerRegistryReadOnly",
            "role": "backend-eks-node-role"
          },
          "sensitive_attributes": [],
          "identity_schema_version": 0,
          "private": "bnVsbA==",
          "dependencies": [
            "module.prod.module.eks.module.node_groups.aws_iam_role.this",
            "module.shared.module.subnet.aws_subnet.private_a_back",
            "module.shared.module.subnet.aws_subnet.private_a_front",
            "module.shared.module.subnet.aws_subnet.private_c_back",
            "module.shared.module.subnet.aws_subnet.private_c_front",
            "module.shared.module.vpc.aws_vpc.main"
          ],
          "create_before_destroy": true
        },
        {
          "index_key": "arn:aws:iam::aws:policy/AmazonEKSWorkerNodePolicy",
          "schema_version": 0,
          "attributes": {
            "id": "backend-eks-node-role-2025070201430076360000000f",
            "policy_arn": "arn:aws:iam::aws:policy/AmazonEKSWorkerNodePolicy",
            "role": "backend-eks-node-role"
          },
          "sensitive_attributes": [],
          "identity_schema_version": 0,
          "private": "bnVsbA==",
          "dependencies": [
            "module.prod.module.eks.module.node_groups.aws_iam_role.this",
            "module.shared.module.subnet.aws_subnet.private_a_back",
            "module.shared.module.subnet.aws_subnet.private_a_front",
            "module.shared.module.subnet.aws_subnet.private_c_back",
            "module.shared.module.subnet.aws_subnet.private_c_front",
            "module.shared.module.vpc.aws_vpc.main"
          ],
          "create_before_destroy": true
        },
        {
          "index_key": "arn:aws:iam::aws:policy/AmazonEKS_CNI_Policy",
          "schema_version": 0,
          "attributes": {
            "id": "backend-eks-node-role-2025070201430032240000000d",
            "policy_arn": "arn:aws:iam::aws:policy/AmazonEKS_CNI_Policy",
            "role": "backend-eks-node-role"
          },
          "sensitive_attributes": [],
          "identity_schema_version": 0,
          "private": "bnVsbA==",
          "dependencies": [
            "module.prod.module.eks.module.node_groups.aws_iam_role.this",
            "module.shared.module.subnet.aws_subnet.private_a_back",
            "module.shared.module.subnet.aws_subnet.private_a_front",
            "module.shared.module.subnet.aws_subnet.private_c_back",
            "module.shared.module.subnet.aws_subnet.private_c_front",
            "module.shared.module.vpc.aws_vpc.main"
          ],
          "create_before_destroy": true
        }
      ]
    },
    {
      "module": "module.prod.module.eks.module.node_groups[\"backend\"]",
      "mode": "managed",
      "type": "aws_iam_role_policy_attachment",
      "name": "s3_env_access",
      "provider": "provider[\"registry.terraform.io/hashicorp/aws\"]",
      "instances": [
        {
          "schema_version": 0,
          "attributes": {
            "id": "backend-eks-node-role-2025070201430029370000000c",
            "policy_arn": "arn:aws:iam::346011888304:policy/backend-s3-env-access",
            "role": "backend-eks-node-role"
          },
          "sensitive_attributes": [],
          "identity_schema_version": 0,
          "private": "bnVsbA==",
          "dependencies": [
            "module.prod.module.eks.module.node_groups.aws_iam_policy.s3_env_access",
            "module.prod.module.eks.module.node_groups.aws_iam_role.this",
            "module.shared.module.subnet.aws_subnet.private_a_back",
            "module.shared.module.subnet.aws_subnet.private_a_front",
            "module.shared.module.subnet.aws_subnet.private_c_back",
            "module.shared.module.subnet.aws_subnet.private_c_front",
            "module.shared.module.vpc.aws_vpc.main"
          ],
          "create_before_destroy": true
        }
      ]
    },
    {
      "module": "module.prod.module.eks.module.node_groups[\"frontend\"]",
      "mode": "managed",
      "type": "aws_iam_policy",
      "name": "s3_env_access",
      "provider": "provider[\"registry.terraform.io/hashicorp/aws\"]",
      "instances": [
        {
          "schema_version": 0,
          "attributes": {
            "arn": "arn:aws:iam::346011888304:policy/frontend-s3-env-access",
            "attachment_count": 0,
            "description": "Allow EKS nodes to access environment files from S3",
            "id": "arn:aws:iam::346011888304:policy/frontend-s3-env-access",
            "name": "frontend-s3-env-access",
            "name_prefix": "",
            "path": "/",
            "policy": "{\"Statement\":[{\"Action\":[\"s3:GetObject\"],\"Effect\":\"Allow\",\"Resource\":[\"arn:aws:s3:::tamnara-eks-environment/*\"]},{\"Action\":[\"s3:ListBucket\"],\"Effect\":\"Allow\",\"Resource\":[\"arn:aws:s3:::tamnara-eks-environment\"]}],\"Version\":\"2012-10-17\"}",
            "policy_id": "ANPAVBD7KNKYGYDVX3XAJ",
            "tags": {
              "Environment": "prod",
              "ManagedBy": "Terraform",
              "Project": "tamnara-eks"
            },
            "tags_all": {
              "Environment": "prod",
              "ManagedBy": "Terraform",
              "Project": "tamnara-eks"
            }
          },
          "sensitive_attributes": [],
          "identity_schema_version": 0,
          "private": "bnVsbA==",
          "dependencies": [
            "module.shared.module.subnet.aws_subnet.private_a_back",
            "module.shared.module.subnet.aws_subnet.private_a_front",
            "module.shared.module.subnet.aws_subnet.private_c_back",
            "module.shared.module.subnet.aws_subnet.private_c_front",
            "module.shared.module.vpc.aws_vpc.main"
          ],
          "create_before_destroy": true
        }
      ]
    },
    {
      "module": "module.prod.module.eks.module.node_groups[\"frontend\"]",
      "mode": "managed",
      "type": "aws_iam_role",
      "name": "this",
      "provider": "provider[\"registry.terraform.io/hashicorp/aws\"]",
      "instances": [
        {
          "schema_version": 0,
          "attributes": {
            "arn": "arn:aws:iam::346011888304:role/frontend-eks-node-role",
            "assume_role_policy": "{\"Statement\":[{\"Action\":\"sts:AssumeRole\",\"Effect\":\"Allow\",\"Principal\":{\"Service\":\"ec2.amazonaws.com\"}}],\"Version\":\"2012-10-17\"}",
            "create_date": "2025-07-02T01:42:58Z",
            "description": "",
            "force_detach_policies": false,
            "id": "frontend-eks-node-role",
            "inline_policy": [],
            "managed_policy_arns": [],
            "max_session_duration": 3600,
            "name": "frontend-eks-node-role",
            "name_prefix": "",
            "path": "/",
            "permissions_boundary": "",
            "tags": {
              "Environment": "prod",
              "ManagedBy": "Terraform",
              "Project": "tamnara-eks"
            },
            "tags_all": {
              "Environment": "prod",
              "ManagedBy": "Terraform",
              "Project": "tamnara-eks"
            },
            "unique_id": "AROAVBD7KNKYNK2XRYA6M"
          },
          "sensitive_attributes": [],
          "identity_schema_version": 0,
          "identity": {
            "account_id": "346011888304",
            "name": "frontend-eks-node-role"
          },
          "private": "bnVsbA==",
          "dependencies": [
            "module.shared.module.subnet.aws_subnet.private_a_back",
            "module.shared.module.subnet.aws_subnet.private_a_front",
            "module.shared.module.subnet.aws_subnet.private_c_back",
            "module.shared.module.subnet.aws_subnet.private_c_front",
            "module.shared.module.vpc.aws_vpc.main"
          ],
          "create_before_destroy": true
        }
      ]
    },
    {
      "module": "module.prod.module.eks.module.node_groups[\"frontend\"]",
      "mode": "managed",
      "type": "aws_iam_role_policy_attachment",
      "name": "node_policy_attachment",
      "provider": "provider[\"registry.terraform.io/hashicorp/aws\"]",
      "instances": [
        {
          "index_key": "arn:aws:iam::aws:policy/AmazonEC2ContainerRegistryReadOnly",
          "schema_version": 0,
          "attributes": {
            "id": "frontend-eks-node-role-2025070201430075390000000e",
            "policy_arn": "arn:aws:iam::aws:policy/AmazonEC2ContainerRegistryReadOnly",
            "role": "frontend-eks-node-role"
          },
          "sensitive_attributes": [],
          "identity_schema_version": 0,
          "private": "bnVsbA==",
          "dependencies": [
            "module.prod.module.eks.module.node_groups.aws_iam_role.this",
            "module.shared.module.subnet.aws_subnet.private_a_back",
            "module.shared.module.subnet.aws_subnet.private_a_front",
            "module.shared.module.subnet.aws_subnet.private_c_back",
            "module.shared.module.subnet.aws_subnet.private_c_front",
            "module.shared.module.vpc.aws_vpc.main"
          ],
          "create_before_destroy": true
        },
        {
          "index_key": "arn:aws:iam::aws:policy/AmazonEKSWorkerNodePolicy",
          "schema_version": 0,
          "attributes": {
            "id": "frontend-eks-node-role-20250702014300789700000010",
            "policy_arn": "arn:aws:iam::aws:policy/AmazonEKSWorkerNodePolicy",
            "role": "frontend-eks-node-role"
          },
          "sensitive_attributes": [],
          "identity_schema_version": 0,
          "private": "bnVsbA==",
          "dependencies": [
            "module.prod.module.eks.module.node_groups.aws_iam_role.this",
            "module.shared.module.subnet.aws_subnet.private_a_back",
            "module.shared.module.subnet.aws_subnet.private_a_front",
            "module.shared.module.subnet.aws_subnet.private_c_back",
            "module.shared.module.subnet.aws_subnet.private_c_front",
            "module.shared.module.vpc.aws_vpc.main"
          ],
          "create_before_destroy": true
        },
        {
          "index_key": "arn:aws:iam::aws:policy/AmazonEKS_CNI_Policy",
          "schema_version": 0,
          "attributes": {
            "id": "frontend-eks-node-role-2025070201430028730000000b",
            "policy_arn": "arn:aws:iam::aws:policy/AmazonEKS_CNI_Policy",
            "role": "frontend-eks-node-role"
          },
          "sensitive_attributes": [],
          "identity_schema_version": 0,
          "private": "bnVsbA==",
          "dependencies": [
            "module.prod.module.eks.module.node_groups.aws_iam_role.this",
            "module.shared.module.subnet.aws_subnet.private_a_back",
            "module.shared.module.subnet.aws_subnet.private_a_front",
            "module.shared.module.subnet.aws_subnet.private_c_back",
            "module.shared.module.subnet.aws_subnet.private_c_front",
            "module.shared.module.vpc.aws_vpc.main"
          ],
          "create_before_destroy": true
        }
      ]
    },
    {
      "module": "module.prod.module.eks.module.node_groups[\"frontend\"]",
      "mode": "managed",
      "type": "aws_iam_role_policy_attachment",
      "name": "s3_env_access",
      "provider": "provider[\"registry.terraform.io/hashicorp/aws\"]",
      "instances": [
        {
          "schema_version": 0,
          "attributes": {
            "id": "frontend-eks-node-role-20250702014300287300000009",
            "policy_arn": "arn:aws:iam::346011888304:policy/frontend-s3-env-access",
            "role": "frontend-eks-node-role"
          },
          "sensitive_attributes": [],
          "identity_schema_version": 0,
          "private": "bnVsbA==",
          "dependencies": [
            "module.prod.module.eks.module.node_groups.aws_iam_policy.s3_env_access",
            "module.prod.module.eks.module.node_groups.aws_iam_role.this",
            "module.shared.module.subnet.aws_subnet.private_a_back",
            "module.shared.module.subnet.aws_subnet.private_a_front",
            "module.shared.module.subnet.aws_subnet.private_c_back",
            "module.shared.module.subnet.aws_subnet.private_c_front",
            "module.shared.module.vpc.aws_vpc.main"
          ],
          "create_before_destroy": true
        }
      ]
    },
    {
      "module": "module.prod.module.openvpn",
      "mode": "managed",
      "type": "aws_eip_association",
      "name": "openvpn",
      "provider": "provider[\"registry.terraform.io/hashicorp/aws\"]",
      "instances": [
        {
          "schema_version": 0,
          "attributes": {
            "allocation_id": "eipalloc-0e9e723386c25bdad",
            "allow_reassociation": null,
            "id": "eipassoc-0512d33391571112e",
            "instance_id": "i-0279f65b735ad2f2e",
            "network_interface_id": "eni-0af856d3ac6885071",
            "private_ip_address": "172.16.0.158",
            "public_ip": "52.79.137.213",
            "region": "ap-northeast-2"
          },
          "sensitive_attributes": [],
          "identity_schema_version": 0,
          "private": "bnVsbA==",
          "dependencies": [
            "module.prod.module.openvpn.aws_instance.openvpn",
            "module.prod.module.sg.aws_security_group.openvpn",
            "module.shared.module.subnet.aws_subnet.public_a",
            "module.shared.module.vpc.aws_vpc.main"
          ]
        }
      ]
    },
    {
      "module": "module.prod.module.openvpn",
      "mode": "managed",
      "type": "aws_instance",
      "name": "openvpn",
      "provider": "provider[\"registry.terraform.io/hashicorp/aws\"]",
      "instances": [
        {
          "schema_version": 2,
          "attributes": {
            "ami": "ami-0c4d94bb44eff8915",
            "arn": "arn:aws:ec2:ap-northeast-2:346011888304:instance/i-0279f65b735ad2f2e",
            "associate_public_ip_address": true,
            "availability_zone": "ap-northeast-2a",
            "capacity_reservation_specification": [
              {
                "capacity_reservation_preference": "open",
                "capacity_reservation_target": []
              }
            ],
            "cpu_options": [
              {
                "amd_sev_snp": "",
                "core_count": 1,
                "threads_per_core": 2
              }
            ],
            "credit_specification": [
              {
                "cpu_credits": "unlimited"
              }
            ],
            "disable_api_stop": false,
            "disable_api_termination": false,
            "ebs_block_device": [],
            "ebs_optimized": false,
            "enable_primary_ipv6": null,
            "enclave_options": [
              {
                "enabled": false
              }
            ],
            "ephemeral_block_device": [],
            "get_password_data": false,
            "hibernation": false,
            "host_id": "",
            "host_resource_group_arn": null,
            "iam_instance_profile": "",
            "id": "i-0279f65b735ad2f2e",
            "instance_initiated_shutdown_behavior": "stop",
            "instance_lifecycle": "",
            "instance_market_options": [],
            "instance_state": "running",
            "instance_type": "t3.micro",
            "ipv6_address_count": 0,
            "ipv6_addresses": [],
            "key_name": "mvp-key-v1",
            "launch_template": [],
            "maintenance_options": [
              {
                "auto_recovery": "default"
              }
            ],
            "metadata_options": [
              {
                "http_endpoint": "enabled",
                "http_protocol_ipv6": "disabled",
                "http_put_response_hop_limit": 1,
                "http_tokens": "optional",
                "instance_metadata_tags": "disabled"
              }
            ],
            "monitoring": false,
            "network_interface": [],
            "outpost_arn": "",
            "password_data": "",
            "placement_group": "",
            "placement_partition_number": 0,
            "primary_network_interface_id": "eni-0af856d3ac6885071",
            "private_dns": "ip-172-16-0-158.ap-northeast-2.compute.internal",
            "private_dns_name_options": [
              {
                "enable_resource_name_dns_a_record": false,
                "enable_resource_name_dns_aaaa_record": false,
                "hostname_type": "ip-name"
              }
            ],
            "private_ip": "172.16.0.158",
            "public_dns": "ec2-13-125-186-251.ap-northeast-2.compute.amazonaws.com",
            "public_ip": "13.125.186.251",
            "region": "ap-northeast-2",
            "root_block_device": [
              {
                "delete_on_termination": true,
                "device_name": "/dev/sda1",
                "encrypted": false,
                "iops": 100,
                "kms_key_id": "",
                "tags": {},
                "tags_all": {},
                "throughput": 0,
                "volume_id": "vol-0dd57b7f74eefd1b8",
                "volume_size": 8,
                "volume_type": "gp2"
              }
            ],
            "secondary_private_ips": [],
            "security_groups": [],
            "source_dest_check": true,
            "spot_instance_request_id": "",
            "subnet_id": "subnet-05c772738f9b746d7",
            "tags": {
              "Environment": "prod",
              "Name": "tamnara-eks-openvpn-server",
              "Project": "tamnara-eks"
            },
            "tags_all": {
              "Environment": "prod",
              "Name": "tamnara-eks-openvpn-server",
              "Project": "tamnara-eks"
            },
            "tenancy": "default",
            "timeouts": null,
            "user_data": null,
            "user_data_base64": null,
            "user_data_replace_on_change": false,
            "volume_tags": null,
            "vpc_security_group_ids": [
              "sg-0609d42b01cc2692d"
            ]
          },
          "sensitive_attributes": [],
          "identity_schema_version": 0,
          "private": "eyJlMmJmYjczMC1lY2FhLTExZTYtOGY4OC0zNDM2M2JjN2M0YzAiOnsiY3JlYXRlIjo2MDAwMDAwMDAwMDAsImRlbGV0ZSI6MTIwMDAwMDAwMDAwMCwicmVhZCI6OTAwMDAwMDAwMDAwLCJ1cGRhdGUiOjYwMDAwMDAwMDAwMH0sInNjaGVtYV92ZXJzaW9uIjoiMiJ9",
          "dependencies": [
            "module.prod.module.sg.aws_security_group.openvpn",
            "module.shared.module.subnet.aws_subnet.public_a",
            "module.shared.module.vpc.aws_vpc.main"
          ]
        }
      ]
    },
    {
      "module": "module.prod.module.rds",
      "mode": "managed",
      "type": "aws_db_instance",
      "name": "this",
      "provider": "provider[\"registry.terraform.io/hashicorp/aws\"]",
      "instances": [
        {
          "schema_version": 2,
          "attributes": {
            "address": "tamnara-eks-prod-rds.cpky2cas2r2u.ap-northeast-2.rds.amazonaws.com",
            "allocated_storage": 20,
            "allow_major_version_upgrade": null,
            "apply_immediately": false,
            "arn": "arn:aws:rds:ap-northeast-2:346011888304:db:tamnara-eks-prod-rds",
            "auto_minor_version_upgrade": true,
            "availability_zone": "ap-northeast-2c",
            "backup_retention_period": 0,
            "backup_target": "region",
            "backup_window": "15:52-16:22",
            "blue_green_update": [],
            "ca_cert_identifier": "rds-ca-rsa2048-g1",
            "character_set_name": "",
            "copy_tags_to_snapshot": false,
            "custom_iam_instance_profile": "",
            "customer_owned_ip_enabled": false,
            "database_insights_mode": "standard",
            "db_name": "tamnara",
            "db_subnet_group_name": "tamnara-eks-prod-db-subnet-group",
            "dedicated_log_volume": false,
            "delete_automated_backups": true,
            "deletion_protection": false,
            "domain": "",
            "domain_auth_secret_arn": "",
            "domain_dns_ips": null,
            "domain_fqdn": "",
            "domain_iam_role_name": "",
            "domain_ou": "",
            "enabled_cloudwatch_logs_exports": null,
            "endpoint": "tamnara-eks-prod-rds.cpky2cas2r2u.ap-northeast-2.rds.amazonaws.com:3306",
            "engine": "mysql",
            "engine_lifecycle_support": "open-source-rds-extended-support",
            "engine_version": "8.0.41",
            "engine_version_actual": "8.0.41",
            "final_snapshot_identifier": null,
            "hosted_zone_id": "ZLA2NUCOLGUUR",
            "iam_database_authentication_enabled": false,
            "id": "db-FBSFJGYDF7PDGPUBOYN23HXMPU",
            "identifier": "tamnara-eks-prod-rds",
            "identifier_prefix": "",
            "instance_class": "db.t3.micro",
            "iops": 0,
            "kms_key_id": "",
            "latest_restorable_time": "",
            "license_model": "general-public-license",
            "listener_endpoint": [],
            "maintenance_window": "fri:17:04-fri:17:34",
            "manage_master_user_password": null,
            "master_user_secret": [],
            "master_user_secret_kms_key_id": null,
            "max_allocated_storage": 0,
            "monitoring_interval": 0,
            "monitoring_role_arn": "",
            "multi_az": false,
            "nchar_character_set_name": "",
            "network_type": "IPV4",
            "option_group_name": "default:mysql-8-0",
            "parameter_group_name": "default.mysql8.0",
            "password": null,
            "password_wo": null,
            "password_wo_version": null,
            "performance_insights_enabled": false,
            "performance_insights_kms_key_id": "",
            "performance_insights_retention_period": 0,
            "port": 3306,
            "publicly_accessible": false,
            "region": "ap-northeast-2",
            "replica_mode": "",
            "replicas": [],
            "replicate_source_db": "",
            "resource_id": "db-FBSFJGYDF7PDGPUBOYN23HXMPU",
            "restore_to_point_in_time": [],
            "s3_import": [],
            "skip_final_snapshot": true,
            "snapshot_identifier": "prod-rds-0626",
            "status": "available",
            "storage_encrypted": false,
            "storage_throughput": 0,
            "storage_type": "gp2",
            "tags": {
              "Name": "tamnara-eks-prod-rds"
            },
            "tags_all": {
              "Name": "tamnara-eks-prod-rds"
            },
            "timeouts": null,
            "timezone": "",
            "upgrade_storage_config": null,
            "username": "temnara18spring",
            "vpc_security_group_ids": [
              "sg-0adfba1cff862191e"
            ]
          },
          "sensitive_attributes": [
            [
              {
                "type": "get_attr",
                "value": "password"
              }
            ],
            [
              {
                "type": "get_attr",
                "value": "password_wo"
              }
            ]
          ],
          "identity_schema_version": 0,
          "private": "eyJlMmJmYjczMC1lY2FhLTExZTYtOGY4OC0zNDM2M2JjN2M0YzAiOnsiY3JlYXRlIjozMDAwMDAwMDAwMDAwLCJkZWxldGUiOjM2MDAwMDAwMDAwMDAsInVwZGF0ZSI6NDgwMDAwMDAwMDAwMH0sInNjaGVtYV92ZXJzaW9uIjoiMiJ9",
          "dependencies": [
            "module.prod.module.rds.aws_db_subnet_group.this",
            "module.prod.module.rds.aws_security_group.rds",
            "module.prod.module.sg.aws_security_group.backend",
            "module.shared.module.subnet.aws_subnet.private_a_db",
            "module.shared.module.subnet.aws_subnet.private_c_db",
            "module.shared.module.vpc.aws_vpc.main"
          ]
        }
      ]
    },
    {
      "module": "module.prod.module.rds",
      "mode": "managed",
      "type": "aws_db_subnet_group",
      "name": "this",
      "provider": "provider[\"registry.terraform.io/hashicorp/aws\"]",
      "instances": [
        {
          "schema_version": 0,
          "attributes": {
            "arn": "arn:aws:rds:ap-northeast-2:346011888304:subgrp:tamnara-eks-prod-db-subnet-group",
            "description": "Managed by Terraform",
            "id": "tamnara-eks-prod-db-subnet-group",
            "name": "tamnara-eks-prod-db-subnet-group",
            "name_prefix": "",
            "region": "ap-northeast-2",
            "subnet_ids": [
              "subnet-01f64fb7b57298e63",
              "subnet-0e771a9ef7cdd9df8"
            ],
            "supported_network_types": [
              "IPV4"
            ],
            "tags": {
              "Name": "tamnara-eks-prod-db-subnet-group"
            },
            "tags_all": {
              "Name": "tamnara-eks-prod-db-subnet-group"
            },
            "vpc_id": "vpc-0fb47682a4ba774bc"
          },
          "sensitive_attributes": [],
          "identity_schema_version": 0,
          "private": "bnVsbA==",
          "dependencies": [
            "module.shared.module.subnet.aws_subnet.private_a_db",
            "module.shared.module.subnet.aws_subnet.private_c_db",
            "module.shared.module.vpc.aws_vpc.main"
          ]
        }
      ]
    },
    {
      "module": "module.prod.module.rds",
      "mode": "managed",
      "type": "aws_security_group",
      "name": "rds",
      "provider": "provider[\"registry.terraform.io/hashicorp/aws\"]",
      "instances": [
        {
          "schema_version": 1,
          "attributes": {
            "arn": "arn:aws:ec2:ap-northeast-2:346011888304:security-group/sg-0adfba1cff862191e",
            "description": "Allow MySQL from backend SG",
            "egress": [
              {
                "cidr_blocks": [
                  "0.0.0.0/0"
                ],
                "description": "",
                "from_port": 0,
                "ipv6_cidr_blocks": [],
                "prefix_list_ids": [],
                "protocol": "-1",
                "security_groups": [],
                "self": false,
                "to_port": 0
              }
            ],
            "id": "sg-0adfba1cff862191e",
            "ingress": [
              {
                "cidr_blocks": [],
                "description": "",
                "from_port": 3306,
                "ipv6_cidr_blocks": [],
                "prefix_list_ids": [],
                "protocol": "tcp",
                "security_groups": [
                  "sg-07c04d49539f91dce"
                ],
                "self": false,
                "to_port": 3306
              }
            ],
            "name": "tamnara-eks-prod-rds-sg",
            "name_prefix": "",
            "owner_id": "346011888304",
            "region": "ap-northeast-2",
            "revoke_rules_on_delete": false,
            "tags": {
              "Name": "tamnara-eks-prod-rds-sg"
            },
            "tags_all": {
              "Name": "tamnara-eks-prod-rds-sg"
            },
            "timeouts": null,
            "vpc_id": "vpc-0fb47682a4ba774bc"
          },
          "sensitive_attributes": [],
          "identity_schema_version": 0,
          "private": "eyJlMmJmYjczMC1lY2FhLTExZTYtOGY4OC0zNDM2M2JjN2M0YzAiOnsiY3JlYXRlIjo2MDAwMDAwMDAwMDAsImRlbGV0ZSI6OTAwMDAwMDAwMDAwfSwic2NoZW1hX3ZlcnNpb24iOiIxIn0=",
          "dependencies": [
            "module.prod.module.sg.aws_security_group.backend",
            "module.shared.module.vpc.aws_vpc.main"
          ]
        }
      ]
    },
    {
      "module": "module.prod.module.sg",
      "mode": "managed",
      "type": "aws_security_group",
      "name": "backend",
      "provider": "provider[\"registry.terraform.io/hashicorp/aws\"]",
      "instances": [
        {
          "schema_version": 1,
          "attributes": {
            "arn": "arn:aws:ec2:ap-northeast-2:346011888304:security-group/sg-07c04d49539f91dce",
            "description": "Security group for backend instances",
            "egress": [
              {
                "cidr_blocks": [
                  "0.0.0.0/0"
                ],
                "description": "",
                "from_port": 0,
                "ipv6_cidr_blocks": [],
                "prefix_list_ids": [],
                "protocol": "-1",
                "security_groups": [],
                "self": false,
                "to_port": 0
              }
            ],
            "id": "sg-07c04d49539f91dce",
            "ingress": [
              {
                "cidr_blocks": [
                  "172.16.0.0/16"
                ],
                "description": "Allow HTTP from VPC",
                "from_port": 80,
                "ipv6_cidr_blocks": [],
                "prefix_list_ids": [],
                "protocol": "tcp",
                "security_groups": [],
                "self": false,
                "to_port": 80
              },
              {
                "cidr_blocks": [
                  "172.16.0.0/16"
                ],
                "description": "Allow internal SSH",
                "from_port": 22,
                "ipv6_cidr_blocks": [],
                "prefix_list_ids": [],
                "protocol": "tcp",
                "security_groups": [],
                "self": false,
                "to_port": 22
              },
              {
                "cidr_blocks": [
                  "172.16.0.0/16"
                ],
                "description": "Allow internal traffic",
                "from_port": 0,
                "ipv6_cidr_blocks": [],
                "prefix_list_ids": [],
                "protocol": "-1",
                "security_groups": [],
                "self": false,
                "to_port": 0
              }
            ],
            "name": "tamnara-eks-prod-backend-sg",
            "name_prefix": "",
            "owner_id": "346011888304",
            "region": "ap-northeast-2",
            "revoke_rules_on_delete": false,
            "tags": {
              "Name": "backend-sg"
            },
            "tags_all": {
              "Name": "backend-sg"
            },
            "timeouts": null,
            "vpc_id": "vpc-0fb47682a4ba774bc"
          },
          "sensitive_attributes": [],
          "identity_schema_version": 0,
          "private": "eyJlMmJmYjczMC1lY2FhLTExZTYtOGY4OC0zNDM2M2JjN2M0YzAiOnsiY3JlYXRlIjo2MDAwMDAwMDAwMDAsImRlbGV0ZSI6OTAwMDAwMDAwMDAwfSwic2NoZW1hX3ZlcnNpb24iOiIxIn0=",
          "dependencies": [
            "module.shared.module.vpc.aws_vpc.main"
          ]
        }
      ]
    },
    {
      "module": "module.prod.module.sg",
      "mode": "managed",
      "type": "aws_security_group",
      "name": "frontend",
      "provider": "provider[\"registry.terraform.io/hashicorp/aws\"]",
      "instances": [
        {
          "schema_version": 1,
          "attributes": {
            "arn": "arn:aws:ec2:ap-northeast-2:346011888304:security-group/sg-0d7851728253a3d02",
            "description": "Security group for frontend instances",
            "egress": [
              {
                "cidr_blocks": [
                  "0.0.0.0/0"
                ],
                "description": "",
                "from_port": 0,
                "ipv6_cidr_blocks": [],
                "prefix_list_ids": [],
                "protocol": "-1",
                "security_groups": [],
                "self": false,
                "to_port": 0
              }
            ],
            "id": "sg-0d7851728253a3d02",
            "ingress": [
              {
                "cidr_blocks": [
                  "172.16.0.0/16"
                ],
                "description": "Allow HTTP from VPC",
                "from_port": 80,
                "ipv6_cidr_blocks": [],
                "prefix_list_ids": [],
                "protocol": "tcp",
                "security_groups": [],
                "self": false,
                "to_port": 80
              },
              {
                "cidr_blocks": [
                  "172.16.0.0/16"
                ],
                "description": "Allow HTTPS from VPC",
                "from_port": 443,
                "ipv6_cidr_blocks": [],
                "prefix_list_ids": [],
                "protocol": "tcp",
                "security_groups": [],
                "self": false,
                "to_port": 443
              },
              {
                "cidr_blocks": [
                  "172.16.0.0/16"
                ],
                "description": "Allow internal SSH",
                "from_port": 22,
                "ipv6_cidr_blocks": [],
                "prefix_list_ids": [],
                "protocol": "tcp",
                "security_groups": [],
                "self": false,
                "to_port": 22
              },
              {
                "cidr_blocks": [
                  "172.16.0.0/16"
                ],
                "description": "Allow internal VPC traffic",
                "from_port": 0,
                "ipv6_cidr_blocks": [],
                "prefix_list_ids": [],
                "protocol": "-1",
                "security_groups": [],
                "self": false,
                "to_port": 0
              }
            ],
            "name": "tamnara-eks-prod-frontend-sg",
            "name_prefix": "",
            "owner_id": "346011888304",
            "region": "ap-northeast-2",
            "revoke_rules_on_delete": false,
            "tags": {
              "Name": "frontend-sg"
            },
            "tags_all": {
              "Name": "frontend-sg"
            },
            "timeouts": null,
            "vpc_id": "vpc-0fb47682a4ba774bc"
          },
          "sensitive_attributes": [],
          "identity_schema_version": 0,
          "private": "eyJlMmJmYjczMC1lY2FhLTExZTYtOGY4OC0zNDM2M2JjN2M0YzAiOnsiY3JlYXRlIjo2MDAwMDAwMDAwMDAsImRlbGV0ZSI6OTAwMDAwMDAwMDAwfSwic2NoZW1hX3ZlcnNpb24iOiIxIn0=",
          "dependencies": [
            "module.shared.module.vpc.aws_vpc.main"
          ]
        }
      ]
    },
    {
      "module": "module.prod.module.sg",
      "mode": "managed",
      "type": "aws_security_group",
      "name": "openvpn",
      "provider": "provider[\"registry.terraform.io/hashicorp/aws\"]",
      "instances": [
        {
          "schema_version": 1,
          "attributes": {
            "arn": "arn:aws:ec2:ap-northeast-2:346011888304:security-group/sg-0609d42b01cc2692d",
            "description": "Allow from openVPN",
            "egress": [
              {
                "cidr_blocks": [
                  "0.0.0.0/0"
                ],
                "description": "",
                "from_port": 0,
                "ipv6_cidr_blocks": [],
                "prefix_list_ids": [],
                "protocol": "-1",
                "security_groups": [],
                "self": false,
                "to_port": 0
              }
            ],
            "id": "sg-0609d42b01cc2692d",
            "ingress": [
              {
                "cidr_blocks": [
                  "0.0.0.0/0"
                ],
                "description": "",
                "from_port": 1194,
                "ipv6_cidr_blocks": [],
                "prefix_list_ids": [],
                "protocol": "tcp",
                "security_groups": [],
                "self": false,
                "to_port": 1194
              },
              {
                "cidr_blocks": [
                  "0.0.0.0/0"
                ],
                "description": "",
                "from_port": 22,
                "ipv6_cidr_blocks": [],
                "prefix_list_ids": [],
                "protocol": "tcp",
                "security_groups": [],
                "self": false,
                "to_port": 22
              },
              {
                "cidr_blocks": [
                  "0.0.0.0/0"
                ],
                "description": "",
                "from_port": 443,
                "ipv6_cidr_blocks": [],
                "prefix_list_ids": [],
                "protocol": "tcp",
                "security_groups": [],
                "self": false,
                "to_port": 443
              },
              {
                "cidr_blocks": [
                  "0.0.0.0/0"
                ],
                "description": "",
                "from_port": 943,
                "ipv6_cidr_blocks": [],
                "prefix_list_ids": [],
                "protocol": "tcp",
                "security_groups": [],
                "self": false,
                "to_port": 943
              }
            ],
            "name": "docker-v1-sg-openvpn",
            "name_prefix": "",
            "owner_id": "346011888304",
            "region": "ap-northeast-2",
            "revoke_rules_on_delete": false,
            "tags": {
              "Name": "openvpn_sg"
            },
            "tags_all": {
              "Name": "openvpn_sg"
            },
            "timeouts": null,
            "vpc_id": "vpc-0fb47682a4ba774bc"
          },
          "sensitive_attributes": [],
          "identity_schema_version": 0,
          "private": "eyJlMmJmYjczMC1lY2FhLTExZTYtOGY4OC0zNDM2M2JjN2M0YzAiOnsiY3JlYXRlIjo2MDAwMDAwMDAwMDAsImRlbGV0ZSI6OTAwMDAwMDAwMDAwfSwic2NoZW1hX3ZlcnNpb24iOiIxIn0=",
          "dependencies": [
            "module.shared.module.vpc.aws_vpc.main"
          ]
        }
      ]
    },
    {
      "module": "module.shared",
      "mode": "data",
      "type": "aws_route_tables",
      "name": "shared",
      "provider": "provider[\"registry.terraform.io/hashicorp/aws\"]",
      "instances": [
        {
          "schema_version": 0,
          "attributes": {
            "filter": null,
            "id": "ap-northeast-2",
            "ids": [
              "rtb-0d4ef2d98fc6ee223",
              "rtb-0d552a3b2660fcd12"
            ],
            "region": "ap-northeast-2",
            "tags": null,
            "timeouts": null,
            "vpc_id": "vpc-0293cca3cb29f35f1"
          },
          "sensitive_attributes": [],
          "identity_schema_version": 0
        }
      ]
    },
    {
      "module": "module.shared",
      "mode": "data",
      "type": "aws_vpc",
      "name": "shared",
      "provider": "provider[\"registry.terraform.io/hashicorp/aws\"]",
      "instances": [
        {
          "schema_version": 0,
          "attributes": {
            "arn": "arn:aws:ec2:ap-northeast-2:346011888304:vpc/vpc-0293cca3cb29f35f1",
            "cidr_block": "10.255.0.0/16",
            "cidr_block_associations": [
              {
                "association_id": "vpc-cidr-assoc-0a71c106324d9736b",
                "cidr_block": "10.255.0.0/16",
                "state": "associated"
              }
            ],
            "default": false,
            "dhcp_options_id": "dopt-057e17760c1177c52",
            "enable_dns_hostnames": false,
            "enable_dns_support": true,
            "enable_network_address_usage_metrics": false,
            "filter": null,
            "id": "vpc-0293cca3cb29f35f1",
            "instance_tenancy": "default",
            "ipv6_association_id": "",
            "ipv6_cidr_block": "",
            "main_route_table_id": "rtb-0d552a3b2660fcd12",
            "owner_id": "346011888304",
            "region": "ap-northeast-2",
            "state": null,
            "tags": {
              "Name": "shared-vpc"
            },
            "timeouts": null
          },
          "sensitive_attributes": [],
          "identity_schema_version": 0
        }
      ]
    },
    {
      "module": "module.shared",
      "mode": "managed",
      "type": "aws_route_table_association",
      "name": "public_a",
      "provider": "provider[\"registry.terraform.io/hashicorp/aws\"]",
      "instances": [
        {
          "schema_version": 0,
          "attributes": {
            "gateway_id": "",
            "id": "rtbassoc-0950e81829bbf1ae0",
            "region": "ap-northeast-2",
            "route_table_id": "rtb-0d0ea9fb690fe4219",
            "subnet_id": "subnet-05c772738f9b746d7",
            "timeouts": null
          },
          "sensitive_attributes": [],
          "identity_schema_version": 0,
          "private": "eyJlMmJmYjczMC1lY2FhLTExZTYtOGY4OC0zNDM2M2JjN2M0YzAiOnsiY3JlYXRlIjozMDAwMDAwMDAwMDAsImRlbGV0ZSI6MzAwMDAwMDAwMDAwLCJ1cGRhdGUiOjEyMDAwMDAwMDAwMH19",
          "dependencies": [
            "module.shared.module.subnet.aws_subnet.public_a",
            "module.shared.module.vpc.aws_internet_gateway.igw",
            "module.shared.module.vpc.aws_route_table.public",
            "module.shared.module.vpc.aws_vpc.main"
          ]
        }
      ]
    },
    {
      "module": "module.shared",
      "mode": "managed",
      "type": "aws_route_table_association",
      "name": "public_c",
      "provider": "provider[\"registry.terraform.io/hashicorp/aws\"]",
      "instances": [
        {
          "schema_version": 0,
          "attributes": {
            "gateway_id": "",
            "id": "rtbassoc-0c248b80f7fb89bea",
            "region": "ap-northeast-2",
            "route_table_id": "rtb-0d0ea9fb690fe4219",
            "subnet_id": "subnet-00757fb2a0619a042",
            "timeouts": null
          },
          "sensitive_attributes": [],
          "identity_schema_version": 0,
          "private": "eyJlMmJmYjczMC1lY2FhLTExZTYtOGY4OC0zNDM2M2JjN2M0YzAiOnsiY3JlYXRlIjozMDAwMDAwMDAwMDAsImRlbGV0ZSI6MzAwMDAwMDAwMDAwLCJ1cGRhdGUiOjEyMDAwMDAwMDAwMH19",
          "dependencies": [
            "module.shared.module.subnet.aws_subnet.public_c",
            "module.shared.module.vpc.aws_internet_gateway.igw",
            "module.shared.module.vpc.aws_route_table.public",
            "module.shared.module.vpc.aws_vpc.main"
          ]
        }
      ]
    },
    {
      "module": "module.shared.module.nat_gateway",
      "mode": "managed",
      "type": "aws_eip",
      "name": "nat",
      "provider": "provider[\"registry.terraform.io/hashicorp/aws\"]",
      "instances": [
        {
          "schema_version": 0,
          "attributes": {
            "address": null,
            "allocation_id": "eipalloc-0122636193dd98a04",
            "arn": "arn:aws:ec2:ap-northeast-2:346011888304:elastic-ip/eipalloc-0122636193dd98a04",
            "associate_with_private_ip": null,
            "association_id": "",
            "carrier_ip": "",
            "customer_owned_ip": "",
            "customer_owned_ipv4_pool": "",
            "domain": "vpc",
            "id": "eipalloc-0122636193dd98a04",
            "instance": "",
            "ipam_pool_id": null,
            "network_border_group": "ap-northeast-2",
            "network_interface": "",
            "private_dns": null,
            "private_ip": "",
            "ptr_record": "",
            "public_dns": "ec2-3-34-227-203.ap-northeast-2.compute.amazonaws.com",
            "public_ip": "3.34.227.203",
            "public_ipv4_pool": "amazon",
            "region": "ap-northeast-2",
            "tags": {
              "Name": "docker-v1-nat-eip"
            },
            "tags_all": {
              "Name": "docker-v1-nat-eip"
            },
            "timeouts": null
          },
          "sensitive_attributes": [],
          "identity_schema_version": 0,
          "private": "eyJlMmJmYjczMC1lY2FhLTExZTYtOGY4OC0zNDM2M2JjN2M0YzAiOnsiZGVsZXRlIjoxODAwMDAwMDAwMDAsInJlYWQiOjkwMDAwMDAwMDAwMCwidXBkYXRlIjozMDAwMDAwMDAwMDB9fQ=="
        }
      ]
    },
    {
      "module": "module.shared.module.nat_gateway",
      "mode": "managed",
      "type": "aws_nat_gateway",
      "name": "this",
      "provider": "provider[\"registry.terraform.io/hashicorp/aws\"]",
      "instances": [
        {
          "schema_version": 0,
          "attributes": {
            "allocation_id": "eipalloc-0122636193dd98a04",
            "association_id": "eipassoc-06b149b4004bbc511",
            "connectivity_type": "public",
            "id": "nat-0e78428ae2013d75b",
            "network_interface_id": "eni-03ee9a1e4dba9bedc",
            "private_ip": "172.16.0.76",
            "public_ip": "3.34.227.203",
            "region": "ap-northeast-2",
            "secondary_allocation_ids": null,
            "secondary_private_ip_address_count": 0,
            "secondary_private_ip_addresses": [],
            "subnet_id": "subnet-05c772738f9b746d7",
            "tags": {
              "Name": "docker-v1-natgw"
            },
            "tags_all": {
              "Name": "docker-v1-natgw"
            },
            "timeouts": null
          },
          "sensitive_attributes": [],
          "identity_schema_version": 0,
          "private": "eyJlMmJmYjczMC1lY2FhLTExZTYtOGY4OC0zNDM2M2JjN2M0YzAiOnsiY3JlYXRlIjo2MDAwMDAwMDAwMDAsImRlbGV0ZSI6MTgwMDAwMDAwMDAwMCwidXBkYXRlIjo2MDAwMDAwMDAwMDB9fQ==",
          "dependencies": [
            "module.shared.module.nat_gateway.aws_eip.nat",
            "module.shared.module.subnet.aws_subnet.public_a",
            "module.shared.module.vpc.aws_vpc.main"
          ]
        }
      ]
    },
    {
      "module": "module.shared.module.nat_gateway",
      "mode": "managed",
      "type": "aws_route",
      "name": "nat_gateway_route",
      "provider": "provider[\"registry.terraform.io/hashicorp/aws\"]",
      "instances": [
        {
          "schema_version": 0,
          "attributes": {
            "carrier_gateway_id": "",
            "core_network_arn": "",
            "destination_cidr_block": "0.0.0.0/0",
            "destination_ipv6_cidr_block": "",
            "destination_prefix_list_id": "",
            "egress_only_gateway_id": "",
            "gateway_id": "",
            "id": "r-rtb-0377eb27f28c7b7891080289494",
            "instance_id": "",
            "instance_owner_id": "",
            "local_gateway_id": "",
            "nat_gateway_id": "nat-0e78428ae2013d75b",
            "network_interface_id": "",
            "origin": "CreateRoute",
            "region": "ap-northeast-2",
            "route_table_id": "rtb-0377eb27f28c7b789",
            "state": "active",
            "timeouts": null,
            "transit_gateway_id": "",
            "vpc_endpoint_id": "",
            "vpc_peering_connection_id": ""
          },
          "sensitive_attributes": [],
          "identity_schema_version": 0,
          "private": "eyJlMmJmYjczMC1lY2FhLTExZTYtOGY4OC0zNDM2M2JjN2M0YzAiOnsiY3JlYXRlIjozMDAwMDAwMDAwMDAsImRlbGV0ZSI6MzAwMDAwMDAwMDAwLCJ1cGRhdGUiOjEyMDAwMDAwMDAwMH19",
          "dependencies": [
            "module.shared.module.nat_gateway.aws_eip.nat",
            "module.shared.module.nat_gateway.aws_nat_gateway.this",
            "module.shared.module.nat_gateway.aws_route_table.private",
            "module.shared.module.subnet.aws_subnet.public_a",
            "module.shared.module.vpc.aws_vpc.main"
          ]
        }
      ]
    },
    {
      "module": "module.shared.module.nat_gateway",
      "mode": "managed",
      "type": "aws_route_table",
      "name": "private",
      "provider": "provider[\"registry.terraform.io/hashicorp/aws\"]",
      "instances": [
        {
          "schema_version": 0,
          "attributes": {
            "arn": "arn:aws:ec2:ap-northeast-2:346011888304:route-table/rtb-0377eb27f28c7b789",
            "id": "rtb-0377eb27f28c7b789",
            "owner_id": "346011888304",
            "propagating_vgws": [],
            "region": "ap-northeast-2",
            "route": [],
            "tags": {
              "Name": "docker-v1-privateRT"
            },
            "tags_all": {
              "Name": "docker-v1-privateRT"
            },
            "timeouts": null,
            "vpc_id": "vpc-0fb47682a4ba774bc"
          },
          "sensitive_attributes": [],
          "identity_schema_version": 0,
          "private": "eyJlMmJmYjczMC1lY2FhLTExZTYtOGY4OC0zNDM2M2JjN2M0YzAiOnsiY3JlYXRlIjozMDAwMDAwMDAwMDAsImRlbGV0ZSI6MzAwMDAwMDAwMDAwLCJ1cGRhdGUiOjEyMDAwMDAwMDAwMH19",
          "dependencies": [
            "module.shared.module.vpc.aws_vpc.main"
          ]
        }
      ]
    },
    {
      "module": "module.shared.module.nat_gateway",
      "mode": "managed",
      "type": "aws_route_table",
      "name": "private_db",
      "provider": "provider[\"registry.terraform.io/hashicorp/aws\"]",
      "instances": [
        {
          "schema_version": 0,
          "attributes": {
            "arn": "arn:aws:ec2:ap-northeast-2:346011888304:route-table/rtb-0df34ac83094356c1",
            "id": "rtb-0df34ac83094356c1",
            "owner_id": "346011888304",
            "propagating_vgws": [],
            "region": "ap-northeast-2",
            "route": [],
            "tags": {
              "Name": "docker-v1-privateRT-db"
            },
            "tags_all": {
              "Name": "docker-v1-privateRT-db"
            },
            "timeouts": null,
            "vpc_id": "vpc-0fb47682a4ba774bc"
          },
          "sensitive_attributes": [],
          "identity_schema_version": 0,
          "private": "eyJlMmJmYjczMC1lY2FhLTExZTYtOGY4OC0zNDM2M2JjN2M0YzAiOnsiY3JlYXRlIjozMDAwMDAwMDAwMDAsImRlbGV0ZSI6MzAwMDAwMDAwMDAwLCJ1cGRhdGUiOjEyMDAwMDAwMDAwMH19",
          "dependencies": [
            "module.shared.module.vpc.aws_vpc.main"
          ]
        }
      ]
    },
    {
      "module": "module.shared.module.nat_gateway",
      "mode": "managed",
      "type": "aws_route_table_association",
      "name": "private_a_back",
      "provider": "provider[\"registry.terraform.io/hashicorp/aws\"]",
      "instances": [
        {
          "schema_version": 0,
          "attributes": {
            "gateway_id": "",
            "id": "rtbassoc-0f3c8b2cd0dd73de8",
            "region": "ap-northeast-2",
            "route_table_id": "rtb-0377eb27f28c7b789",
            "subnet_id": "subnet-0f07558f627063bff",
            "timeouts": null
          },
          "sensitive_attributes": [],
          "identity_schema_version": 0,
          "private": "eyJlMmJmYjczMC1lY2FhLTExZTYtOGY4OC0zNDM2M2JjN2M0YzAiOnsiY3JlYXRlIjozMDAwMDAwMDAwMDAsImRlbGV0ZSI6MzAwMDAwMDAwMDAwLCJ1cGRhdGUiOjEyMDAwMDAwMDAwMH19",
          "dependencies": [
            "module.shared.module.nat_gateway.aws_route_table.private",
            "module.shared.module.subnet.aws_subnet.private_a_back",
            "module.shared.module.vpc.aws_vpc.main"
          ]
        }
      ]
    },
    {
      "module": "module.shared.module.nat_gateway",
      "mode": "managed",
      "type": "aws_route_table_association",
      "name": "private_a_db",
      "provider": "provider[\"registry.terraform.io/hashicorp/aws\"]",
      "instances": [
        {
          "schema_version": 0,
          "attributes": {
            "gateway_id": "",
            "id": "rtbassoc-0511fd6b5b0365a7c",
            "region": "ap-northeast-2",
            "route_table_id": "rtb-0df34ac83094356c1",
            "subnet_id": "subnet-0e771a9ef7cdd9df8",
            "timeouts": null
          },
          "sensitive_attributes": [],
          "identity_schema_version": 0,
          "private": "eyJlMmJmYjczMC1lY2FhLTExZTYtOGY4OC0zNDM2M2JjN2M0YzAiOnsiY3JlYXRlIjozMDAwMDAwMDAwMDAsImRlbGV0ZSI6MzAwMDAwMDAwMDAwLCJ1cGRhdGUiOjEyMDAwMDAwMDAwMH19",
          "dependencies": [
            "module.shared.module.nat_gateway.aws_route_table.private_db",
            "module.shared.module.subnet.aws_subnet.private_a_db",
            "module.shared.module.vpc.aws_vpc.main"
          ]
        }
      ]
    },
    {
      "module": "module.shared.module.nat_gateway",
      "mode": "managed",
      "type": "aws_route_table_association",
      "name": "private_a_front",
      "provider": "provider[\"registry.terraform.io/hashicorp/aws\"]",
      "instances": [
        {
          "schema_version": 0,
          "attributes": {
            "gateway_id": "",
            "id": "rtbassoc-0c0f359a21d7cdb08",
            "region": "ap-northeast-2",
            "route_table_id": "rtb-0377eb27f28c7b789",
            "subnet_id": "subnet-0f528f3c3fadd0dc0",
            "timeouts": null
          },
          "sensitive_attributes": [],
          "identity_schema_version": 0,
          "private": "eyJlMmJmYjczMC1lY2FhLTExZTYtOGY4OC0zNDM2M2JjN2M0YzAiOnsiY3JlYXRlIjozMDAwMDAwMDAwMDAsImRlbGV0ZSI6MzAwMDAwMDAwMDAwLCJ1cGRhdGUiOjEyMDAwMDAwMDAwMH19",
          "dependencies": [
            "module.shared.module.nat_gateway.aws_route_table.private",
            "module.shared.module.subnet.aws_subnet.private_a_front",
            "module.shared.module.vpc.aws_vpc.main"
          ]
        }
      ]
    },
    {
      "module": "module.shared.module.nat_gateway",
      "mode": "managed",
      "type": "aws_route_table_association",
      "name": "private_c_back",
      "provider": "provider[\"registry.terraform.io/hashicorp/aws\"]",
      "instances": [
        {
          "schema_version": 0,
          "attributes": {
            "gateway_id": "",
            "id": "rtbassoc-0dcfd06ed6f0a7089",
            "region": "ap-northeast-2",
            "route_table_id": "rtb-0377eb27f28c7b789",
            "subnet_id": "subnet-0109906ab5b5174f1",
            "timeouts": null
          },
          "sensitive_attributes": [],
          "identity_schema_version": 0,
          "private": "eyJlMmJmYjczMC1lY2FhLTExZTYtOGY4OC0zNDM2M2JjN2M0YzAiOnsiY3JlYXRlIjozMDAwMDAwMDAwMDAsImRlbGV0ZSI6MzAwMDAwMDAwMDAwLCJ1cGRhdGUiOjEyMDAwMDAwMDAwMH19",
          "dependencies": [
            "module.shared.module.nat_gateway.aws_route_table.private",
            "module.shared.module.subnet.aws_subnet.private_c_back",
            "module.shared.module.vpc.aws_vpc.main"
          ]
        }
      ]
    },
    {
      "module": "module.shared.module.nat_gateway",
      "mode": "managed",
      "type": "aws_route_table_association",
      "name": "private_c_db",
      "provider": "provider[\"registry.terraform.io/hashicorp/aws\"]",
      "instances": [
        {
          "schema_version": 0,
          "attributes": {
            "gateway_id": "",
            "id": "rtbassoc-01b54e92bcfe48720",
            "region": "ap-northeast-2",
            "route_table_id": "rtb-0df34ac83094356c1",
            "subnet_id": "subnet-01f64fb7b57298e63",
            "timeouts": null
          },
          "sensitive_attributes": [],
          "identity_schema_version": 0,
          "private": "eyJlMmJmYjczMC1lY2FhLTExZTYtOGY4OC0zNDM2M2JjN2M0YzAiOnsiY3JlYXRlIjozMDAwMDAwMDAwMDAsImRlbGV0ZSI6MzAwMDAwMDAwMDAwLCJ1cGRhdGUiOjEyMDAwMDAwMDAwMH19",
          "dependencies": [
            "module.shared.module.nat_gateway.aws_route_table.private_db",
            "module.shared.module.subnet.aws_subnet.private_c_db",
            "module.shared.module.vpc.aws_vpc.main"
          ]
        }
      ]
    },
    {
      "module": "module.shared.module.nat_gateway",
      "mode": "managed",
      "type": "aws_route_table_association",
      "name": "private_c_front",
      "provider": "provider[\"registry.terraform.io/hashicorp/aws\"]",
      "instances": [
        {
          "schema_version": 0,
          "attributes": {
            "gateway_id": "",
            "id": "rtbassoc-013c61698c33ba06c",
            "region": "ap-northeast-2",
            "route_table_id": "rtb-0377eb27f28c7b789",
            "subnet_id": "subnet-0583dc8da2ce6aba0",
            "timeouts": null
          },
          "sensitive_attributes": [],
          "identity_schema_version": 0,
          "private": "eyJlMmJmYjczMC1lY2FhLTExZTYtOGY4OC0zNDM2M2JjN2M0YzAiOnsiY3JlYXRlIjozMDAwMDAwMDAwMDAsImRlbGV0ZSI6MzAwMDAwMDAwMDAwLCJ1cGRhdGUiOjEyMDAwMDAwMDAwMH19",
          "dependencies": [
            "module.shared.module.nat_gateway.aws_route_table.private",
            "module.shared.module.subnet.aws_subnet.private_c_front",
            "module.shared.module.vpc.aws_vpc.main"
          ]
        }
      ]
    },
    {
      "module": "module.shared.module.subnet",
      "mode": "managed",
      "type": "aws_subnet",
      "name": "private_a_back",
      "provider": "provider[\"registry.terraform.io/hashicorp/aws\"]",
      "instances": [
        {
          "schema_version": 1,
          "attributes": {
            "arn": "arn:aws:ec2:ap-northeast-2:346011888304:subnet/subnet-0f07558f627063bff",
            "assign_ipv6_address_on_creation": false,
            "availability_zone": "ap-northeast-2a",
            "availability_zone_id": "apne2-az1",
            "cidr_block": "172.16.20.0/24",
            "customer_owned_ipv4_pool": "",
            "enable_dns64": false,
            "enable_lni_at_device_index": 0,
            "enable_resource_name_dns_a_record_on_launch": false,
            "enable_resource_name_dns_aaaa_record_on_launch": false,
            "id": "subnet-0f07558f627063bff",
            "ipv6_cidr_block": "",
            "ipv6_cidr_block_association_id": "",
            "ipv6_native": false,
            "map_customer_owned_ip_on_launch": false,
            "map_public_ip_on_launch": false,
            "outpost_arn": "",
            "owner_id": "346011888304",
            "private_dns_hostname_type_on_launch": "ip-name",
            "region": "ap-northeast-2",
            "tags": {
              "Name": "private-subnet-a-back"
            },
            "tags_all": {
              "Name": "private-subnet-a-back"
            },
            "timeouts": null,
            "vpc_id": "vpc-0fb47682a4ba774bc"
          },
          "sensitive_attributes": [],
          "identity_schema_version": 0,
          "private": "eyJlMmJmYjczMC1lY2FhLTExZTYtOGY4OC0zNDM2M2JjN2M0YzAiOnsiY3JlYXRlIjo2MDAwMDAwMDAwMDAsImRlbGV0ZSI6MTIwMDAwMDAwMDAwMH0sInNjaGVtYV92ZXJzaW9uIjoiMSJ9",
          "dependencies": [
            "module.shared.module.vpc.aws_vpc.main"
          ],
          "create_before_destroy": true
        }
      ]
    },
    {
      "module": "module.shared.module.subnet",
      "mode": "managed",
      "type": "aws_subnet",
      "name": "private_a_db",
      "provider": "provider[\"registry.terraform.io/hashicorp/aws\"]",
      "instances": [
        {
          "schema_version": 1,
          "attributes": {
            "arn": "arn:aws:ec2:ap-northeast-2:346011888304:subnet/subnet-0e771a9ef7cdd9df8",
            "assign_ipv6_address_on_creation": false,
            "availability_zone": "ap-northeast-2a",
            "availability_zone_id": "apne2-az1",
            "cidr_block": "172.16.30.0/24",
            "customer_owned_ipv4_pool": "",
            "enable_dns64": false,
            "enable_lni_at_device_index": 0,
            "enable_resource_name_dns_a_record_on_launch": false,
            "enable_resource_name_dns_aaaa_record_on_launch": false,
            "id": "subnet-0e771a9ef7cdd9df8",
            "ipv6_cidr_block": "",
            "ipv6_cidr_block_association_id": "",
            "ipv6_native": false,
            "map_customer_owned_ip_on_launch": false,
            "map_public_ip_on_launch": false,
            "outpost_arn": "",
            "owner_id": "346011888304",
            "private_dns_hostname_type_on_launch": "ip-name",
            "region": "ap-northeast-2",
            "tags": {
              "Name": "private-subnet-a-db"
            },
            "tags_all": {
              "Name": "private-subnet-a-db"
            },
            "timeouts": null,
            "vpc_id": "vpc-0fb47682a4ba774bc"
          },
          "sensitive_attributes": [],
          "identity_schema_version": 0,
          "private": "eyJlMmJmYjczMC1lY2FhLTExZTYtOGY4OC0zNDM2M2JjN2M0YzAiOnsiY3JlYXRlIjo2MDAwMDAwMDAwMDAsImRlbGV0ZSI6MTIwMDAwMDAwMDAwMH0sInNjaGVtYV92ZXJzaW9uIjoiMSJ9",
          "dependencies": [
            "module.shared.module.vpc.aws_vpc.main"
          ]
        }
      ]
    },
    {
      "module": "module.shared.module.subnet",
      "mode": "managed",
      "type": "aws_subnet",
      "name": "private_a_front",
      "provider": "provider[\"registry.terraform.io/hashicorp/aws\"]",
      "instances": [
        {
          "schema_version": 1,
          "attributes": {
            "arn": "arn:aws:ec2:ap-northeast-2:346011888304:subnet/subnet-0f528f3c3fadd0dc0",
            "assign_ipv6_address_on_creation": false,
            "availability_zone": "ap-northeast-2a",
            "availability_zone_id": "apne2-az1",
            "cidr_block": "172.16.10.0/24",
            "customer_owned_ipv4_pool": "",
            "enable_dns64": false,
            "enable_lni_at_device_index": 0,
            "enable_resource_name_dns_a_record_on_launch": false,
            "enable_resource_name_dns_aaaa_record_on_launch": false,
            "id": "subnet-0f528f3c3fadd0dc0",
            "ipv6_cidr_block": "",
            "ipv6_cidr_block_association_id": "",
            "ipv6_native": false,
            "map_customer_owned_ip_on_launch": false,
            "map_public_ip_on_launch": false,
            "outpost_arn": "",
            "owner_id": "346011888304",
            "private_dns_hostname_type_on_launch": "ip-name",
            "region": "ap-northeast-2",
            "tags": {
              "Name": "private-subnet-a-front"
            },
            "tags_all": {
              "Name": "private-subnet-a-front"
            },
            "timeouts": null,
            "vpc_id": "vpc-0fb47682a4ba774bc"
          },
          "sensitive_attributes": [],
          "identity_schema_version": 0,
          "private": "eyJlMmJmYjczMC1lY2FhLTExZTYtOGY4OC0zNDM2M2JjN2M0YzAiOnsiY3JlYXRlIjo2MDAwMDAwMDAwMDAsImRlbGV0ZSI6MTIwMDAwMDAwMDAwMH0sInNjaGVtYV92ZXJzaW9uIjoiMSJ9",
          "dependencies": [
            "module.shared.module.vpc.aws_vpc.main"
          ],
          "create_before_destroy": true
        }
      ]
    },
    {
      "module": "module.shared.module.subnet",
      "mode": "managed",
      "type": "aws_subnet",
      "name": "private_c_back",
      "provider": "provider[\"registry.terraform.io/hashicorp/aws\"]",
      "instances": [
        {
          "schema_version": 1,
          "attributes": {
            "arn": "arn:aws:ec2:ap-northeast-2:346011888304:subnet/subnet-0109906ab5b5174f1",
            "assign_ipv6_address_on_creation": false,
            "availability_zone": "ap-northeast-2c",
            "availability_zone_id": "apne2-az3",
            "cidr_block": "172.16.21.0/24",
            "customer_owned_ipv4_pool": "",
            "enable_dns64": false,
            "enable_lni_at_device_index": 0,
            "enable_resource_name_dns_a_record_on_launch": false,
            "enable_resource_name_dns_aaaa_record_on_launch": false,
            "id": "subnet-0109906ab5b5174f1",
            "ipv6_cidr_block": "",
            "ipv6_cidr_block_association_id": "",
            "ipv6_native": false,
            "map_customer_owned_ip_on_launch": false,
            "map_public_ip_on_launch": false,
            "outpost_arn": "",
            "owner_id": "346011888304",
            "private_dns_hostname_type_on_launch": "ip-name",
            "region": "ap-northeast-2",
            "tags": {
              "Name": "private-subnet-c-back"
            },
            "tags_all": {
              "Name": "private-subnet-c-back"
            },
            "timeouts": null,
            "vpc_id": "vpc-0fb47682a4ba774bc"
          },
          "sensitive_attributes": [],
          "identity_schema_version": 0,
          "private": "eyJlMmJmYjczMC1lY2FhLTExZTYtOGY4OC0zNDM2M2JjN2M0YzAiOnsiY3JlYXRlIjo2MDAwMDAwMDAwMDAsImRlbGV0ZSI6MTIwMDAwMDAwMDAwMH0sInNjaGVtYV92ZXJzaW9uIjoiMSJ9",
          "dependencies": [
            "module.shared.module.vpc.aws_vpc.main"
          ],
          "create_before_destroy": true
        }
      ]
    },
    {
      "module": "module.shared.module.subnet",
      "mode": "managed",
      "type": "aws_subnet",
      "name": "private_c_db",
      "provider": "provider[\"registry.terraform.io/hashicorp/aws\"]",
      "instances": [
        {
          "schema_version": 1,
          "attributes": {
            "arn": "arn:aws:ec2:ap-northeast-2:346011888304:subnet/subnet-01f64fb7b57298e63",
            "assign_ipv6_address_on_creation": false,
            "availability_zone": "ap-northeast-2c",
            "availability_zone_id": "apne2-az3",
            "cidr_block": "172.16.31.0/24",
            "customer_owned_ipv4_pool": "",
            "enable_dns64": false,
            "enable_lni_at_device_index": 0,
            "enable_resource_name_dns_a_record_on_launch": false,
            "enable_resource_name_dns_aaaa_record_on_launch": false,
            "id": "subnet-01f64fb7b57298e63",
            "ipv6_cidr_block": "",
            "ipv6_cidr_block_association_id": "",
            "ipv6_native": false,
            "map_customer_owned_ip_on_launch": false,
            "map_public_ip_on_launch": false,
            "outpost_arn": "",
            "owner_id": "346011888304",
            "private_dns_hostname_type_on_launch": "ip-name",
            "region": "ap-northeast-2",
            "tags": {
              "Name": "private-subnet-c-db"
            },
            "tags_all": {
              "Name": "private-subnet-c-db"
            },
            "timeouts": null,
            "vpc_id": "vpc-0fb47682a4ba774bc"
          },
          "sensitive_attributes": [],
          "identity_schema_version": 0,
          "private": "eyJlMmJmYjczMC1lY2FhLTExZTYtOGY4OC0zNDM2M2JjN2M0YzAiOnsiY3JlYXRlIjo2MDAwMDAwMDAwMDAsImRlbGV0ZSI6MTIwMDAwMDAwMDAwMH0sInNjaGVtYV92ZXJzaW9uIjoiMSJ9",
          "dependencies": [
            "module.shared.module.vpc.aws_vpc.main"
          ]
        }
      ]
    },
    {
      "module": "module.shared.module.subnet",
      "mode": "managed",
      "type": "aws_subnet",
      "name": "private_c_front",
      "provider": "provider[\"registry.terraform.io/hashicorp/aws\"]",
      "instances": [
        {
          "schema_version": 1,
          "attributes": {
            "arn": "arn:aws:ec2:ap-northeast-2:346011888304:subnet/subnet-0583dc8da2ce6aba0",
            "assign_ipv6_address_on_creation": false,
            "availability_zone": "ap-northeast-2c",
            "availability_zone_id": "apne2-az3",
            "cidr_block": "172.16.11.0/24",
            "customer_owned_ipv4_pool": "",
            "enable_dns64": false,
            "enable_lni_at_device_index": 0,
            "enable_resource_name_dns_a_record_on_launch": false,
            "enable_resource_name_dns_aaaa_record_on_launch": false,
            "id": "subnet-0583dc8da2ce6aba0",
            "ipv6_cidr_block": "",
            "ipv6_cidr_block_association_id": "",
            "ipv6_native": false,
            "map_customer_owned_ip_on_launch": false,
            "map_public_ip_on_launch": false,
            "outpost_arn": "",
            "owner_id": "346011888304",
            "private_dns_hostname_type_on_launch": "ip-name",
            "region": "ap-northeast-2",
            "tags": {
              "Name": "private-subnet-c-front"
            },
            "tags_all": {
              "Name": "private-subnet-c-front"
            },
            "timeouts": null,
            "vpc_id": "vpc-0fb47682a4ba774bc"
          },
          "sensitive_attributes": [],
          "identity_schema_version": 0,
          "private": "eyJlMmJmYjczMC1lY2FhLTExZTYtOGY4OC0zNDM2M2JjN2M0YzAiOnsiY3JlYXRlIjo2MDAwMDAwMDAwMDAsImRlbGV0ZSI6MTIwMDAwMDAwMDAwMH0sInNjaGVtYV92ZXJzaW9uIjoiMSJ9",
          "dependencies": [
            "module.shared.module.vpc.aws_vpc.main"
          ],
          "create_before_destroy": true
        }
      ]
    },
    {
      "module": "module.shared.module.subnet",
      "mode": "managed",
      "type": "aws_subnet",
      "name": "public_a",
      "provider": "provider[\"registry.terraform.io/hashicorp/aws\"]",
      "instances": [
        {
          "schema_version": 1,
          "attributes": {
            "arn": "arn:aws:ec2:ap-northeast-2:346011888304:subnet/subnet-05c772738f9b746d7",
            "assign_ipv6_address_on_creation": false,
            "availability_zone": "ap-northeast-2a",
            "availability_zone_id": "apne2-az1",
            "cidr_block": "172.16.0.0/24",
            "customer_owned_ipv4_pool": "",
            "enable_dns64": false,
            "enable_lni_at_device_index": 0,
            "enable_resource_name_dns_a_record_on_launch": false,
            "enable_resource_name_dns_aaaa_record_on_launch": false,
            "id": "subnet-05c772738f9b746d7",
            "ipv6_cidr_block": "",
            "ipv6_cidr_block_association_id": "",
            "ipv6_native": false,
            "map_customer_owned_ip_on_launch": false,
            "map_public_ip_on_launch": true,
            "outpost_arn": "",
            "owner_id": "346011888304",
            "private_dns_hostname_type_on_launch": "ip-name",
            "region": "ap-northeast-2",
            "tags": {
              "Name": "public-subnet-a"
            },
            "tags_all": {
              "Name": "public-subnet-a"
            },
            "timeouts": null,
            "vpc_id": "vpc-0fb47682a4ba774bc"
          },
          "sensitive_attributes": [],
          "identity_schema_version": 0,
          "private": "eyJlMmJmYjczMC1lY2FhLTExZTYtOGY4OC0zNDM2M2JjN2M0YzAiOnsiY3JlYXRlIjo2MDAwMDAwMDAwMDAsImRlbGV0ZSI6MTIwMDAwMDAwMDAwMH0sInNjaGVtYV92ZXJzaW9uIjoiMSJ9",
          "dependencies": [
            "module.shared.module.vpc.aws_vpc.main"
          ],
          "create_before_destroy": true
        }
      ]
    },
    {
      "module": "module.shared.module.subnet",
      "mode": "managed",
      "type": "aws_subnet",
      "name": "public_c",
      "provider": "provider[\"registry.terraform.io/hashicorp/aws\"]",
      "instances": [
        {
          "schema_version": 1,
          "attributes": {
            "arn": "arn:aws:ec2:ap-northeast-2:346011888304:subnet/subnet-00757fb2a0619a042",
            "assign_ipv6_address_on_creation": false,
            "availability_zone": "ap-northeast-2c",
            "availability_zone_id": "apne2-az3",
            "cidr_block": "172.16.1.0/24",
            "customer_owned_ipv4_pool": "",
            "enable_dns64": false,
            "enable_lni_at_device_index": 0,
            "enable_resource_name_dns_a_record_on_launch": false,
            "enable_resource_name_dns_aaaa_record_on_launch": false,
            "id": "subnet-00757fb2a0619a042",
            "ipv6_cidr_block": "",
            "ipv6_cidr_block_association_id": "",
            "ipv6_native": false,
            "map_customer_owned_ip_on_launch": false,
            "map_public_ip_on_launch": true,
            "outpost_arn": "",
            "owner_id": "346011888304",
            "private_dns_hostname_type_on_launch": "ip-name",
            "region": "ap-northeast-2",
            "tags": {
              "Name": "public-subnet-c"
            },
            "tags_all": {
              "Name": "public-subnet-c"
            },
            "timeouts": null,
            "vpc_id": "vpc-0fb47682a4ba774bc"
          },
          "sensitive_attributes": [],
          "identity_schema_version": 0,
          "private": "eyJlMmJmYjczMC1lY2FhLTExZTYtOGY4OC0zNDM2M2JjN2M0YzAiOnsiY3JlYXRlIjo2MDAwMDAwMDAwMDAsImRlbGV0ZSI6MTIwMDAwMDAwMDAwMH0sInNjaGVtYV92ZXJzaW9uIjoiMSJ9",
          "dependencies": [
            "module.shared.module.vpc.aws_vpc.main"
          ]
        }
      ]
    },
    {
      "module": "module.shared.module.vpc",
      "mode": "managed",
      "type": "aws_internet_gateway",
      "name": "igw",
      "provider": "provider[\"registry.terraform.io/hashicorp/aws\"]",
      "instances": [
        {
          "schema_version": 0,
          "attributes": {
            "arn": "arn:aws:ec2:ap-northeast-2:346011888304:internet-gateway/igw-0411fc9393fd249c9",
            "id": "igw-0411fc9393fd249c9",
            "owner_id": "346011888304",
            "region": "ap-northeast-2",
            "tags": {
              "Name": "tamnara-eks-prod-igw"
            },
            "tags_all": {
              "Name": "tamnara-eks-prod-igw"
            },
            "timeouts": null,
            "vpc_id": "vpc-0fb47682a4ba774bc"
          },
          "sensitive_attributes": [],
          "identity_schema_version": 0,
          "private": "eyJlMmJmYjczMC1lY2FhLTExZTYtOGY4OC0zNDM2M2JjN2M0YzAiOnsiY3JlYXRlIjoxMjAwMDAwMDAwMDAwLCJkZWxldGUiOjEyMDAwMDAwMDAwMDAsInVwZGF0ZSI6MTIwMDAwMDAwMDAwMH19",
          "dependencies": [
            "module.shared.module.vpc.aws_vpc.main"
          ]
        }
      ]
    },
    {
      "module": "module.shared.module.vpc",
      "mode": "managed",
      "type": "aws_route_table",
      "name": "public",
      "provider": "provider[\"registry.terraform.io/hashicorp/aws\"]",
      "instances": [
        {
          "schema_version": 0,
          "attributes": {
            "arn": "arn:aws:ec2:ap-northeast-2:346011888304:route-table/rtb-0d0ea9fb690fe4219",
            "id": "rtb-0d0ea9fb690fe4219",
            "owner_id": "346011888304",
            "propagating_vgws": [],
            "region": "ap-northeast-2",
            "route": [
              {
                "carrier_gateway_id": "",
                "cidr_block": "0.0.0.0/0",
                "core_network_arn": "",
                "destination_prefix_list_id": "",
                "egress_only_gateway_id": "",
                "gateway_id": "igw-0411fc9393fd249c9",
                "ipv6_cidr_block": "",
                "local_gateway_id": "",
                "nat_gateway_id": "",
                "network_interface_id": "",
                "transit_gateway_id": "",
                "vpc_endpoint_id": "",
                "vpc_peering_connection_id": ""
              }
            ],
            "tags": {
              "Name": "tamnara-eks-prod-publicRT"
            },
            "tags_all": {
              "Name": "tamnara-eks-prod-publicRT"
            },
            "timeouts": null,
            "vpc_id": "vpc-0fb47682a4ba774bc"
          },
          "sensitive_attributes": [],
          "identity_schema_version": 0,
          "private": "eyJlMmJmYjczMC1lY2FhLTExZTYtOGY4OC0zNDM2M2JjN2M0YzAiOnsiY3JlYXRlIjozMDAwMDAwMDAwMDAsImRlbGV0ZSI6MzAwMDAwMDAwMDAwLCJ1cGRhdGUiOjEyMDAwMDAwMDAwMH19",
          "dependencies": [
            "module.shared.module.vpc.aws_internet_gateway.igw",
            "module.shared.module.vpc.aws_vpc.main"
          ]
        }
      ]
    },
    {
      "module": "module.shared.module.vpc",
      "mode": "managed",
      "type": "aws_vpc",
      "name": "main",
      "provider": "provider[\"registry.terraform.io/hashicorp/aws\"]",
      "instances": [
        {
          "schema_version": 1,
          "attributes": {
            "arn": "arn:aws:ec2:ap-northeast-2:346011888304:vpc/vpc-0fb47682a4ba774bc",
            "assign_generated_ipv6_cidr_block": false,
            "cidr_block": "172.16.0.0/16",
            "default_network_acl_id": "acl-0ea43bc6e881c8cf8",
            "default_route_table_id": "rtb-026ecc89b5623c7ea",
            "default_security_group_id": "sg-003fd812dabe1a25e",
            "dhcp_options_id": "dopt-057e17760c1177c52",
            "enable_dns_hostnames": true,
            "enable_dns_support": true,
            "enable_network_address_usage_metrics": false,
            "id": "vpc-0fb47682a4ba774bc",
            "instance_tenancy": "default",
            "ipv4_ipam_pool_id": null,
            "ipv4_netmask_length": null,
            "ipv6_association_id": "",
            "ipv6_cidr_block": "",
            "ipv6_cidr_block_network_border_group": "",
            "ipv6_ipam_pool_id": "",
            "ipv6_netmask_length": 0,
            "main_route_table_id": "rtb-026ecc89b5623c7ea",
            "owner_id": "346011888304",
            "region": "ap-northeast-2",
            "tags": {
              "Name": "tamnara-eks-prod-vpc"
            },
            "tags_all": {
              "Name": "tamnara-eks-prod-vpc"
            }
          },
          "sensitive_attributes": [],
          "identity_schema_version": 0,
          "private": "eyJzY2hlbWFfdmVyc2lvbiI6IjEifQ==",
          "create_before_destroy": true
        }
      ]
    },
    {
      "module": "module.shared.module.vpc_peering",
      "mode": "managed",
      "type": "aws_route",
      "name": "accepter_to_requester",
      "provider": "provider[\"registry.terraform.io/hashicorp/aws\"]",
      "instances": [
        {
          "index_key": "rt-0",
          "schema_version": 0,
          "attributes": {
            "carrier_gateway_id": "",
            "core_network_arn": "",
            "destination_cidr_block": "10.255.0.0/16",
            "destination_ipv6_cidr_block": "",
            "destination_prefix_list_id": "",
            "egress_only_gateway_id": "",
            "gateway_id": "",
            "id": "r-rtb-0377eb27f28c7b78916657118",
            "instance_id": "",
            "instance_owner_id": "",
            "local_gateway_id": "",
            "nat_gateway_id": "",
            "network_interface_id": "",
            "origin": "CreateRoute",
            "region": "ap-northeast-2",
            "route_table_id": "rtb-0377eb27f28c7b789",
            "state": "active",
            "timeouts": null,
            "transit_gateway_id": "",
            "vpc_endpoint_id": "",
            "vpc_peering_connection_id": "pcx-09d7ba4681766cdec"
          },
          "sensitive_attributes": [],
          "identity_schema_version": 0,
          "private": "eyJlMmJmYjczMC1lY2FhLTExZTYtOGY4OC0zNDM2M2JjN2M0YzAiOnsiY3JlYXRlIjozMDAwMDAwMDAwMDAsImRlbGV0ZSI6MzAwMDAwMDAwMDAwLCJ1cGRhdGUiOjEyMDAwMDAwMDAwMH19",
          "dependencies": [
            "module.shared.data.aws_vpc.shared",
            "module.shared.module.nat_gateway.aws_route_table.private",
            "module.shared.module.vpc.aws_internet_gateway.igw",
            "module.shared.module.vpc.aws_route_table.public",
            "module.shared.module.vpc.aws_vpc.main",
            "module.shared.module.vpc_peering.aws_vpc_peering_connection.this"
          ]
        },
        {
          "index_key": "rt-1",
          "schema_version": 0,
          "attributes": {
            "carrier_gateway_id": "",
            "core_network_arn": "",
            "destination_cidr_block": "10.255.0.0/16",
            "destination_ipv6_cidr_block": "",
            "destination_prefix_list_id": "",
            "egress_only_gateway_id": "",
            "gateway_id": "",
            "id": "r-rtb-0d0ea9fb690fe421916657118",
            "instance_id": "",
            "instance_owner_id": "",
            "local_gateway_id": "",
            "nat_gateway_id": "",
            "network_interface_id": "",
            "origin": "CreateRoute",
            "region": "ap-northeast-2",
            "route_table_id": "rtb-0d0ea9fb690fe4219",
            "state": "active",
            "timeouts": null,
            "transit_gateway_id": "",
            "vpc_endpoint_id": "",
            "vpc_peering_connection_id": "pcx-09d7ba4681766cdec"
          },
          "sensitive_attributes": [],
          "identity_schema_version": 0,
          "private": "eyJlMmJmYjczMC1lY2FhLTExZTYtOGY4OC0zNDM2M2JjN2M0YzAiOnsiY3JlYXRlIjozMDAwMDAwMDAwMDAsImRlbGV0ZSI6MzAwMDAwMDAwMDAwLCJ1cGRhdGUiOjEyMDAwMDAwMDAwMH19",
          "dependencies": [
            "module.shared.data.aws_vpc.shared",
            "module.shared.module.nat_gateway.aws_route_table.private",
            "module.shared.module.vpc.aws_internet_gateway.igw",
            "module.shared.module.vpc.aws_route_table.public",
            "module.shared.module.vpc.aws_vpc.main",
            "module.shared.module.vpc_peering.aws_vpc_peering_connection.this"
          ]
        }
      ]
    },
    {
      "module": "module.shared.module.vpc_peering",
      "mode": "managed",
      "type": "aws_route",
      "name": "requester_to_accepter",
      "provider": "provider[\"registry.terraform.io/hashicorp/aws\"]",
      "instances": [
        {
          "index_key": "rtb-0d4ef2d98fc6ee223",
          "schema_version": 0,
          "attributes": {
            "carrier_gateway_id": "",
            "core_network_arn": "",
            "destination_cidr_block": "172.16.0.0/16",
            "destination_ipv6_cidr_block": "",
            "destination_prefix_list_id": "",
            "egress_only_gateway_id": "",
            "gateway_id": "",
            "id": "r-rtb-0d4ef2d98fc6ee2231048290008",
            "instance_id": "",
            "instance_owner_id": "",
            "local_gateway_id": "",
            "nat_gateway_id": "",
            "network_interface_id": "",
            "origin": "CreateRoute",
            "region": "ap-northeast-2",
            "route_table_id": "rtb-0d4ef2d98fc6ee223",
            "state": "active",
            "timeouts": null,
            "transit_gateway_id": "",
            "vpc_endpoint_id": "",
            "vpc_peering_connection_id": "pcx-09d7ba4681766cdec"
          },
          "sensitive_attributes": [],
          "identity_schema_version": 0,
          "private": "eyJlMmJmYjczMC1lY2FhLTExZTYtOGY4OC0zNDM2M2JjN2M0YzAiOnsiY3JlYXRlIjozMDAwMDAwMDAwMDAsImRlbGV0ZSI6MzAwMDAwMDAwMDAwLCJ1cGRhdGUiOjEyMDAwMDAwMDAwMH19",
          "dependencies": [
            "module.shared.data.aws_route_tables.shared",
            "module.shared.data.aws_vpc.shared",
            "module.shared.module.vpc.aws_vpc.main",
            "module.shared.module.vpc_peering.aws_vpc_peering_connection.this"
          ]
        },
        {
          "index_key": "rtb-0d552a3b2660fcd12",
          "schema_version": 0,
          "attributes": {
            "carrier_gateway_id": "",
            "core_network_arn": "",
            "destination_cidr_block": "172.16.0.0/16",
            "destination_ipv6_cidr_block": "",
            "destination_prefix_list_id": "",
            "egress_only_gateway_id": "",
            "gateway_id": "",
            "id": "r-rtb-0d552a3b2660fcd121048290008",
            "instance_id": "",
            "instance_owner_id": "",
            "local_gateway_id": "",
            "nat_gateway_id": "",
            "network_interface_id": "",
            "origin": "CreateRoute",
            "region": "ap-northeast-2",
            "route_table_id": "rtb-0d552a3b2660fcd12",
            "state": "active",
            "timeouts": null,
            "transit_gateway_id": "",
            "vpc_endpoint_id": "",
            "vpc_peering_connection_id": "pcx-09d7ba4681766cdec"
          },
          "sensitive_attributes": [],
          "identity_schema_version": 0,
          "private": "eyJlMmJmYjczMC1lY2FhLTExZTYtOGY4OC0zNDM2M2JjN2M0YzAiOnsiY3JlYXRlIjozMDAwMDAwMDAwMDAsImRlbGV0ZSI6MzAwMDAwMDAwMDAwLCJ1cGRhdGUiOjEyMDAwMDAwMDAwMH19",
          "dependencies": [
            "module.shared.data.aws_route_tables.shared",
            "module.shared.data.aws_vpc.shared",
            "module.shared.module.vpc.aws_vpc.main",
            "module.shared.module.vpc_peering.aws_vpc_peering_connection.this"
          ]
        }
      ]
    },
    {
      "module": "module.shared.module.vpc_peering",
      "mode": "managed",
      "type": "aws_vpc_peering_connection",
      "name": "this",
      "provider": "provider[\"registry.terraform.io/hashicorp/aws\"]",
      "instances": [
        {
          "schema_version": 0,
          "attributes": {
            "accept_status": "pending-acceptance",
            "accepter": [],
            "auto_accept": false,
            "id": "pcx-09d7ba4681766cdec",
            "peer_owner_id": "346011888304",
            "peer_region": "ap-northeast-2",
            "peer_vpc_id": "vpc-0fb47682a4ba774bc",
            "region": "ap-northeast-2",
            "requester": [
              {
                "allow_remote_vpc_dns_resolution": false
              }
            ],
            "tags": null,
            "tags_all": {},
            "timeouts": null,
            "vpc_id": "vpc-0293cca3cb29f35f1"
          },
          "sensitive_attributes": [],
          "identity_schema_version": 0,
          "private": "eyJlMmJmYjczMC1lY2FhLTExZTYtOGY4OC0zNDM2M2JjN2M0YzAiOnsiY3JlYXRlIjo2MDAwMDAwMDAwMCwiZGVsZXRlIjo2MDAwMDAwMDAwMCwidXBkYXRlIjo2MDAwMDAwMDAwMH19",
          "dependencies": [
            "module.shared.module.vpc.aws_vpc.main"
          ]
        }
      ]
    },
    {
      "module": "module.shared.module.vpc_peering",
      "mode": "managed",
      "type": "aws_vpc_peering_connection_accepter",
      "name": "accepter",
      "provider": "provider[\"registry.terraform.io/hashicorp/aws\"]",
      "instances": [
        {
          "schema_version": 0,
          "attributes": {
            "accept_status": "active",
            "accepter": [
              {
                "allow_remote_vpc_dns_resolution": false
              }
            ],
            "auto_accept": true,
            "id": "pcx-09d7ba4681766cdec",
            "peer_owner_id": "346011888304",
            "peer_region": "ap-northeast-2",
            "peer_vpc_id": "vpc-0fb47682a4ba774bc",
            "region": "ap-northeast-2",
            "requester": [
              {
                "allow_remote_vpc_dns_resolution": false
              }
            ],
            "tags": null,
            "tags_all": {},
            "timeouts": null,
            "vpc_id": "vpc-0293cca3cb29f35f1",
            "vpc_peering_connection_id": "pcx-09d7ba4681766cdec"
          },
          "sensitive_attributes": [],
          "identity_schema_version": 0,
          "private": "eyJlMmJmYjczMC1lY2FhLTExZTYtOGY4OC0zNDM2M2JjN2M0YzAiOnsiY3JlYXRlIjo2MDAwMDAwMDAwMCwidXBkYXRlIjo2MDAwMDAwMDAwMH19",
          "dependencies": [
            "module.shared.module.vpc.aws_vpc.main",
            "module.shared.module.vpc_peering.aws_vpc_peering_connection.this"
          ]
        }
      ]
    }
  ],
  "check_results": null
}
