{
  "version": 4,
  "terraform_version": "1.12.1",
  "serial": 20,
  "lineage": "32ba8814-31cc-324f-f957-f1ccf7e8d527",
  "outputs": {},
  "resources": [
    {
      "module": "module.prod",
      "mode": "data",
      "type": "aws_eks_cluster_auth",
      "name": "this",
      "provider": "provider[\"registry.terraform.io/hashicorp/aws\"]",
      "instances": [
        {
          "schema_version": 0,
          "attributes": {
            "id": "tamnara-cluster",
            "name": "tamnara-cluster",
            "region": "ap-northeast-2",
            "token": "k8s-aws-v1.aHR0cHM6Ly9zdHMuYXAtbm9ydGhlYXN0LTIuYW1hem9uYXdzLmNvbS8_QWN0aW9uPUdldENhbGxlcklkZW50aXR5JlZlcnNpb249MjAxMS0wNi0xNSZYLUFtei1BbGdvcml0aG09QVdTNC1ITUFDLVNIQTI1NiZYLUFtei1DcmVkZW50aWFsPUFLSUFWQkQ3S05LWU5NWVVTVk5QJTJGMjAyNTA3MDIlMkZhcC1ub3J0aGVhc3QtMiUyRnN0cyUyRmF3czRfcmVxdWVzdCZYLUFtei1EYXRlPTIwMjUwNzAyVDAyNTAyNVomWC1BbXotRXhwaXJlcz0wJlgtQW16LVNpZ25lZEhlYWRlcnM9aG9zdCUzQngtazhzLWF3cy1pZCZYLUFtei1TaWduYXR1cmU9OWRiMWRjNWE4ZDQ1NmUwYzM5YjU3ZWE4Y2NkODU0YzM0YmY1ZTZlODM3YTNmZDgxYzE1OTZlZTM1MzBkODA5NQ"
          },
          "sensitive_attributes": [
            [
              {
                "type": "get_attr",
                "value": "token"
              }
            ]
          ],
          "identity_schema_version": 0
        }
      ]
    },
    {
      "module": "module.prod.module.eks.module.cluster",
      "mode": "managed",
      "type": "aws_eks_cluster",
      "name": "this",
      "provider": "provider[\"registry.terraform.io/hashicorp/aws\"]",
      "instances": [
        {
          "status": "tainted",
          "schema_version": 1,
          "attributes": {
            "access_config": [
              {
                "authentication_mode": "API_AND_CONFIG_MAP",
                "bootstrap_cluster_creator_admin_permissions": true
              }
            ],
            "arn": null,
            "bootstrap_self_managed_addons": true,
            "certificate_authority": null,
            "cluster_id": null,
            "compute_config": [],
            "created_at": null,
            "enabled_cluster_log_types": [
              "api",
              "audit",
              "authenticator",
              "controllerManager",
              "scheduler"
            ],
            "encryption_config": [],
            "endpoint": null,
            "force_update_version": null,
            "id": "tamnara-cluster",
            "identity": null,
            "kubernetes_network_config": null,
            "name": "tamnara-cluster",
            "outpost_config": [],
            "platform_version": null,
            "region": "ap-northeast-2",
            "remote_network_config": [],
            "role_arn": "arn:aws:iam::346011888304:role/tamnara-eks-cluster-role",
            "status": null,
            "storage_config": [],
            "tags": {
              "Environment": "eks",
              "ManagedBy": "Terraform",
              "Project": "tamnara"
            },
            "tags_all": {
              "Environment": "eks",
              "ManagedBy": "Terraform",
              "Project": "tamnara"
            },
            "timeouts": null,
            "upgrade_policy": null,
            "version": "1.33",
            "vpc_config": [
              {
                "cluster_security_group_id": "",
                "endpoint_private_access": true,
                "endpoint_public_access": true,
                "public_access_cidrs": [
                  "0.0.0.0/0"
                ],
                "security_group_ids": [
                  "sg-04b719d8cebeb4dd2"
                ],
                "subnet_ids": [
                  "subnet-02c1e77fe6164d4a6",
                  "subnet-0540e790bf92a87ed",
                  "subnet-077e2e665ee02c3d0",
                  "subnet-0cca65f217a692b41"
                ],
                "vpc_id": ""
              }
            ],
            "zonal_shift_config": []
          },
          "sensitive_attributes": [],
          "identity_schema_version": 0,
          "private": "eyJlMmJmYjczMC1lY2FhLTExZTYtOGY4OC0zNDM2M2JjN2M0YzAiOnsiY3JlYXRlIjoxODAwMDAwMDAwMDAwLCJkZWxldGUiOjkwMDAwMDAwMDAwMCwidXBkYXRlIjozNjAwMDAwMDAwMDAwfSwic2NoZW1hX3ZlcnNpb24iOiIxIn0=",
          "dependencies": [
            "module.prod.module.eks.module.cluster.aws_iam_role.this",
            "module.prod.module.eks.module.cluster.aws_security_group.cluster",
            "module.shared.module.subnet.aws_subnet.private_a_back",
            "module.shared.module.subnet.aws_subnet.private_a_front",
            "module.shared.module.subnet.aws_subnet.private_c_back",
            "module.shared.module.subnet.aws_subnet.private_c_front",
            "module.shared.module.vpc.aws_vpc.main"
          ],
          "create_before_destroy": true
        }
      ]
    },
    {
      "module": "module.prod.module.eks.module.cluster",
      "mode": "managed",
      "type": "aws_iam_role",
      "name": "this",
      "provider": "provider[\"registry.terraform.io/hashicorp/aws\"]",
      "instances": [
        {
          "schema_version": 0,
          "attributes": {
            "arn": "arn:aws:iam::346011888304:role/tamnara-eks-cluster-role",
            "assume_role_policy": "{\"Statement\":[{\"Action\":\"sts:AssumeRole\",\"Effect\":\"Allow\",\"Principal\":{\"Service\":\"eks.amazonaws.com\"}}],\"Version\":\"2012-10-17\"}",
            "create_date": "2025-07-02T02:50:47Z",
            "description": "",
            "force_detach_policies": false,
            "id": "tamnara-eks-cluster-role",
            "inline_policy": [],
            "managed_policy_arns": [],
            "max_session_duration": 3600,
            "name": "tamnara-eks-cluster-role",
            "name_prefix": "",
            "path": "/",
            "permissions_boundary": "",
            "tags": {
              "Environment": "eks",
              "ManagedBy": "Terraform",
              "Project": "tamnara"
            },
            "tags_all": {
              "Environment": "eks",
              "ManagedBy": "Terraform",
              "Project": "tamnara"
            },
            "unique_id": "AROAVBD7KNKYDY4PMXFG7"
          },
          "sensitive_attributes": [],
          "identity_schema_version": 0,
          "identity": {
            "account_id": "346011888304",
            "name": "tamnara-eks-cluster-role"
          },
          "private": "bnVsbA==",
          "create_before_destroy": true
        }
      ]
    },
    {
      "module": "module.prod.module.eks.module.cluster",
      "mode": "managed",
      "type": "aws_iam_role_policy_attachment",
      "name": "cluster_policy_attachment",
      "provider": "provider[\"registry.terraform.io/hashicorp/aws\"]",
      "instances": [
        {
          "index_key": "arn:aws:iam::aws:policy/AmazonEKSClusterPolicy",
          "schema_version": 0,
          "attributes": {
            "id": "tamnara-eks-cluster-role-20250702025049990600000001",
            "policy_arn": "arn:aws:iam::aws:policy/AmazonEKSClusterPolicy",
            "role": "tamnara-eks-cluster-role"
          },
          "sensitive_attributes": [],
          "identity_schema_version": 0,
          "private": "bnVsbA==",
          "dependencies": [
            "module.prod.module.eks.module.cluster.aws_iam_role.this"
          ],
          "create_before_destroy": true
        },
        {
          "index_key": "arn:aws:iam::aws:policy/AmazonEKSServicePolicy",
          "schema_version": 0,
          "attributes": {
            "id": "tamnara-eks-cluster-role-20250702025050489300000003",
            "policy_arn": "arn:aws:iam::aws:policy/AmazonEKSServicePolicy",
            "role": "tamnara-eks-cluster-role"
          },
          "sensitive_attributes": [],
          "identity_schema_version": 0,
          "private": "bnVsbA==",
          "dependencies": [
            "module.prod.module.eks.module.cluster.aws_iam_role.this"
          ],
          "create_before_destroy": true
        },
        {
          "index_key": "arn:aws:iam::aws:policy/CloudWatchLogsFullAccess",
          "schema_version": 0,
          "attributes": {
            "id": "tamnara-eks-cluster-role-20250702025050278100000002",
            "policy_arn": "arn:aws:iam::aws:policy/CloudWatchLogsFullAccess",
            "role": "tamnara-eks-cluster-role"
          },
          "sensitive_attributes": [],
          "identity_schema_version": 0,
          "private": "bnVsbA==",
          "dependencies": [
            "module.prod.module.eks.module.cluster.aws_iam_role.this"
          ],
          "create_before_destroy": true
        }
      ]
    },
    {
      "module": "module.prod.module.eks.module.cluster",
      "mode": "managed",
      "type": "aws_security_group",
      "name": "cluster",
      "provider": "provider[\"registry.terraform.io/hashicorp/aws\"]",
      "instances": [
        {
          "schema_version": 1,
          "attributes": {
            "arn": "arn:aws:ec2:ap-northeast-2:346011888304:security-group/sg-04b719d8cebeb4dd2",
            "description": "EKS cluster security group",
            "egress": [
              {
                "cidr_blocks": [
                  "172.16.0.0/16"
                ],
                "description": "Allow all outbound traffic",
                "from_port": 0,
                "ipv6_cidr_blocks": [],
                "prefix_list_ids": [],
                "protocol": "-1",
                "security_groups": [],
                "self": false,
                "to_port": 0
              }
            ],
            "id": "sg-04b719d8cebeb4dd2",
            "ingress": [
              {
                "cidr_blocks": [
                  "172.16.0.0/16"
                ],
                "description": "Allow internal VPC traffic",
                "from_port": 0,
                "ipv6_cidr_blocks": [],
                "prefix_list_ids": [],
                "protocol": "-1",
                "security_groups": [],
                "self": false,
                "to_port": 0
              }
            ],
            "name": "tamnara-eks-cluster-sg",
            "name_prefix": "",
            "owner_id": "346011888304",
            "region": "ap-northeast-2",
            "revoke_rules_on_delete": false,
            "tags": {
              "Name": "tamnara-eks-cluster-sg"
            },
            "tags_all": {
              "Name": "tamnara-eks-cluster-sg"
            },
            "timeouts": null,
            "vpc_id": "vpc-0934505bb83b8d0a0"
          },
          "sensitive_attributes": [],
          "identity_schema_version": 0,
          "private": "eyJlMmJmYjczMC1lY2FhLTExZTYtOGY4OC0zNDM2M2JjN2M0YzAiOnsiY3JlYXRlIjo2MDAwMDAwMDAwMDAsImRlbGV0ZSI6OTAwMDAwMDAwMDAwfSwic2NoZW1hX3ZlcnNpb24iOiIxIn0=",
          "dependencies": [
            "module.shared.module.vpc.aws_vpc.main"
          ],
          "create_before_destroy": true
        }
      ]
    },
    {
      "module": "module.prod.module.eks.module.node_groups[\"backend\"]",
      "mode": "managed",
      "type": "aws_iam_policy",
      "name": "s3_env_access",
      "provider": "provider[\"registry.terraform.io/hashicorp/aws\"]",
      "instances": [
        {
          "schema_version": 0,
          "attributes": {
            "arn": "arn:aws:iam::346011888304:policy/backend-s3-env-access",
            "attachment_count": 0,
            "description": "Allow EKS nodes to access environment files from S3",
            "id": "arn:aws:iam::346011888304:policy/backend-s3-env-access",
            "name": "backend-s3-env-access",
            "name_prefix": "",
            "path": "/",
            "policy": "{\"Statement\":[{\"Action\":[\"s3:GetObject\"],\"Effect\":\"Allow\",\"Resource\":[\"arn:aws:s3:::tamnara-environment/*\"]},{\"Action\":[\"s3:ListBucket\"],\"Effect\":\"Allow\",\"Resource\":[\"arn:aws:s3:::tamnara-environment\"]}],\"Version\":\"2012-10-17\"}",
            "policy_id": "ANPAVBD7KNKYB6JVB6CC2",
            "tags": {
              "Environment": "eks",
              "ManagedBy": "Terraform",
              "Project": "tamnara"
            },
            "tags_all": {
              "Environment": "eks",
              "ManagedBy": "Terraform",
              "Project": "tamnara"
            }
          },
          "sensitive_attributes": [],
          "identity_schema_version": 0,
          "private": "bnVsbA==",
          "dependencies": [
            "module.shared.module.subnet.aws_subnet.private_a_back",
            "module.shared.module.subnet.aws_subnet.private_a_front",
            "module.shared.module.subnet.aws_subnet.private_c_back",
            "module.shared.module.subnet.aws_subnet.private_c_front",
            "module.shared.module.vpc.aws_vpc.main"
          ],
          "create_before_destroy": true
        }
      ]
    },
    {
      "module": "module.prod.module.eks.module.node_groups[\"backend\"]",
      "mode": "managed",
      "type": "aws_iam_role",
      "name": "this",
      "provider": "provider[\"registry.terraform.io/hashicorp/aws\"]",
      "instances": [
        {
          "schema_version": 0,
          "attributes": {
            "arn": "arn:aws:iam::346011888304:role/backend-eks-node-role",
            "assume_role_policy": "{\"Statement\":[{\"Action\":\"sts:AssumeRole\",\"Effect\":\"Allow\",\"Principal\":{\"Service\":\"ec2.amazonaws.com\"}}],\"Version\":\"2012-10-17\"}",
            "create_date": "2025-07-02T02:51:03Z",
            "description": "",
            "force_detach_policies": false,
            "id": "backend-eks-node-role",
            "inline_policy": [],
            "managed_policy_arns": [],
            "max_session_duration": 3600,
            "name": "backend-eks-node-role",
            "name_prefix": "",
            "path": "/",
            "permissions_boundary": "",
            "tags": {
              "Environment": "eks",
              "ManagedBy": "Terraform",
              "Project": "tamnara"
            },
            "tags_all": {
              "Environment": "eks",
              "ManagedBy": "Terraform",
              "Project": "tamnara"
            },
            "unique_id": "AROAVBD7KNKYCMVROLKTG"
          },
          "sensitive_attributes": [],
          "identity_schema_version": 0,
          "identity": {
            "account_id": "346011888304",
            "name": "backend-eks-node-role"
          },
          "private": "bnVsbA==",
          "dependencies": [
            "module.shared.module.subnet.aws_subnet.private_a_back",
            "module.shared.module.subnet.aws_subnet.private_a_front",
            "module.shared.module.subnet.aws_subnet.private_c_back",
            "module.shared.module.subnet.aws_subnet.private_c_front",
            "module.shared.module.vpc.aws_vpc.main"
          ],
          "create_before_destroy": true
        }
      ]
    },
    {
      "module": "module.prod.module.eks.module.node_groups[\"backend\"]",
      "mode": "managed",
      "type": "aws_iam_role_policy_attachment",
      "name": "node_policy_attachment",
      "provider": "provider[\"registry.terraform.io/hashicorp/aws\"]",
      "instances": [
        {
          "index_key": "arn:aws:iam::aws:policy/AmazonEC2ContainerRegistryReadOnly",
          "schema_version": 0,
          "attributes": {
            "id": "backend-eks-node-role-20250702025105837000000008",
            "policy_arn": "arn:aws:iam::aws:policy/AmazonEC2ContainerRegistryReadOnly",
            "role": "backend-eks-node-role"
          },
          "sensitive_attributes": [],
          "identity_schema_version": 0,
          "private": "bnVsbA==",
          "dependencies": [
            "module.prod.module.eks.module.node_groups.aws_iam_role.this",
            "module.shared.module.subnet.aws_subnet.private_a_back",
            "module.shared.module.subnet.aws_subnet.private_a_front",
            "module.shared.module.subnet.aws_subnet.private_c_back",
            "module.shared.module.subnet.aws_subnet.private_c_front",
            "module.shared.module.vpc.aws_vpc.main"
          ],
          "create_before_destroy": true
        },
        {
          "index_key": "arn:aws:iam::aws:policy/AmazonEKSWorkerNodePolicy",
          "schema_version": 0,
          "attributes": {
            "id": "backend-eks-node-role-2025070202510588300000000a",
            "policy_arn": "arn:aws:iam::aws:policy/AmazonEKSWorkerNodePolicy",
            "role": "backend-eks-node-role"
          },
          "sensitive_attributes": [],
          "identity_schema_version": 0,
          "private": "bnVsbA==",
          "dependencies": [
            "module.prod.module.eks.module.node_groups.aws_iam_role.this",
            "module.shared.module.subnet.aws_subnet.private_a_back",
            "module.shared.module.subnet.aws_subnet.private_a_front",
            "module.shared.module.subnet.aws_subnet.private_c_back",
            "module.shared.module.subnet.aws_subnet.private_c_front",
            "module.shared.module.vpc.aws_vpc.main"
          ],
          "create_before_destroy": true
        },
        {
          "index_key": "arn:aws:iam::aws:policy/AmazonEKS_CNI_Policy",
          "schema_version": 0,
          "attributes": {
            "id": "backend-eks-node-role-2025070202510605290000000b",
            "policy_arn": "arn:aws:iam::aws:policy/AmazonEKS_CNI_Policy",
            "role": "backend-eks-node-role"
          },
          "sensitive_attributes": [],
          "identity_schema_version": 0,
          "private": "bnVsbA==",
          "dependencies": [
            "module.prod.module.eks.module.node_groups.aws_iam_role.this",
            "module.shared.module.subnet.aws_subnet.private_a_back",
            "module.shared.module.subnet.aws_subnet.private_a_front",
            "module.shared.module.subnet.aws_subnet.private_c_back",
            "module.shared.module.subnet.aws_subnet.private_c_front",
            "module.shared.module.vpc.aws_vpc.main"
          ],
          "create_before_destroy": true
        }
      ]
    },
    {
      "module": "module.prod.module.eks.module.node_groups[\"backend\"]",
      "mode": "managed",
      "type": "aws_iam_role_policy_attachment",
      "name": "s3_env_access",
      "provider": "provider[\"registry.terraform.io/hashicorp/aws\"]",
      "instances": [
        {
          "schema_version": 0,
          "attributes": {
            "id": "backend-eks-node-role-2025070202510647220000000e",
            "policy_arn": "arn:aws:iam::346011888304:policy/backend-s3-env-access",
            "role": "backend-eks-node-role"
          },
          "sensitive_attributes": [],
          "identity_schema_version": 0,
          "private": "bnVsbA==",
          "dependencies": [
            "module.prod.module.eks.module.node_groups.aws_iam_policy.s3_env_access",
            "module.prod.module.eks.module.node_groups.aws_iam_role.this",
            "module.shared.module.subnet.aws_subnet.private_a_back",
            "module.shared.module.subnet.aws_subnet.private_a_front",
            "module.shared.module.subnet.aws_subnet.private_c_back",
            "module.shared.module.subnet.aws_subnet.private_c_front",
            "module.shared.module.vpc.aws_vpc.main"
          ],
          "create_before_destroy": true
        }
      ]
    },
    {
      "module": "module.prod.module.eks.module.node_groups[\"frontend\"]",
      "mode": "managed",
      "type": "aws_iam_policy",
      "name": "s3_env_access",
      "provider": "provider[\"registry.terraform.io/hashicorp/aws\"]",
      "instances": [
        {
          "schema_version": 0,
          "attributes": {
            "arn": "arn:aws:iam::346011888304:policy/frontend-s3-env-access",
            "attachment_count": 0,
            "description": "Allow EKS nodes to access environment files from S3",
            "id": "arn:aws:iam::346011888304:policy/frontend-s3-env-access",
            "name": "frontend-s3-env-access",
            "name_prefix": "",
            "path": "/",
            "policy": "{\"Statement\":[{\"Action\":[\"s3:GetObject\"],\"Effect\":\"Allow\",\"Resource\":[\"arn:aws:s3:::tamnara-environment/*\"]},{\"Action\":[\"s3:ListBucket\"],\"Effect\":\"Allow\",\"Resource\":[\"arn:aws:s3:::tamnara-environment\"]}],\"Version\":\"2012-10-17\"}",
            "policy_id": "ANPAVBD7KNKYDTFFOZK3E",
            "tags": {
              "Environment": "eks",
              "ManagedBy": "Terraform",
              "Project": "tamnara"
            },
            "tags_all": {
              "Environment": "eks",
              "ManagedBy": "Terraform",
              "Project": "tamnara"
            }
          },
          "sensitive_attributes": [],
          "identity_schema_version": 0,
          "private": "bnVsbA==",
          "dependencies": [
            "module.shared.module.subnet.aws_subnet.private_a_back",
            "module.shared.module.subnet.aws_subnet.private_a_front",
            "module.shared.module.subnet.aws_subnet.private_c_back",
            "module.shared.module.subnet.aws_subnet.private_c_front",
            "module.shared.module.vpc.aws_vpc.main"
          ],
          "create_before_destroy": true
        }
      ]
    },
    {
      "module": "module.prod.module.eks.module.node_groups[\"frontend\"]",
      "mode": "managed",
      "type": "aws_iam_role",
      "name": "this",
      "provider": "provider[\"registry.terraform.io/hashicorp/aws\"]",
      "instances": [
        {
          "schema_version": 0,
          "attributes": {
            "arn": "arn:aws:iam::346011888304:role/frontend-eks-node-role",
            "assume_role_policy": "{\"Statement\":[{\"Action\":\"sts:AssumeRole\",\"Effect\":\"Allow\",\"Principal\":{\"Service\":\"ec2.amazonaws.com\"}}],\"Version\":\"2012-10-17\"}",
            "create_date": "2025-07-02T02:51:03Z",
            "description": "",
            "force_detach_policies": false,
            "id": "frontend-eks-node-role",
            "inline_policy": [],
            "managed_policy_arns": [],
            "max_session_duration": 3600,
            "name": "frontend-eks-node-role",
            "name_prefix": "",
            "path": "/",
            "permissions_boundary": "",
            "tags": {
              "Environment": "eks",
              "ManagedBy": "Terraform",
              "Project": "tamnara"
            },
            "tags_all": {
              "Environment": "eks",
              "ManagedBy": "Terraform",
              "Project": "tamnara"
            },
            "unique_id": "AROAVBD7KNKYFMVTBWS2P"
          },
          "sensitive_attributes": [],
          "identity_schema_version": 0,
          "identity": {
            "account_id": "346011888304",
            "name": "frontend-eks-node-role"
          },
          "private": "bnVsbA==",
          "dependencies": [
            "module.shared.module.subnet.aws_subnet.private_a_back",
            "module.shared.module.subnet.aws_subnet.private_a_front",
            "module.shared.module.subnet.aws_subnet.private_c_back",
            "module.shared.module.subnet.aws_subnet.private_c_front",
            "module.shared.module.vpc.aws_vpc.main"
          ],
          "create_before_destroy": true
        }
      ]
    },
    {
      "module": "module.prod.module.eks.module.node_groups[\"frontend\"]",
      "mode": "managed",
      "type": "aws_iam_role_policy_attachment",
      "name": "node_policy_attachment",
      "provider": "provider[\"registry.terraform.io/hashicorp/aws\"]",
      "instances": [
        {
          "index_key": "arn:aws:iam::aws:policy/AmazonEC2ContainerRegistryReadOnly",
          "schema_version": 0,
          "attributes": {
            "id": "frontend-eks-node-role-20250702025105794000000007",
            "policy_arn": "arn:aws:iam::aws:policy/AmazonEC2ContainerRegistryReadOnly",
            "role": "frontend-eks-node-role"
          },
          "sensitive_attributes": [],
          "identity_schema_version": 0,
          "private": "bnVsbA==",
          "dependencies": [
            "module.prod.module.eks.module.node_groups.aws_iam_role.this",
            "module.shared.module.subnet.aws_subnet.private_a_back",
            "module.shared.module.subnet.aws_subnet.private_a_front",
            "module.shared.module.subnet.aws_subnet.private_c_back",
            "module.shared.module.subnet.aws_subnet.private_c_front",
            "module.shared.module.vpc.aws_vpc.main"
          ],
          "create_before_destroy": true
        },
        {
          "index_key": "arn:aws:iam::aws:policy/AmazonEKSWorkerNodePolicy",
          "schema_version": 0,
          "attributes": {
            "id": "frontend-eks-node-role-20250702025105846700000009",
            "policy_arn": "arn:aws:iam::aws:policy/AmazonEKSWorkerNodePolicy",
            "role": "frontend-eks-node-role"
          },
          "sensitive_attributes": [],
          "identity_schema_version": 0,
          "private": "bnVsbA==",
          "dependencies": [
            "module.prod.module.eks.module.node_groups.aws_iam_role.this",
            "module.shared.module.subnet.aws_subnet.private_a_back",
            "module.shared.module.subnet.aws_subnet.private_a_front",
            "module.shared.module.subnet.aws_subnet.private_c_back",
            "module.shared.module.subnet.aws_subnet.private_c_front",
            "module.shared.module.vpc.aws_vpc.main"
          ],
          "create_before_destroy": true
        },
        {
          "index_key": "arn:aws:iam::aws:policy/AmazonEKS_CNI_Policy",
          "schema_version": 0,
          "attributes": {
            "id": "frontend-eks-node-role-2025070202510612970000000c",
            "policy_arn": "arn:aws:iam::aws:policy/AmazonEKS_CNI_Policy",
            "role": "frontend-eks-node-role"
          },
          "sensitive_attributes": [],
          "identity_schema_version": 0,
          "private": "bnVsbA==",
          "dependencies": [
            "module.prod.module.eks.module.node_groups.aws_iam_role.this",
            "module.shared.module.subnet.aws_subnet.private_a_back",
            "module.shared.module.subnet.aws_subnet.private_a_front",
            "module.shared.module.subnet.aws_subnet.private_c_back",
            "module.shared.module.subnet.aws_subnet.private_c_front",
            "module.shared.module.vpc.aws_vpc.main"
          ],
          "create_before_destroy": true
        }
      ]
    },
    {
      "module": "module.prod.module.eks.module.node_groups[\"frontend\"]",
      "mode": "managed",
      "type": "aws_iam_role_policy_attachment",
      "name": "s3_env_access",
      "provider": "provider[\"registry.terraform.io/hashicorp/aws\"]",
      "instances": [
        {
          "schema_version": 0,
          "attributes": {
            "id": "frontend-eks-node-role-2025070202510641660000000d",
            "policy_arn": "arn:aws:iam::346011888304:policy/frontend-s3-env-access",
            "role": "frontend-eks-node-role"
          },
          "sensitive_attributes": [],
          "identity_schema_version": 0,
          "private": "bnVsbA==",
          "dependencies": [
            "module.prod.module.eks.module.node_groups.aws_iam_policy.s3_env_access",
            "module.prod.module.eks.module.node_groups.aws_iam_role.this",
            "module.shared.module.subnet.aws_subnet.private_a_back",
            "module.shared.module.subnet.aws_subnet.private_a_front",
            "module.shared.module.subnet.aws_subnet.private_c_back",
            "module.shared.module.subnet.aws_subnet.private_c_front",
            "module.shared.module.vpc.aws_vpc.main"
          ],
          "create_before_destroy": true
        }
      ]
    },
    {
      "module": "module.prod.module.openvpn",
      "mode": "managed",
      "type": "aws_eip_association",
      "name": "openvpn",
      "provider": "provider[\"registry.terraform.io/hashicorp/aws\"]",
      "instances": [
        {
          "schema_version": 0,
          "attributes": {
            "allocation_id": "eipalloc-0e9e723386c25bdad",
            "allow_reassociation": null,
            "id": "eipassoc-00cb3683f60ef12c6",
            "instance_id": "i-0c8d5890de5d61c17",
            "network_interface_id": "eni-0c0310b5ea3a6d4fa",
            "private_ip_address": "172.16.0.30",
            "public_ip": "52.79.137.213",
            "region": "ap-northeast-2"
          },
          "sensitive_attributes": [],
          "identity_schema_version": 0,
          "private": "bnVsbA==",
          "dependencies": [
            "module.prod.module.openvpn.aws_instance.openvpn",
            "module.prod.module.sg.aws_security_group.openvpn",
            "module.shared.module.subnet.aws_subnet.public_a",
            "module.shared.module.vpc.aws_vpc.main"
          ]
        }
      ]
    },
    {
      "module": "module.prod.module.openvpn",
      "mode": "managed",
      "type": "aws_instance",
      "name": "openvpn",
      "provider": "provider[\"registry.terraform.io/hashicorp/aws\"]",
      "instances": [
        {
          "schema_version": 2,
          "attributes": {
            "ami": "ami-0c4d94bb44eff8915",
            "arn": "arn:aws:ec2:ap-northeast-2:346011888304:instance/i-0c8d5890de5d61c17",
            "associate_public_ip_address": true,
            "availability_zone": "ap-northeast-2a",
            "capacity_reservation_specification": [
              {
                "capacity_reservation_preference": "open",
                "capacity_reservation_target": []
              }
            ],
            "cpu_options": [
              {
                "amd_sev_snp": "",
                "core_count": 1,
                "threads_per_core": 2
              }
            ],
            "credit_specification": [
              {
                "cpu_credits": "unlimited"
              }
            ],
            "disable_api_stop": false,
            "disable_api_termination": false,
            "ebs_block_device": [],
            "ebs_optimized": false,
            "enable_primary_ipv6": null,
            "enclave_options": [
              {
                "enabled": false
              }
            ],
            "ephemeral_block_device": [],
            "get_password_data": false,
            "hibernation": false,
            "host_id": "",
            "host_resource_group_arn": null,
            "iam_instance_profile": "",
            "id": "i-0c8d5890de5d61c17",
            "instance_initiated_shutdown_behavior": "stop",
            "instance_lifecycle": "",
            "instance_market_options": [],
            "instance_state": "running",
            "instance_type": "t3.micro",
            "ipv6_address_count": 0,
            "ipv6_addresses": [],
            "key_name": "mvp-key-v1",
            "launch_template": [],
            "maintenance_options": [
              {
                "auto_recovery": "default"
              }
            ],
            "metadata_options": [
              {
                "http_endpoint": "enabled",
                "http_protocol_ipv6": "disabled",
                "http_put_response_hop_limit": 1,
                "http_tokens": "optional",
                "instance_metadata_tags": "disabled"
              }
            ],
            "monitoring": false,
            "network_interface": [],
            "outpost_arn": "",
            "password_data": "",
            "placement_group": "",
            "placement_partition_number": 0,
            "primary_network_interface_id": "eni-0c0310b5ea3a6d4fa",
            "private_dns": "ip-172-16-0-30.ap-northeast-2.compute.internal",
            "private_dns_name_options": [
              {
                "enable_resource_name_dns_a_record": false,
                "enable_resource_name_dns_aaaa_record": false,
                "hostname_type": "ip-name"
              }
            ],
            "private_ip": "172.16.0.30",
            "public_dns": "ec2-3-36-106-156.ap-northeast-2.compute.amazonaws.com",
            "public_ip": "3.36.106.156",
            "region": "ap-northeast-2",
            "root_block_device": [
              {
                "delete_on_termination": true,
                "device_name": "/dev/sda1",
                "encrypted": false,
                "iops": 100,
                "kms_key_id": "",
                "tags": {},
                "tags_all": {},
                "throughput": 0,
                "volume_id": "vol-0906d7b0e8da39cdc",
                "volume_size": 8,
                "volume_type": "gp2"
              }
            ],
            "secondary_private_ips": [],
            "security_groups": [],
            "source_dest_check": true,
            "spot_instance_request_id": "",
            "subnet_id": "subnet-0f57124d5f4eb21e7",
            "tags": {
              "Environment": "eks",
              "Name": "tamnara-openvpn-server",
              "Project": "tamnara"
            },
            "tags_all": {
              "Environment": "eks",
              "Name": "tamnara-openvpn-server",
              "Project": "tamnara"
            },
            "tenancy": "default",
            "timeouts": null,
            "user_data": null,
            "user_data_base64": null,
            "user_data_replace_on_change": false,
            "volume_tags": null,
            "vpc_security_group_ids": [
              "sg-0b1d0256562a77f16"
            ]
          },
          "sensitive_attributes": [],
          "identity_schema_version": 0,
          "private": "eyJlMmJmYjczMC1lY2FhLTExZTYtOGY4OC0zNDM2M2JjN2M0YzAiOnsiY3JlYXRlIjo2MDAwMDAwMDAwMDAsImRlbGV0ZSI6MTIwMDAwMDAwMDAwMCwicmVhZCI6OTAwMDAwMDAwMDAwLCJ1cGRhdGUiOjYwMDAwMDAwMDAwMH0sInNjaGVtYV92ZXJzaW9uIjoiMiJ9",
          "dependencies": [
            "module.prod.module.sg.aws_security_group.openvpn",
            "module.shared.module.subnet.aws_subnet.public_a",
            "module.shared.module.vpc.aws_vpc.main"
          ]
        }
      ]
    },
    {
      "module": "module.prod.module.rds",
      "mode": "managed",
      "type": "aws_db_instance",
      "name": "this",
      "provider": "provider[\"registry.terraform.io/hashicorp/aws\"]",
      "instances": [
        {
          "status": "tainted",
          "schema_version": 2,
          "attributes": {
            "address": null,
            "allocated_storage": null,
            "allow_major_version_upgrade": null,
            "apply_immediately": false,
            "arn": null,
            "auto_minor_version_upgrade": true,
            "availability_zone": null,
            "backup_retention_period": null,
            "backup_target": null,
            "backup_window": null,
            "blue_green_update": [],
            "ca_cert_identifier": null,
            "character_set_name": null,
            "copy_tags_to_snapshot": false,
            "custom_iam_instance_profile": null,
            "customer_owned_ip_enabled": null,
            "database_insights_mode": null,
            "db_name": null,
            "db_subnet_group_name": "tamnara-eks-db-subnet-group",
            "dedicated_log_volume": false,
            "delete_automated_backups": true,
            "deletion_protection": null,
            "domain": null,
            "domain_auth_secret_arn": null,
            "domain_dns_ips": null,
            "domain_fqdn": null,
            "domain_iam_role_name": null,
            "domain_ou": null,
            "enabled_cloudwatch_logs_exports": null,
            "endpoint": null,
            "engine": null,
            "engine_lifecycle_support": null,
            "engine_version": null,
            "engine_version_actual": null,
            "final_snapshot_identifier": null,
            "hosted_zone_id": null,
            "iam_database_authentication_enabled": null,
            "id": "db-GKJZBYGQD4DSBKHT3P447GAGIY",
            "identifier": "tamnara-eks-rds",
            "identifier_prefix": null,
            "instance_class": "db.t3.micro",
            "iops": null,
            "kms_key_id": null,
            "latest_restorable_time": null,
            "license_model": null,
            "listener_endpoint": null,
            "maintenance_window": null,
            "manage_master_user_password": null,
            "master_user_secret": null,
            "master_user_secret_kms_key_id": null,
            "max_allocated_storage": null,
            "monitoring_interval": 0,
            "monitoring_role_arn": null,
            "multi_az": false,
            "nchar_character_set_name": null,
            "network_type": null,
            "option_group_name": null,
            "parameter_group_name": null,
            "password": null,
            "password_wo": null,
            "password_wo_version": null,
            "performance_insights_enabled": false,
            "performance_insights_kms_key_id": null,
            "performance_insights_retention_period": null,
            "port": 3306,
            "publicly_accessible": false,
            "region": "ap-northeast-2",
            "replica_mode": null,
            "replicas": null,
            "replicate_source_db": null,
            "resource_id": null,
            "restore_to_point_in_time": [],
            "s3_import": [],
            "skip_final_snapshot": true,
            "snapshot_identifier": "prod-rds-0626",
            "status": null,
            "storage_encrypted": false,
            "storage_throughput": null,
            "storage_type": null,
            "tags": {
              "Name": "tamnara-eks-rds"
            },
            "tags_all": {
              "Name": "tamnara-eks-rds"
            },
            "timeouts": null,
            "timezone": null,
            "upgrade_storage_config": null,
            "username": null,
            "vpc_security_group_ids": [
              "sg-0c6f97b7b00aac71b"
            ]
          },
          "sensitive_attributes": [
            [
              {
                "type": "get_attr",
                "value": "password"
              }
            ],
            [
              {
                "type": "get_attr",
                "value": "password_wo"
              }
            ]
          ],
          "identity_schema_version": 0,
          "private": "eyJlMmJmYjczMC1lY2FhLTExZTYtOGY4OC0zNDM2M2JjN2M0YzAiOnsiY3JlYXRlIjozMDAwMDAwMDAwMDAwLCJkZWxldGUiOjM2MDAwMDAwMDAwMDAsInVwZGF0ZSI6NDgwMDAwMDAwMDAwMH0sInNjaGVtYV92ZXJzaW9uIjoiMiJ9",
          "dependencies": [
            "module.prod.module.rds.aws_db_subnet_group.this",
            "module.prod.module.rds.aws_security_group.rds",
            "module.prod.module.sg.aws_security_group.backend",
            "module.shared.module.subnet.aws_subnet.private_a_db",
            "module.shared.module.subnet.aws_subnet.private_c_db",
            "module.shared.module.vpc.aws_vpc.main"
          ]
        }
      ]
    },
    {
      "module": "module.prod.module.rds",
      "mode": "managed",
      "type": "aws_db_subnet_group",
      "name": "this",
      "provider": "provider[\"registry.terraform.io/hashicorp/aws\"]",
      "instances": [
        {
          "schema_version": 0,
          "attributes": {
            "arn": "arn:aws:rds:ap-northeast-2:346011888304:subgrp:tamnara-eks-db-subnet-group",
            "description": "Managed by Terraform",
            "id": "tamnara-eks-db-subnet-group",
            "name": "tamnara-eks-db-subnet-group",
            "name_prefix": "",
            "region": "ap-northeast-2",
            "subnet_ids": [
              "subnet-03d5539aa4c614269",
              "subnet-050df22b83d3d161e"
            ],
            "supported_network_types": [
              "IPV4"
            ],
            "tags": {
              "Name": "tamnara-eks-db-subnet-group"
            },
            "tags_all": {
              "Name": "tamnara-eks-db-subnet-group"
            },
            "vpc_id": "vpc-0934505bb83b8d0a0"
          },
          "sensitive_attributes": [],
          "identity_schema_version": 0,
          "private": "bnVsbA==",
          "dependencies": [
            "module.shared.module.subnet.aws_subnet.private_a_db",
            "module.shared.module.subnet.aws_subnet.private_c_db",
            "module.shared.module.vpc.aws_vpc.main"
          ]
        }
      ]
    },
    {
      "module": "module.prod.module.rds",
      "mode": "managed",
      "type": "aws_security_group",
      "name": "rds",
      "provider": "provider[\"registry.terraform.io/hashicorp/aws\"]",
      "instances": [
        {
          "schema_version": 1,
          "attributes": {
            "arn": "arn:aws:ec2:ap-northeast-2:346011888304:security-group/sg-0c6f97b7b00aac71b",
            "description": "Allow MySQL from backend SG",
            "egress": [
              {
                "cidr_blocks": [
                  "0.0.0.0/0"
                ],
                "description": "",
                "from_port": 0,
                "ipv6_cidr_blocks": [],
                "prefix_list_ids": [],
                "protocol": "-1",
                "security_groups": [],
                "self": false,
                "to_port": 0
              }
            ],
            "id": "sg-0c6f97b7b00aac71b",
            "ingress": [
              {
                "cidr_blocks": [],
                "description": "",
                "from_port": 3306,
                "ipv6_cidr_blocks": [],
                "prefix_list_ids": [],
                "protocol": "tcp",
                "security_groups": [
                  "sg-01c77e80324f678ea"
                ],
                "self": false,
                "to_port": 3306
              }
            ],
            "name": "tamnara-eks-rds-sg",
            "name_prefix": "",
            "owner_id": "346011888304",
            "region": "ap-northeast-2",
            "revoke_rules_on_delete": false,
            "tags": {
              "Name": "tamnara-eks-rds-sg"
            },
            "tags_all": {
              "Name": "tamnara-eks-rds-sg"
            },
            "timeouts": null,
            "vpc_id": "vpc-0934505bb83b8d0a0"
          },
          "sensitive_attributes": [],
          "identity_schema_version": 0,
          "private": "eyJlMmJmYjczMC1lY2FhLTExZTYtOGY4OC0zNDM2M2JjN2M0YzAiOnsiY3JlYXRlIjo2MDAwMDAwMDAwMDAsImRlbGV0ZSI6OTAwMDAwMDAwMDAwfSwic2NoZW1hX3ZlcnNpb24iOiIxIn0=",
          "dependencies": [
            "module.prod.module.sg.aws_security_group.backend",
            "module.shared.module.vpc.aws_vpc.main"
          ]
        }
      ]
    },
    {
      "module": "module.prod.module.sg",
      "mode": "managed",
      "type": "aws_security_group",
      "name": "backend",
      "provider": "provider[\"registry.terraform.io/hashicorp/aws\"]",
      "instances": [
        {
          "schema_version": 1,
          "attributes": {
            "arn": "arn:aws:ec2:ap-northeast-2:346011888304:security-group/sg-01c77e80324f678ea",
            "description": "Security group for backend instances",
            "egress": [
              {
                "cidr_blocks": [
                  "0.0.0.0/0"
                ],
                "description": "",
                "from_port": 0,
                "ipv6_cidr_blocks": [],
                "prefix_list_ids": [],
                "protocol": "-1",
                "security_groups": [],
                "self": false,
                "to_port": 0
              }
            ],
            "id": "sg-01c77e80324f678ea",
            "ingress": [
              {
                "cidr_blocks": [
                  "172.16.0.0/16"
                ],
                "description": "Allow HTTP from VPC",
                "from_port": 80,
                "ipv6_cidr_blocks": [],
                "prefix_list_ids": [],
                "protocol": "tcp",
                "security_groups": [],
                "self": false,
                "to_port": 80
              },
              {
                "cidr_blocks": [
                  "172.16.0.0/16"
                ],
                "description": "Allow internal SSH",
                "from_port": 22,
                "ipv6_cidr_blocks": [],
                "prefix_list_ids": [],
                "protocol": "tcp",
                "security_groups": [],
                "self": false,
                "to_port": 22
              },
              {
                "cidr_blocks": [
                  "172.16.0.0/16"
                ],
                "description": "Allow internal traffic",
                "from_port": 0,
                "ipv6_cidr_blocks": [],
                "prefix_list_ids": [],
                "protocol": "-1",
                "security_groups": [],
                "self": false,
                "to_port": 0
              }
            ],
            "name": "tamnara-eks-backend-sg",
            "name_prefix": "",
            "owner_id": "346011888304",
            "region": "ap-northeast-2",
            "revoke_rules_on_delete": false,
            "tags": {
              "Name": "backend-sg"
            },
            "tags_all": {
              "Name": "backend-sg"
            },
            "timeouts": null,
            "vpc_id": "vpc-0934505bb83b8d0a0"
          },
          "sensitive_attributes": [],
          "identity_schema_version": 0,
          "private": "eyJlMmJmYjczMC1lY2FhLTExZTYtOGY4OC0zNDM2M2JjN2M0YzAiOnsiY3JlYXRlIjo2MDAwMDAwMDAwMDAsImRlbGV0ZSI6OTAwMDAwMDAwMDAwfSwic2NoZW1hX3ZlcnNpb24iOiIxIn0=",
          "dependencies": [
            "module.shared.module.vpc.aws_vpc.main"
          ]
        }
      ]
    },
    {
      "module": "module.prod.module.sg",
      "mode": "managed",
      "type": "aws_security_group",
      "name": "frontend",
      "provider": "provider[\"registry.terraform.io/hashicorp/aws\"]",
      "instances": [
        {
          "schema_version": 1,
          "attributes": {
            "arn": "arn:aws:ec2:ap-northeast-2:346011888304:security-group/sg-0add0d27542b10869",
            "description": "Security group for frontend instances",
            "egress": [
              {
                "cidr_blocks": [
                  "0.0.0.0/0"
                ],
                "description": "",
                "from_port": 0,
                "ipv6_cidr_blocks": [],
                "prefix_list_ids": [],
                "protocol": "-1",
                "security_groups": [],
                "self": false,
                "to_port": 0
              }
            ],
            "id": "sg-0add0d27542b10869",
            "ingress": [
              {
                "cidr_blocks": [
                  "172.16.0.0/16"
                ],
                "description": "Allow HTTP from VPC",
                "from_port": 80,
                "ipv6_cidr_blocks": [],
                "prefix_list_ids": [],
                "protocol": "tcp",
                "security_groups": [],
                "self": false,
                "to_port": 80
              },
              {
                "cidr_blocks": [
                  "172.16.0.0/16"
                ],
                "description": "Allow HTTPS from VPC",
                "from_port": 443,
                "ipv6_cidr_blocks": [],
                "prefix_list_ids": [],
                "protocol": "tcp",
                "security_groups": [],
                "self": false,
                "to_port": 443
              },
              {
                "cidr_blocks": [
                  "172.16.0.0/16"
                ],
                "description": "Allow internal SSH",
                "from_port": 22,
                "ipv6_cidr_blocks": [],
                "prefix_list_ids": [],
                "protocol": "tcp",
                "security_groups": [],
                "self": false,
                "to_port": 22
              },
              {
                "cidr_blocks": [
                  "172.16.0.0/16"
                ],
                "description": "Allow internal VPC traffic",
                "from_port": 0,
                "ipv6_cidr_blocks": [],
                "prefix_list_ids": [],
                "protocol": "-1",
                "security_groups": [],
                "self": false,
                "to_port": 0
              }
            ],
            "name": "tamnara-eks-frontend-sg",
            "name_prefix": "",
            "owner_id": "346011888304",
            "region": "ap-northeast-2",
            "revoke_rules_on_delete": false,
            "tags": {
              "Name": "frontend-sg"
            },
            "tags_all": {
              "Name": "frontend-sg"
            },
            "timeouts": null,
            "vpc_id": "vpc-0934505bb83b8d0a0"
          },
          "sensitive_attributes": [],
          "identity_schema_version": 0,
          "private": "eyJlMmJmYjczMC1lY2FhLTExZTYtOGY4OC0zNDM2M2JjN2M0YzAiOnsiY3JlYXRlIjo2MDAwMDAwMDAwMDAsImRlbGV0ZSI6OTAwMDAwMDAwMDAwfSwic2NoZW1hX3ZlcnNpb24iOiIxIn0=",
          "dependencies": [
            "module.shared.module.vpc.aws_vpc.main"
          ]
        }
      ]
    },
    {
      "module": "module.prod.module.sg",
      "mode": "managed",
      "type": "aws_security_group",
      "name": "openvpn",
      "provider": "provider[\"registry.terraform.io/hashicorp/aws\"]",
      "instances": [
        {
          "schema_version": 1,
          "attributes": {
            "arn": "arn:aws:ec2:ap-northeast-2:346011888304:security-group/sg-0b1d0256562a77f16",
            "description": "Allow from openVPN",
            "egress": [
              {
                "cidr_blocks": [
                  "0.0.0.0/0"
                ],
                "description": "",
                "from_port": 0,
                "ipv6_cidr_blocks": [],
                "prefix_list_ids": [],
                "protocol": "-1",
                "security_groups": [],
                "self": false,
                "to_port": 0
              }
            ],
            "id": "sg-0b1d0256562a77f16",
            "ingress": [
              {
                "cidr_blocks": [
                  "0.0.0.0/0"
                ],
                "description": "",
                "from_port": 1194,
                "ipv6_cidr_blocks": [],
                "prefix_list_ids": [],
                "protocol": "tcp",
                "security_groups": [],
                "self": false,
                "to_port": 1194
              },
              {
                "cidr_blocks": [
                  "0.0.0.0/0"
                ],
                "description": "",
                "from_port": 22,
                "ipv6_cidr_blocks": [],
                "prefix_list_ids": [],
                "protocol": "tcp",
                "security_groups": [],
                "self": false,
                "to_port": 22
              },
              {
                "cidr_blocks": [
                  "0.0.0.0/0"
                ],
                "description": "",
                "from_port": 443,
                "ipv6_cidr_blocks": [],
                "prefix_list_ids": [],
                "protocol": "tcp",
                "security_groups": [],
                "self": false,
                "to_port": 443
              },
              {
                "cidr_blocks": [
                  "0.0.0.0/0"
                ],
                "description": "",
                "from_port": 943,
                "ipv6_cidr_blocks": [],
                "prefix_list_ids": [],
                "protocol": "tcp",
                "security_groups": [],
                "self": false,
                "to_port": 943
              }
            ],
            "name": "docker-v1-sg-openvpn",
            "name_prefix": "",
            "owner_id": "346011888304",
            "region": "ap-northeast-2",
            "revoke_rules_on_delete": false,
            "tags": {
              "Name": "openvpn_sg"
            },
            "tags_all": {
              "Name": "openvpn_sg"
            },
            "timeouts": null,
            "vpc_id": "vpc-0934505bb83b8d0a0"
          },
          "sensitive_attributes": [],
          "identity_schema_version": 0,
          "private": "eyJlMmJmYjczMC1lY2FhLTExZTYtOGY4OC0zNDM2M2JjN2M0YzAiOnsiY3JlYXRlIjo2MDAwMDAwMDAwMDAsImRlbGV0ZSI6OTAwMDAwMDAwMDAwfSwic2NoZW1hX3ZlcnNpb24iOiIxIn0=",
          "dependencies": [
            "module.shared.module.vpc.aws_vpc.main"
          ]
        }
      ]
    },
    {
      "module": "module.shared",
      "mode": "data",
      "type": "aws_route_tables",
      "name": "shared",
      "provider": "provider[\"registry.terraform.io/hashicorp/aws\"]",
      "instances": [
        {
          "schema_version": 0,
          "attributes": {
            "filter": null,
            "id": "ap-northeast-2",
            "ids": [
              "rtb-0d4ef2d98fc6ee223",
              "rtb-0d552a3b2660fcd12"
            ],
            "region": "ap-northeast-2",
            "tags": null,
            "timeouts": null,
            "vpc_id": "vpc-0293cca3cb29f35f1"
          },
          "sensitive_attributes": [],
          "identity_schema_version": 0
        }
      ]
    },
    {
      "module": "module.shared",
      "mode": "data",
      "type": "aws_vpc",
      "name": "shared",
      "provider": "provider[\"registry.terraform.io/hashicorp/aws\"]",
      "instances": [
        {
          "schema_version": 0,
          "attributes": {
            "arn": "arn:aws:ec2:ap-northeast-2:346011888304:vpc/vpc-0293cca3cb29f35f1",
            "cidr_block": "10.255.0.0/16",
            "cidr_block_associations": [
              {
                "association_id": "vpc-cidr-assoc-0a71c106324d9736b",
                "cidr_block": "10.255.0.0/16",
                "state": "associated"
              }
            ],
            "default": false,
            "dhcp_options_id": "dopt-057e17760c1177c52",
            "enable_dns_hostnames": false,
            "enable_dns_support": true,
            "enable_network_address_usage_metrics": false,
            "filter": null,
            "id": "vpc-0293cca3cb29f35f1",
            "instance_tenancy": "default",
            "ipv6_association_id": "",
            "ipv6_cidr_block": "",
            "main_route_table_id": "rtb-0d552a3b2660fcd12",
            "owner_id": "346011888304",
            "region": "ap-northeast-2",
            "state": null,
            "tags": {
              "Name": "shared-vpc"
            },
            "timeouts": null
          },
          "sensitive_attributes": [],
          "identity_schema_version": 0
        }
      ]
    },
    {
      "module": "module.shared",
      "mode": "managed",
      "type": "aws_route_table_association",
      "name": "public_a",
      "provider": "provider[\"registry.terraform.io/hashicorp/aws\"]",
      "instances": [
        {
          "schema_version": 0,
          "attributes": {
            "gateway_id": "",
            "id": "rtbassoc-078883990e99747e6",
            "region": "ap-northeast-2",
            "route_table_id": "rtb-0e7918a044da28324",
            "subnet_id": "subnet-0f57124d5f4eb21e7",
            "timeouts": null
          },
          "sensitive_attributes": [],
          "identity_schema_version": 0,
          "private": "eyJlMmJmYjczMC1lY2FhLTExZTYtOGY4OC0zNDM2M2JjN2M0YzAiOnsiY3JlYXRlIjozMDAwMDAwMDAwMDAsImRlbGV0ZSI6MzAwMDAwMDAwMDAwLCJ1cGRhdGUiOjEyMDAwMDAwMDAwMH19",
          "dependencies": [
            "module.shared.module.subnet.aws_subnet.public_a",
            "module.shared.module.vpc.aws_internet_gateway.igw",
            "module.shared.module.vpc.aws_route_table.public",
            "module.shared.module.vpc.aws_vpc.main"
          ]
        }
      ]
    },
    {
      "module": "module.shared",
      "mode": "managed",
      "type": "aws_route_table_association",
      "name": "public_c",
      "provider": "provider[\"registry.terraform.io/hashicorp/aws\"]",
      "instances": [
        {
          "schema_version": 0,
          "attributes": {
            "gateway_id": "",
            "id": "rtbassoc-09b549011a8178a89",
            "region": "ap-northeast-2",
            "route_table_id": "rtb-0e7918a044da28324",
            "subnet_id": "subnet-0c76cae45c9bc8601",
            "timeouts": null
          },
          "sensitive_attributes": [],
          "identity_schema_version": 0,
          "private": "eyJlMmJmYjczMC1lY2FhLTExZTYtOGY4OC0zNDM2M2JjN2M0YzAiOnsiY3JlYXRlIjozMDAwMDAwMDAwMDAsImRlbGV0ZSI6MzAwMDAwMDAwMDAwLCJ1cGRhdGUiOjEyMDAwMDAwMDAwMH19",
          "dependencies": [
            "module.shared.module.subnet.aws_subnet.public_c",
            "module.shared.module.vpc.aws_internet_gateway.igw",
            "module.shared.module.vpc.aws_route_table.public",
            "module.shared.module.vpc.aws_vpc.main"
          ]
        }
      ]
    },
    {
      "module": "module.shared.module.nat_gateway",
      "mode": "managed",
      "type": "aws_eip",
      "name": "nat",
      "provider": "provider[\"registry.terraform.io/hashicorp/aws\"]",
      "instances": [
        {
          "schema_version": 0,
          "attributes": {
            "address": null,
            "allocation_id": "eipalloc-092a1a4f1ebadc7eb",
            "arn": "arn:aws:ec2:ap-northeast-2:346011888304:elastic-ip/eipalloc-092a1a4f1ebadc7eb",
            "associate_with_private_ip": null,
            "association_id": "",
            "carrier_ip": "",
            "customer_owned_ip": "",
            "customer_owned_ipv4_pool": "",
            "domain": "vpc",
            "id": "eipalloc-092a1a4f1ebadc7eb",
            "instance": "",
            "ipam_pool_id": null,
            "network_border_group": "ap-northeast-2",
            "network_interface": "",
            "private_dns": null,
            "private_ip": "",
            "ptr_record": "",
            "public_dns": "ec2-52-79-76-85.ap-northeast-2.compute.amazonaws.com",
            "public_ip": "52.79.76.85",
            "public_ipv4_pool": "amazon",
            "region": "ap-northeast-2",
            "tags": {
              "Name": "tamnara-eks-nat-eip"
            },
            "tags_all": {
              "Name": "tamnara-eks-nat-eip"
            },
            "timeouts": null
          },
          "sensitive_attributes": [],
          "identity_schema_version": 0,
          "private": "eyJlMmJmYjczMC1lY2FhLTExZTYtOGY4OC0zNDM2M2JjN2M0YzAiOnsiZGVsZXRlIjoxODAwMDAwMDAwMDAsInJlYWQiOjkwMDAwMDAwMDAwMCwidXBkYXRlIjozMDAwMDAwMDAwMDB9fQ=="
        }
      ]
    },
    {
      "module": "module.shared.module.nat_gateway",
      "mode": "managed",
      "type": "aws_nat_gateway",
      "name": "this",
      "provider": "provider[\"registry.terraform.io/hashicorp/aws\"]",
      "instances": [
        {
          "schema_version": 0,
          "attributes": {
            "allocation_id": "eipalloc-092a1a4f1ebadc7eb",
            "association_id": "eipassoc-09bcceba4bd60a55b",
            "connectivity_type": "public",
            "id": "nat-0e1f1d3f11de47d71",
            "network_interface_id": "eni-044ee8bd48a8c15ba",
            "private_ip": "172.16.0.130",
            "public_ip": "52.79.76.85",
            "region": "ap-northeast-2",
            "secondary_allocation_ids": null,
            "secondary_private_ip_address_count": 0,
            "secondary_private_ip_addresses": [],
            "subnet_id": "subnet-0f57124d5f4eb21e7",
            "tags": {
              "Name": "tamnara-eks-natgw"
            },
            "tags_all": {
              "Name": "tamnara-eks-natgw"
            },
            "timeouts": null
          },
          "sensitive_attributes": [],
          "identity_schema_version": 0,
          "private": "eyJlMmJmYjczMC1lY2FhLTExZTYtOGY4OC0zNDM2M2JjN2M0YzAiOnsiY3JlYXRlIjo2MDAwMDAwMDAwMDAsImRlbGV0ZSI6MTgwMDAwMDAwMDAwMCwidXBkYXRlIjo2MDAwMDAwMDAwMDB9fQ==",
          "dependencies": [
            "module.shared.module.nat_gateway.aws_eip.nat",
            "module.shared.module.subnet.aws_subnet.public_a",
            "module.shared.module.vpc.aws_vpc.main"
          ]
        }
      ]
    },
    {
      "module": "module.shared.module.nat_gateway",
      "mode": "managed",
      "type": "aws_route",
      "name": "nat_gateway_route",
      "provider": "provider[\"registry.terraform.io/hashicorp/aws\"]",
      "instances": [
        {
          "schema_version": 0,
          "attributes": {
            "carrier_gateway_id": "",
            "core_network_arn": "",
            "destination_cidr_block": "0.0.0.0/0",
            "destination_ipv6_cidr_block": "",
            "destination_prefix_list_id": "",
            "egress_only_gateway_id": "",
            "gateway_id": "",
            "id": "r-rtb-0f92a2a6c132f53461080289494",
            "instance_id": "",
            "instance_owner_id": "",
            "local_gateway_id": "",
            "nat_gateway_id": "nat-0e1f1d3f11de47d71",
            "network_interface_id": "",
            "origin": "CreateRoute",
            "region": "ap-northeast-2",
            "route_table_id": "rtb-0f92a2a6c132f5346",
            "state": "active",
            "timeouts": null,
            "transit_gateway_id": "",
            "vpc_endpoint_id": "",
            "vpc_peering_connection_id": ""
          },
          "sensitive_attributes": [],
          "identity_schema_version": 0,
          "private": "eyJlMmJmYjczMC1lY2FhLTExZTYtOGY4OC0zNDM2M2JjN2M0YzAiOnsiY3JlYXRlIjozMDAwMDAwMDAwMDAsImRlbGV0ZSI6MzAwMDAwMDAwMDAwLCJ1cGRhdGUiOjEyMDAwMDAwMDAwMH19",
          "dependencies": [
            "module.shared.module.nat_gateway.aws_eip.nat",
            "module.shared.module.nat_gateway.aws_nat_gateway.this",
            "module.shared.module.nat_gateway.aws_route_table.private",
            "module.shared.module.subnet.aws_subnet.public_a",
            "module.shared.module.vpc.aws_vpc.main"
          ]
        }
      ]
    },
    {
      "module": "module.shared.module.nat_gateway",
      "mode": "managed",
      "type": "aws_route_table",
      "name": "private",
      "provider": "provider[\"registry.terraform.io/hashicorp/aws\"]",
      "instances": [
        {
          "schema_version": 0,
          "attributes": {
            "arn": "arn:aws:ec2:ap-northeast-2:346011888304:route-table/rtb-0f92a2a6c132f5346",
            "id": "rtb-0f92a2a6c132f5346",
            "owner_id": "346011888304",
            "propagating_vgws": [],
            "region": "ap-northeast-2",
            "route": [],
            "tags": {
              "Name": "tamnara-eks-privateRT"
            },
            "tags_all": {
              "Name": "tamnara-eks-privateRT"
            },
            "timeouts": null,
            "vpc_id": "vpc-0934505bb83b8d0a0"
          },
          "sensitive_attributes": [],
          "identity_schema_version": 0,
          "private": "eyJlMmJmYjczMC1lY2FhLTExZTYtOGY4OC0zNDM2M2JjN2M0YzAiOnsiY3JlYXRlIjozMDAwMDAwMDAwMDAsImRlbGV0ZSI6MzAwMDAwMDAwMDAwLCJ1cGRhdGUiOjEyMDAwMDAwMDAwMH19",
          "dependencies": [
            "module.shared.module.vpc.aws_vpc.main"
          ]
        }
      ]
    },
    {
      "module": "module.shared.module.nat_gateway",
      "mode": "managed",
      "type": "aws_route_table",
      "name": "private_db",
      "provider": "provider[\"registry.terraform.io/hashicorp/aws\"]",
      "instances": [
        {
          "schema_version": 0,
          "attributes": {
            "arn": "arn:aws:ec2:ap-northeast-2:346011888304:route-table/rtb-0ffb0f20f7a1a0ea3",
            "id": "rtb-0ffb0f20f7a1a0ea3",
            "owner_id": "346011888304",
            "propagating_vgws": [],
            "region": "ap-northeast-2",
            "route": [],
            "tags": {
              "Name": "tamnara-eks-privateRT-db"
            },
            "tags_all": {
              "Name": "tamnara-eks-privateRT-db"
            },
            "timeouts": null,
            "vpc_id": "vpc-0934505bb83b8d0a0"
          },
          "sensitive_attributes": [],
          "identity_schema_version": 0,
          "private": "eyJlMmJmYjczMC1lY2FhLTExZTYtOGY4OC0zNDM2M2JjN2M0YzAiOnsiY3JlYXRlIjozMDAwMDAwMDAwMDAsImRlbGV0ZSI6MzAwMDAwMDAwMDAwLCJ1cGRhdGUiOjEyMDAwMDAwMDAwMH19",
          "dependencies": [
            "module.shared.module.vpc.aws_vpc.main"
          ]
        }
      ]
    },
    {
      "module": "module.shared.module.nat_gateway",
      "mode": "managed",
      "type": "aws_route_table_association",
      "name": "private_a_back",
      "provider": "provider[\"registry.terraform.io/hashicorp/aws\"]",
      "instances": [
        {
          "schema_version": 0,
          "attributes": {
            "gateway_id": "",
            "id": "rtbassoc-086e57e32a4fb337b",
            "region": "ap-northeast-2",
            "route_table_id": "rtb-0f92a2a6c132f5346",
            "subnet_id": "subnet-02c1e77fe6164d4a6",
            "timeouts": null
          },
          "sensitive_attributes": [],
          "identity_schema_version": 0,
          "private": "eyJlMmJmYjczMC1lY2FhLTExZTYtOGY4OC0zNDM2M2JjN2M0YzAiOnsiY3JlYXRlIjozMDAwMDAwMDAwMDAsImRlbGV0ZSI6MzAwMDAwMDAwMDAwLCJ1cGRhdGUiOjEyMDAwMDAwMDAwMH19",
          "dependencies": [
            "module.shared.module.nat_gateway.aws_route_table.private",
            "module.shared.module.subnet.aws_subnet.private_a_back",
            "module.shared.module.vpc.aws_vpc.main"
          ]
        }
      ]
    },
    {
      "module": "module.shared.module.nat_gateway",
      "mode": "managed",
      "type": "aws_route_table_association",
      "name": "private_a_db",
      "provider": "provider[\"registry.terraform.io/hashicorp/aws\"]",
      "instances": [
        {
          "schema_version": 0,
          "attributes": {
            "gateway_id": "",
            "id": "rtbassoc-08e4a8271e278e3b8",
            "region": "ap-northeast-2",
            "route_table_id": "rtb-0ffb0f20f7a1a0ea3",
            "subnet_id": "subnet-03d5539aa4c614269",
            "timeouts": null
          },
          "sensitive_attributes": [],
          "identity_schema_version": 0,
          "private": "eyJlMmJmYjczMC1lY2FhLTExZTYtOGY4OC0zNDM2M2JjN2M0YzAiOnsiY3JlYXRlIjozMDAwMDAwMDAwMDAsImRlbGV0ZSI6MzAwMDAwMDAwMDAwLCJ1cGRhdGUiOjEyMDAwMDAwMDAwMH19",
          "dependencies": [
            "module.shared.module.nat_gateway.aws_route_table.private_db",
            "module.shared.module.subnet.aws_subnet.private_a_db",
            "module.shared.module.vpc.aws_vpc.main"
          ]
        }
      ]
    },
    {
      "module": "module.shared.module.nat_gateway",
      "mode": "managed",
      "type": "aws_route_table_association",
      "name": "private_a_front",
      "provider": "provider[\"registry.terraform.io/hashicorp/aws\"]",
      "instances": [
        {
          "schema_version": 0,
          "attributes": {
            "gateway_id": "",
            "id": "rtbassoc-0c522ee0489ab5170",
            "region": "ap-northeast-2",
            "route_table_id": "rtb-0f92a2a6c132f5346",
            "subnet_id": "subnet-077e2e665ee02c3d0",
            "timeouts": null
          },
          "sensitive_attributes": [],
          "identity_schema_version": 0,
          "private": "eyJlMmJmYjczMC1lY2FhLTExZTYtOGY4OC0zNDM2M2JjN2M0YzAiOnsiY3JlYXRlIjozMDAwMDAwMDAwMDAsImRlbGV0ZSI6MzAwMDAwMDAwMDAwLCJ1cGRhdGUiOjEyMDAwMDAwMDAwMH19",
          "dependencies": [
            "module.shared.module.nat_gateway.aws_route_table.private",
            "module.shared.module.subnet.aws_subnet.private_a_front",
            "module.shared.module.vpc.aws_vpc.main"
          ]
        }
      ]
    },
    {
      "module": "module.shared.module.nat_gateway",
      "mode": "managed",
      "type": "aws_route_table_association",
      "name": "private_c_back",
      "provider": "provider[\"registry.terraform.io/hashicorp/aws\"]",
      "instances": [
        {
          "schema_version": 0,
          "attributes": {
            "gateway_id": "",
            "id": "rtbassoc-0dca9627185e7f079",
            "region": "ap-northeast-2",
            "route_table_id": "rtb-0f92a2a6c132f5346",
            "subnet_id": "subnet-0cca65f217a692b41",
            "timeouts": null
          },
          "sensitive_attributes": [],
          "identity_schema_version": 0,
          "private": "eyJlMmJmYjczMC1lY2FhLTExZTYtOGY4OC0zNDM2M2JjN2M0YzAiOnsiY3JlYXRlIjozMDAwMDAwMDAwMDAsImRlbGV0ZSI6MzAwMDAwMDAwMDAwLCJ1cGRhdGUiOjEyMDAwMDAwMDAwMH19",
          "dependencies": [
            "module.shared.module.nat_gateway.aws_route_table.private",
            "module.shared.module.subnet.aws_subnet.private_c_back",
            "module.shared.module.vpc.aws_vpc.main"
          ]
        }
      ]
    },
    {
      "module": "module.shared.module.nat_gateway",
      "mode": "managed",
      "type": "aws_route_table_association",
      "name": "private_c_db",
      "provider": "provider[\"registry.terraform.io/hashicorp/aws\"]",
      "instances": [
        {
          "schema_version": 0,
          "attributes": {
            "gateway_id": "",
            "id": "rtbassoc-0ab6ee5364fe6b844",
            "region": "ap-northeast-2",
            "route_table_id": "rtb-0ffb0f20f7a1a0ea3",
            "subnet_id": "subnet-050df22b83d3d161e",
            "timeouts": null
          },
          "sensitive_attributes": [],
          "identity_schema_version": 0,
          "private": "eyJlMmJmYjczMC1lY2FhLTExZTYtOGY4OC0zNDM2M2JjN2M0YzAiOnsiY3JlYXRlIjozMDAwMDAwMDAwMDAsImRlbGV0ZSI6MzAwMDAwMDAwMDAwLCJ1cGRhdGUiOjEyMDAwMDAwMDAwMH19",
          "dependencies": [
            "module.shared.module.nat_gateway.aws_route_table.private_db",
            "module.shared.module.subnet.aws_subnet.private_c_db",
            "module.shared.module.vpc.aws_vpc.main"
          ]
        }
      ]
    },
    {
      "module": "module.shared.module.nat_gateway",
      "mode": "managed",
      "type": "aws_route_table_association",
      "name": "private_c_front",
      "provider": "provider[\"registry.terraform.io/hashicorp/aws\"]",
      "instances": [
        {
          "schema_version": 0,
          "attributes": {
            "gateway_id": "",
            "id": "rtbassoc-0fcc64f42f1e93a10",
            "region": "ap-northeast-2",
            "route_table_id": "rtb-0f92a2a6c132f5346",
            "subnet_id": "subnet-0540e790bf92a87ed",
            "timeouts": null
          },
          "sensitive_attributes": [],
          "identity_schema_version": 0,
          "private": "eyJlMmJmYjczMC1lY2FhLTExZTYtOGY4OC0zNDM2M2JjN2M0YzAiOnsiY3JlYXRlIjozMDAwMDAwMDAwMDAsImRlbGV0ZSI6MzAwMDAwMDAwMDAwLCJ1cGRhdGUiOjEyMDAwMDAwMDAwMH19",
          "dependencies": [
            "module.shared.module.nat_gateway.aws_route_table.private",
            "module.shared.module.subnet.aws_subnet.private_c_front",
            "module.shared.module.vpc.aws_vpc.main"
          ]
        }
      ]
    },
    {
      "module": "module.shared.module.subnet",
      "mode": "managed",
      "type": "aws_subnet",
      "name": "private_a_back",
      "provider": "provider[\"registry.terraform.io/hashicorp/aws\"]",
      "instances": [
        {
          "schema_version": 1,
          "attributes": {
            "arn": "arn:aws:ec2:ap-northeast-2:346011888304:subnet/subnet-02c1e77fe6164d4a6",
            "assign_ipv6_address_on_creation": false,
            "availability_zone": "ap-northeast-2a",
            "availability_zone_id": "apne2-az1",
            "cidr_block": "172.16.20.0/24",
            "customer_owned_ipv4_pool": "",
            "enable_dns64": false,
            "enable_lni_at_device_index": 0,
            "enable_resource_name_dns_a_record_on_launch": false,
            "enable_resource_name_dns_aaaa_record_on_launch": false,
            "id": "subnet-02c1e77fe6164d4a6",
            "ipv6_cidr_block": "",
            "ipv6_cidr_block_association_id": "",
            "ipv6_native": false,
            "map_customer_owned_ip_on_launch": false,
            "map_public_ip_on_launch": false,
            "outpost_arn": "",
            "owner_id": "346011888304",
            "private_dns_hostname_type_on_launch": "ip-name",
            "region": "ap-northeast-2",
            "tags": {
              "Name": "tamnara-eks-private-subnet-a-back"
            },
            "tags_all": {
              "Name": "tamnara-eks-private-subnet-a-back"
            },
            "timeouts": null,
            "vpc_id": "vpc-0934505bb83b8d0a0"
          },
          "sensitive_attributes": [],
          "identity_schema_version": 0,
          "private": "eyJlMmJmYjczMC1lY2FhLTExZTYtOGY4OC0zNDM2M2JjN2M0YzAiOnsiY3JlYXRlIjo2MDAwMDAwMDAwMDAsImRlbGV0ZSI6MTIwMDAwMDAwMDAwMH0sInNjaGVtYV92ZXJzaW9uIjoiMSJ9",
          "dependencies": [
            "module.shared.module.vpc.aws_vpc.main"
          ],
          "create_before_destroy": true
        }
      ]
    },
    {
      "module": "module.shared.module.subnet",
      "mode": "managed",
      "type": "aws_subnet",
      "name": "private_a_db",
      "provider": "provider[\"registry.terraform.io/hashicorp/aws\"]",
      "instances": [
        {
          "schema_version": 1,
          "attributes": {
            "arn": "arn:aws:ec2:ap-northeast-2:346011888304:subnet/subnet-03d5539aa4c614269",
            "assign_ipv6_address_on_creation": false,
            "availability_zone": "ap-northeast-2a",
            "availability_zone_id": "apne2-az1",
            "cidr_block": "172.16.30.0/24",
            "customer_owned_ipv4_pool": "",
            "enable_dns64": false,
            "enable_lni_at_device_index": 0,
            "enable_resource_name_dns_a_record_on_launch": false,
            "enable_resource_name_dns_aaaa_record_on_launch": false,
            "id": "subnet-03d5539aa4c614269",
            "ipv6_cidr_block": "",
            "ipv6_cidr_block_association_id": "",
            "ipv6_native": false,
            "map_customer_owned_ip_on_launch": false,
            "map_public_ip_on_launch": false,
            "outpost_arn": "",
            "owner_id": "346011888304",
            "private_dns_hostname_type_on_launch": "ip-name",
            "region": "ap-northeast-2",
            "tags": {
              "Name": "tamnara-eks-private-subnet-a-db"
            },
            "tags_all": {
              "Name": "tamnara-eks-private-subnet-a-db"
            },
            "timeouts": null,
            "vpc_id": "vpc-0934505bb83b8d0a0"
          },
          "sensitive_attributes": [],
          "identity_schema_version": 0,
          "private": "eyJlMmJmYjczMC1lY2FhLTExZTYtOGY4OC0zNDM2M2JjN2M0YzAiOnsiY3JlYXRlIjo2MDAwMDAwMDAwMDAsImRlbGV0ZSI6MTIwMDAwMDAwMDAwMH0sInNjaGVtYV92ZXJzaW9uIjoiMSJ9",
          "dependencies": [
            "module.shared.module.vpc.aws_vpc.main"
          ]
        }
      ]
    },
    {
      "module": "module.shared.module.subnet",
      "mode": "managed",
      "type": "aws_subnet",
      "name": "private_a_front",
      "provider": "provider[\"registry.terraform.io/hashicorp/aws\"]",
      "instances": [
        {
          "schema_version": 1,
          "attributes": {
            "arn": "arn:aws:ec2:ap-northeast-2:346011888304:subnet/subnet-077e2e665ee02c3d0",
            "assign_ipv6_address_on_creation": false,
            "availability_zone": "ap-northeast-2a",
            "availability_zone_id": "apne2-az1",
            "cidr_block": "172.16.10.0/24",
            "customer_owned_ipv4_pool": "",
            "enable_dns64": false,
            "enable_lni_at_device_index": 0,
            "enable_resource_name_dns_a_record_on_launch": false,
            "enable_resource_name_dns_aaaa_record_on_launch": false,
            "id": "subnet-077e2e665ee02c3d0",
            "ipv6_cidr_block": "",
            "ipv6_cidr_block_association_id": "",
            "ipv6_native": false,
            "map_customer_owned_ip_on_launch": false,
            "map_public_ip_on_launch": false,
            "outpost_arn": "",
            "owner_id": "346011888304",
            "private_dns_hostname_type_on_launch": "ip-name",
            "region": "ap-northeast-2",
            "tags": {
              "Name": "tamnara-eks-private-subnet-a-front"
            },
            "tags_all": {
              "Name": "tamnara-eks-private-subnet-a-front"
            },
            "timeouts": null,
            "vpc_id": "vpc-0934505bb83b8d0a0"
          },
          "sensitive_attributes": [],
          "identity_schema_version": 0,
          "private": "eyJlMmJmYjczMC1lY2FhLTExZTYtOGY4OC0zNDM2M2JjN2M0YzAiOnsiY3JlYXRlIjo2MDAwMDAwMDAwMDAsImRlbGV0ZSI6MTIwMDAwMDAwMDAwMH0sInNjaGVtYV92ZXJzaW9uIjoiMSJ9",
          "dependencies": [
            "module.shared.module.vpc.aws_vpc.main"
          ],
          "create_before_destroy": true
        }
      ]
    },
    {
      "module": "module.shared.module.subnet",
      "mode": "managed",
      "type": "aws_subnet",
      "name": "private_c_back",
      "provider": "provider[\"registry.terraform.io/hashicorp/aws\"]",
      "instances": [
        {
          "schema_version": 1,
          "attributes": {
            "arn": "arn:aws:ec2:ap-northeast-2:346011888304:subnet/subnet-0cca65f217a692b41",
            "assign_ipv6_address_on_creation": false,
            "availability_zone": "ap-northeast-2c",
            "availability_zone_id": "apne2-az3",
            "cidr_block": "172.16.21.0/24",
            "customer_owned_ipv4_pool": "",
            "enable_dns64": false,
            "enable_lni_at_device_index": 0,
            "enable_resource_name_dns_a_record_on_launch": false,
            "enable_resource_name_dns_aaaa_record_on_launch": false,
            "id": "subnet-0cca65f217a692b41",
            "ipv6_cidr_block": "",
            "ipv6_cidr_block_association_id": "",
            "ipv6_native": false,
            "map_customer_owned_ip_on_launch": false,
            "map_public_ip_on_launch": false,
            "outpost_arn": "",
            "owner_id": "346011888304",
            "private_dns_hostname_type_on_launch": "ip-name",
            "region": "ap-northeast-2",
            "tags": {
              "Name": "tamnara-eks-private-subnet-c-back"
            },
            "tags_all": {
              "Name": "tamnara-eks-private-subnet-c-back"
            },
            "timeouts": null,
            "vpc_id": "vpc-0934505bb83b8d0a0"
          },
          "sensitive_attributes": [],
          "identity_schema_version": 0,
          "private": "eyJlMmJmYjczMC1lY2FhLTExZTYtOGY4OC0zNDM2M2JjN2M0YzAiOnsiY3JlYXRlIjo2MDAwMDAwMDAwMDAsImRlbGV0ZSI6MTIwMDAwMDAwMDAwMH0sInNjaGVtYV92ZXJzaW9uIjoiMSJ9",
          "dependencies": [
            "module.shared.module.vpc.aws_vpc.main"
          ],
          "create_before_destroy": true
        }
      ]
    },
    {
      "module": "module.shared.module.subnet",
      "mode": "managed",
      "type": "aws_subnet",
      "name": "private_c_db",
      "provider": "provider[\"registry.terraform.io/hashicorp/aws\"]",
      "instances": [
        {
          "schema_version": 1,
          "attributes": {
            "arn": "arn:aws:ec2:ap-northeast-2:346011888304:subnet/subnet-050df22b83d3d161e",
            "assign_ipv6_address_on_creation": false,
            "availability_zone": "ap-northeast-2c",
            "availability_zone_id": "apne2-az3",
            "cidr_block": "172.16.31.0/24",
            "customer_owned_ipv4_pool": "",
            "enable_dns64": false,
            "enable_lni_at_device_index": 0,
            "enable_resource_name_dns_a_record_on_launch": false,
            "enable_resource_name_dns_aaaa_record_on_launch": false,
            "id": "subnet-050df22b83d3d161e",
            "ipv6_cidr_block": "",
            "ipv6_cidr_block_association_id": "",
            "ipv6_native": false,
            "map_customer_owned_ip_on_launch": false,
            "map_public_ip_on_launch": false,
            "outpost_arn": "",
            "owner_id": "346011888304",
            "private_dns_hostname_type_on_launch": "ip-name",
            "region": "ap-northeast-2",
            "tags": {
              "Name": "tamnara-eks-private-subnet-c-db"
            },
            "tags_all": {
              "Name": "tamnara-eks-private-subnet-c-db"
            },
            "timeouts": null,
            "vpc_id": "vpc-0934505bb83b8d0a0"
          },
          "sensitive_attributes": [],
          "identity_schema_version": 0,
          "private": "eyJlMmJmYjczMC1lY2FhLTExZTYtOGY4OC0zNDM2M2JjN2M0YzAiOnsiY3JlYXRlIjo2MDAwMDAwMDAwMDAsImRlbGV0ZSI6MTIwMDAwMDAwMDAwMH0sInNjaGVtYV92ZXJzaW9uIjoiMSJ9",
          "dependencies": [
            "module.shared.module.vpc.aws_vpc.main"
          ]
        }
      ]
    },
    {
      "module": "module.shared.module.subnet",
      "mode": "managed",
      "type": "aws_subnet",
      "name": "private_c_front",
      "provider": "provider[\"registry.terraform.io/hashicorp/aws\"]",
      "instances": [
        {
          "schema_version": 1,
          "attributes": {
            "arn": "arn:aws:ec2:ap-northeast-2:346011888304:subnet/subnet-0540e790bf92a87ed",
            "assign_ipv6_address_on_creation": false,
            "availability_zone": "ap-northeast-2c",
            "availability_zone_id": "apne2-az3",
            "cidr_block": "172.16.11.0/24",
            "customer_owned_ipv4_pool": "",
            "enable_dns64": false,
            "enable_lni_at_device_index": 0,
            "enable_resource_name_dns_a_record_on_launch": false,
            "enable_resource_name_dns_aaaa_record_on_launch": false,
            "id": "subnet-0540e790bf92a87ed",
            "ipv6_cidr_block": "",
            "ipv6_cidr_block_association_id": "",
            "ipv6_native": false,
            "map_customer_owned_ip_on_launch": false,
            "map_public_ip_on_launch": false,
            "outpost_arn": "",
            "owner_id": "346011888304",
            "private_dns_hostname_type_on_launch": "ip-name",
            "region": "ap-northeast-2",
            "tags": {
              "Name": "tamnara-eks-private-subnet-c-front"
            },
            "tags_all": {
              "Name": "tamnara-eks-private-subnet-c-front"
            },
            "timeouts": null,
            "vpc_id": "vpc-0934505bb83b8d0a0"
          },
          "sensitive_attributes": [],
          "identity_schema_version": 0,
          "private": "eyJlMmJmYjczMC1lY2FhLTExZTYtOGY4OC0zNDM2M2JjN2M0YzAiOnsiY3JlYXRlIjo2MDAwMDAwMDAwMDAsImRlbGV0ZSI6MTIwMDAwMDAwMDAwMH0sInNjaGVtYV92ZXJzaW9uIjoiMSJ9",
          "dependencies": [
            "module.shared.module.vpc.aws_vpc.main"
          ],
          "create_before_destroy": true
        }
      ]
    },
    {
      "module": "module.shared.module.subnet",
      "mode": "managed",
      "type": "aws_subnet",
      "name": "public_a",
      "provider": "provider[\"registry.terraform.io/hashicorp/aws\"]",
      "instances": [
        {
          "schema_version": 1,
          "attributes": {
            "arn": "arn:aws:ec2:ap-northeast-2:346011888304:subnet/subnet-0f57124d5f4eb21e7",
            "assign_ipv6_address_on_creation": false,
            "availability_zone": "ap-northeast-2a",
            "availability_zone_id": "apne2-az1",
            "cidr_block": "172.16.0.0/24",
            "customer_owned_ipv4_pool": "",
            "enable_dns64": false,
            "enable_lni_at_device_index": 0,
            "enable_resource_name_dns_a_record_on_launch": false,
            "enable_resource_name_dns_aaaa_record_on_launch": false,
            "id": "subnet-0f57124d5f4eb21e7",
            "ipv6_cidr_block": "",
            "ipv6_cidr_block_association_id": "",
            "ipv6_native": false,
            "map_customer_owned_ip_on_launch": false,
            "map_public_ip_on_launch": true,
            "outpost_arn": "",
            "owner_id": "346011888304",
            "private_dns_hostname_type_on_launch": "ip-name",
            "region": "ap-northeast-2",
            "tags": {
              "Name": "tamnara-eks-public-subnet-a"
            },
            "tags_all": {
              "Name": "tamnara-eks-public-subnet-a"
            },
            "timeouts": null,
            "vpc_id": "vpc-0934505bb83b8d0a0"
          },
          "sensitive_attributes": [],
          "identity_schema_version": 0,
          "private": "eyJlMmJmYjczMC1lY2FhLTExZTYtOGY4OC0zNDM2M2JjN2M0YzAiOnsiY3JlYXRlIjo2MDAwMDAwMDAwMDAsImRlbGV0ZSI6MTIwMDAwMDAwMDAwMH0sInNjaGVtYV92ZXJzaW9uIjoiMSJ9",
          "dependencies": [
            "module.shared.module.vpc.aws_vpc.main"
          ],
          "create_before_destroy": true
        }
      ]
    },
    {
      "module": "module.shared.module.subnet",
      "mode": "managed",
      "type": "aws_subnet",
      "name": "public_c",
      "provider": "provider[\"registry.terraform.io/hashicorp/aws\"]",
      "instances": [
        {
          "schema_version": 1,
          "attributes": {
            "arn": "arn:aws:ec2:ap-northeast-2:346011888304:subnet/subnet-0c76cae45c9bc8601",
            "assign_ipv6_address_on_creation": false,
            "availability_zone": "ap-northeast-2c",
            "availability_zone_id": "apne2-az3",
            "cidr_block": "172.16.1.0/24",
            "customer_owned_ipv4_pool": "",
            "enable_dns64": false,
            "enable_lni_at_device_index": 0,
            "enable_resource_name_dns_a_record_on_launch": false,
            "enable_resource_name_dns_aaaa_record_on_launch": false,
            "id": "subnet-0c76cae45c9bc8601",
            "ipv6_cidr_block": "",
            "ipv6_cidr_block_association_id": "",
            "ipv6_native": false,
            "map_customer_owned_ip_on_launch": false,
            "map_public_ip_on_launch": true,
            "outpost_arn": "",
            "owner_id": "346011888304",
            "private_dns_hostname_type_on_launch": "ip-name",
            "region": "ap-northeast-2",
            "tags": {
              "Name": "tamnara-eks-public-subnet-c"
            },
            "tags_all": {
              "Name": "tamnara-eks-public-subnet-c"
            },
            "timeouts": null,
            "vpc_id": "vpc-0934505bb83b8d0a0"
          },
          "sensitive_attributes": [],
          "identity_schema_version": 0,
          "private": "eyJlMmJmYjczMC1lY2FhLTExZTYtOGY4OC0zNDM2M2JjN2M0YzAiOnsiY3JlYXRlIjo2MDAwMDAwMDAwMDAsImRlbGV0ZSI6MTIwMDAwMDAwMDAwMH0sInNjaGVtYV92ZXJzaW9uIjoiMSJ9",
          "dependencies": [
            "module.shared.module.vpc.aws_vpc.main"
          ]
        }
      ]
    },
    {
      "module": "module.shared.module.vpc",
      "mode": "managed",
      "type": "aws_internet_gateway",
      "name": "igw",
      "provider": "provider[\"registry.terraform.io/hashicorp/aws\"]",
      "instances": [
        {
          "schema_version": 0,
          "attributes": {
            "arn": "arn:aws:ec2:ap-northeast-2:346011888304:internet-gateway/igw-06b42ac5382227b8d",
            "id": "igw-06b42ac5382227b8d",
            "owner_id": "346011888304",
            "region": "ap-northeast-2",
            "tags": {
              "Name": "tamnara-eks-igw"
            },
            "tags_all": {
              "Name": "tamnara-eks-igw"
            },
            "timeouts": null,
            "vpc_id": "vpc-0934505bb83b8d0a0"
          },
          "sensitive_attributes": [],
          "identity_schema_version": 0,
          "private": "eyJlMmJmYjczMC1lY2FhLTExZTYtOGY4OC0zNDM2M2JjN2M0YzAiOnsiY3JlYXRlIjoxMjAwMDAwMDAwMDAwLCJkZWxldGUiOjEyMDAwMDAwMDAwMDAsInVwZGF0ZSI6MTIwMDAwMDAwMDAwMH19",
          "dependencies": [
            "module.shared.module.vpc.aws_vpc.main"
          ]
        }
      ]
    },
    {
      "module": "module.shared.module.vpc",
      "mode": "managed",
      "type": "aws_route_table",
      "name": "public",
      "provider": "provider[\"registry.terraform.io/hashicorp/aws\"]",
      "instances": [
        {
          "schema_version": 0,
          "attributes": {
            "arn": "arn:aws:ec2:ap-northeast-2:346011888304:route-table/rtb-0e7918a044da28324",
            "id": "rtb-0e7918a044da28324",
            "owner_id": "346011888304",
            "propagating_vgws": [],
            "region": "ap-northeast-2",
            "route": [
              {
                "carrier_gateway_id": "",
                "cidr_block": "0.0.0.0/0",
                "core_network_arn": "",
                "destination_prefix_list_id": "",
                "egress_only_gateway_id": "",
                "gateway_id": "igw-06b42ac5382227b8d",
                "ipv6_cidr_block": "",
                "local_gateway_id": "",
                "nat_gateway_id": "",
                "network_interface_id": "",
                "transit_gateway_id": "",
                "vpc_endpoint_id": "",
                "vpc_peering_connection_id": ""
              }
            ],
            "tags": {
              "Name": "tamnara-eks-publicRT"
            },
            "tags_all": {
              "Name": "tamnara-eks-publicRT"
            },
            "timeouts": null,
            "vpc_id": "vpc-0934505bb83b8d0a0"
          },
          "sensitive_attributes": [],
          "identity_schema_version": 0,
          "private": "eyJlMmJmYjczMC1lY2FhLTExZTYtOGY4OC0zNDM2M2JjN2M0YzAiOnsiY3JlYXRlIjozMDAwMDAwMDAwMDAsImRlbGV0ZSI6MzAwMDAwMDAwMDAwLCJ1cGRhdGUiOjEyMDAwMDAwMDAwMH19",
          "dependencies": [
            "module.shared.module.vpc.aws_internet_gateway.igw",
            "module.shared.module.vpc.aws_vpc.main"
          ]
        }
      ]
    },
    {
      "module": "module.shared.module.vpc",
      "mode": "managed",
      "type": "aws_vpc",
      "name": "main",
      "provider": "provider[\"registry.terraform.io/hashicorp/aws\"]",
      "instances": [
        {
          "schema_version": 1,
          "attributes": {
            "arn": "arn:aws:ec2:ap-northeast-2:346011888304:vpc/vpc-0934505bb83b8d0a0",
            "assign_generated_ipv6_cidr_block": false,
            "cidr_block": "172.16.0.0/16",
            "default_network_acl_id": "acl-01549c86abfb75919",
            "default_route_table_id": "rtb-0db14fa827f71b3ce",
            "default_security_group_id": "sg-029268566fd396767",
            "dhcp_options_id": "dopt-057e17760c1177c52",
            "enable_dns_hostnames": true,
            "enable_dns_support": true,
            "enable_network_address_usage_metrics": false,
            "id": "vpc-0934505bb83b8d0a0",
            "instance_tenancy": "default",
            "ipv4_ipam_pool_id": null,
            "ipv4_netmask_length": null,
            "ipv6_association_id": "",
            "ipv6_cidr_block": "",
            "ipv6_cidr_block_network_border_group": "",
            "ipv6_ipam_pool_id": "",
            "ipv6_netmask_length": 0,
            "main_route_table_id": "rtb-0db14fa827f71b3ce",
            "owner_id": "346011888304",
            "region": "ap-northeast-2",
            "tags": {
              "Name": "tamnara-eks-vpc"
            },
            "tags_all": {
              "Name": "tamnara-eks-vpc"
            }
          },
          "sensitive_attributes": [],
          "identity_schema_version": 0,
          "private": "eyJzY2hlbWFfdmVyc2lvbiI6IjEifQ==",
          "create_before_destroy": true
        }
      ]
    },
    {
      "module": "module.shared.module.vpc_peering",
      "mode": "managed",
      "type": "aws_route",
      "name": "accepter_to_requester",
      "provider": "provider[\"registry.terraform.io/hashicorp/aws\"]",
      "instances": [
        {
          "index_key": "rt-0",
          "schema_version": 0,
          "attributes": {
            "carrier_gateway_id": "",
            "core_network_arn": "",
            "destination_cidr_block": "10.255.0.0/16",
            "destination_ipv6_cidr_block": "",
            "destination_prefix_list_id": "",
            "egress_only_gateway_id": "",
            "gateway_id": "",
            "id": "r-rtb-0f92a2a6c132f534616657118",
            "instance_id": "",
            "instance_owner_id": "",
            "local_gateway_id": "",
            "nat_gateway_id": "",
            "network_interface_id": "",
            "origin": "CreateRoute",
            "region": "ap-northeast-2",
            "route_table_id": "rtb-0f92a2a6c132f5346",
            "state": "active",
            "timeouts": null,
            "transit_gateway_id": "",
            "vpc_endpoint_id": "",
            "vpc_peering_connection_id": "pcx-007f081198ea6e62a"
          },
          "sensitive_attributes": [],
          "identity_schema_version": 0,
          "private": "eyJlMmJmYjczMC1lY2FhLTExZTYtOGY4OC0zNDM2M2JjN2M0YzAiOnsiY3JlYXRlIjozMDAwMDAwMDAwMDAsImRlbGV0ZSI6MzAwMDAwMDAwMDAwLCJ1cGRhdGUiOjEyMDAwMDAwMDAwMH19",
          "dependencies": [
            "module.shared.data.aws_vpc.shared",
            "module.shared.module.nat_gateway.aws_route_table.private",
            "module.shared.module.vpc.aws_internet_gateway.igw",
            "module.shared.module.vpc.aws_route_table.public",
            "module.shared.module.vpc.aws_vpc.main",
            "module.shared.module.vpc_peering.aws_vpc_peering_connection.this"
          ]
        },
        {
          "index_key": "rt-1",
          "schema_version": 0,
          "attributes": {
            "carrier_gateway_id": "",
            "core_network_arn": "",
            "destination_cidr_block": "10.255.0.0/16",
            "destination_ipv6_cidr_block": "",
            "destination_prefix_list_id": "",
            "egress_only_gateway_id": "",
            "gateway_id": "",
            "id": "r-rtb-0e7918a044da2832416657118",
            "instance_id": "",
            "instance_owner_id": "",
            "local_gateway_id": "",
            "nat_gateway_id": "",
            "network_interface_id": "",
            "origin": "CreateRoute",
            "region": "ap-northeast-2",
            "route_table_id": "rtb-0e7918a044da28324",
            "state": "active",
            "timeouts": null,
            "transit_gateway_id": "",
            "vpc_endpoint_id": "",
            "vpc_peering_connection_id": "pcx-007f081198ea6e62a"
          },
          "sensitive_attributes": [],
          "identity_schema_version": 0,
          "private": "eyJlMmJmYjczMC1lY2FhLTExZTYtOGY4OC0zNDM2M2JjN2M0YzAiOnsiY3JlYXRlIjozMDAwMDAwMDAwMDAsImRlbGV0ZSI6MzAwMDAwMDAwMDAwLCJ1cGRhdGUiOjEyMDAwMDAwMDAwMH19",
          "dependencies": [
            "module.shared.data.aws_vpc.shared",
            "module.shared.module.nat_gateway.aws_route_table.private",
            "module.shared.module.vpc.aws_internet_gateway.igw",
            "module.shared.module.vpc.aws_route_table.public",
            "module.shared.module.vpc.aws_vpc.main",
            "module.shared.module.vpc_peering.aws_vpc_peering_connection.this"
          ]
        }
      ]
    },
    {
      "module": "module.shared.module.vpc_peering",
      "mode": "managed",
      "type": "aws_route",
      "name": "requester_to_accepter",
      "provider": "provider[\"registry.terraform.io/hashicorp/aws\"]",
      "instances": [
        {
          "index_key": "rtb-0d4ef2d98fc6ee223",
          "schema_version": 0,
          "attributes": {
            "carrier_gateway_id": "",
            "core_network_arn": "",
            "destination_cidr_block": "172.16.0.0/16",
            "destination_ipv6_cidr_block": "",
            "destination_prefix_list_id": "",
            "egress_only_gateway_id": "",
            "gateway_id": "",
            "id": "r-rtb-0d4ef2d98fc6ee2231048290008",
            "instance_id": "",
            "instance_owner_id": "",
            "local_gateway_id": "",
            "nat_gateway_id": "",
            "network_interface_id": "",
            "origin": "CreateRoute",
            "region": "ap-northeast-2",
            "route_table_id": "rtb-0d4ef2d98fc6ee223",
            "state": "active",
            "timeouts": null,
            "transit_gateway_id": "",
            "vpc_endpoint_id": "",
            "vpc_peering_connection_id": "pcx-007f081198ea6e62a"
          },
          "sensitive_attributes": [],
          "identity_schema_version": 0,
          "private": "eyJlMmJmYjczMC1lY2FhLTExZTYtOGY4OC0zNDM2M2JjN2M0YzAiOnsiY3JlYXRlIjozMDAwMDAwMDAwMDAsImRlbGV0ZSI6MzAwMDAwMDAwMDAwLCJ1cGRhdGUiOjEyMDAwMDAwMDAwMH19",
          "dependencies": [
            "module.shared.data.aws_route_tables.shared",
            "module.shared.data.aws_vpc.shared",
            "module.shared.module.vpc.aws_vpc.main",
            "module.shared.module.vpc_peering.aws_vpc_peering_connection.this"
          ]
        },
        {
          "index_key": "rtb-0d552a3b2660fcd12",
          "schema_version": 0,
          "attributes": {
            "carrier_gateway_id": "",
            "core_network_arn": "",
            "destination_cidr_block": "172.16.0.0/16",
            "destination_ipv6_cidr_block": "",
            "destination_prefix_list_id": "",
            "egress_only_gateway_id": "",
            "gateway_id": "",
            "id": "r-rtb-0d552a3b2660fcd121048290008",
            "instance_id": "",
            "instance_owner_id": "",
            "local_gateway_id": "",
            "nat_gateway_id": "",
            "network_interface_id": "",
            "origin": "CreateRoute",
            "region": "ap-northeast-2",
            "route_table_id": "rtb-0d552a3b2660fcd12",
            "state": "active",
            "timeouts": null,
            "transit_gateway_id": "",
            "vpc_endpoint_id": "",
            "vpc_peering_connection_id": "pcx-007f081198ea6e62a"
          },
          "sensitive_attributes": [],
          "identity_schema_version": 0,
          "private": "eyJlMmJmYjczMC1lY2FhLTExZTYtOGY4OC0zNDM2M2JjN2M0YzAiOnsiY3JlYXRlIjozMDAwMDAwMDAwMDAsImRlbGV0ZSI6MzAwMDAwMDAwMDAwLCJ1cGRhdGUiOjEyMDAwMDAwMDAwMH19",
          "dependencies": [
            "module.shared.data.aws_route_tables.shared",
            "module.shared.data.aws_vpc.shared",
            "module.shared.module.vpc.aws_vpc.main",
            "module.shared.module.vpc_peering.aws_vpc_peering_connection.this"
          ]
        }
      ]
    },
    {
      "module": "module.shared.module.vpc_peering",
      "mode": "managed",
      "type": "aws_vpc_peering_connection",
      "name": "this",
      "provider": "provider[\"registry.terraform.io/hashicorp/aws\"]",
      "instances": [
        {
          "schema_version": 0,
          "attributes": {
            "accept_status": "pending-acceptance",
            "accepter": [],
            "auto_accept": false,
            "id": "pcx-007f081198ea6e62a",
            "peer_owner_id": "346011888304",
            "peer_region": "ap-northeast-2",
            "peer_vpc_id": "vpc-0934505bb83b8d0a0",
            "region": "ap-northeast-2",
            "requester": [
              {
                "allow_remote_vpc_dns_resolution": false
              }
            ],
            "tags": {
              "Name": "tamnara-eks-vpc-peering"
            },
            "tags_all": {
              "Name": "tamnara-eks-vpc-peering"
            },
            "timeouts": null,
            "vpc_id": "vpc-0293cca3cb29f35f1"
          },
          "sensitive_attributes": [],
          "identity_schema_version": 0,
          "private": "eyJlMmJmYjczMC1lY2FhLTExZTYtOGY4OC0zNDM2M2JjN2M0YzAiOnsiY3JlYXRlIjo2MDAwMDAwMDAwMCwiZGVsZXRlIjo2MDAwMDAwMDAwMCwidXBkYXRlIjo2MDAwMDAwMDAwMH19",
          "dependencies": [
            "module.shared.module.vpc.aws_vpc.main"
          ]
        }
      ]
    },
    {
      "module": "module.shared.module.vpc_peering",
      "mode": "managed",
      "type": "aws_vpc_peering_connection_accepter",
      "name": "accepter",
      "provider": "provider[\"registry.terraform.io/hashicorp/aws\"]",
      "instances": [
        {
          "schema_version": 0,
          "attributes": {
            "accept_status": "active",
            "accepter": [
              {
                "allow_remote_vpc_dns_resolution": false
              }
            ],
            "auto_accept": true,
            "id": "pcx-007f081198ea6e62a",
            "peer_owner_id": "346011888304",
            "peer_region": "ap-northeast-2",
            "peer_vpc_id": "vpc-0934505bb83b8d0a0",
            "region": "ap-northeast-2",
            "requester": [
              {
                "allow_remote_vpc_dns_resolution": false
              }
            ],
            "tags": {
              "Name": "tamnara-eks-vpc-peering"
            },
            "tags_all": {
              "Name": "tamnara-eks-vpc-peering"
            },
            "timeouts": null,
            "vpc_id": "vpc-0293cca3cb29f35f1",
            "vpc_peering_connection_id": "pcx-007f081198ea6e62a"
          },
          "sensitive_attributes": [],
          "identity_schema_version": 0,
          "private": "eyJlMmJmYjczMC1lY2FhLTExZTYtOGY4OC0zNDM2M2JjN2M0YzAiOnsiY3JlYXRlIjo2MDAwMDAwMDAwMCwidXBkYXRlIjo2MDAwMDAwMDAwMH19",
          "dependencies": [
            "module.shared.module.vpc.aws_vpc.main",
            "module.shared.module.vpc_peering.aws_vpc_peering_connection.this"
          ]
        }
      ]
    }
  ],
  "check_results": null
}
